<<<<<<< HEAD
// !$*UTF8*$!
{
	archiveVersion = 1;
	classes = {
	};
	objectVersion = 46;
	objects = {

/* Begin PBXBuildFile section */
		39A2F33710BE64FC9853582A /* Pods_ZOBA.framework in Frameworks */ = {isa = PBXBuildFile; fileRef = D330313799DC0A970BE8E5C7 /* Pods_ZOBA.framework */; };
		72BCD1798DE0A8E58F71CC74 /* Pods_ZOBAUITests.framework in Frameworks */ = {isa = PBXBuildFile; fileRef = 3F8E380008BDADDDD9B21C92 /* Pods_ZOBAUITests.framework */; };
		827827571CF837D600684CE5 /* AppDelegate.swift in Sources */ = {isa = PBXBuildFile; fileRef = 827827561CF837D600684CE5 /* AppDelegate.swift */; };
		827827591CF837D600684CE5 /* ViewController.swift in Sources */ = {isa = PBXBuildFile; fileRef = 827827581CF837D600684CE5 /* ViewController.swift */; };
		8278275C1CF837D600684CE5 /* Main.storyboard in Resources */ = {isa = PBXBuildFile; fileRef = 8278275A1CF837D600684CE5 /* Main.storyboard */; };
		8278275F1CF837D600684CE5 /* ZOBA.xcdatamodeld in Sources */ = {isa = PBXBuildFile; fileRef = 8278275D1CF837D600684CE5 /* ZOBA.xcdatamodeld */; };
		827827611CF837D600684CE5 /* Assets.xcassets in Resources */ = {isa = PBXBuildFile; fileRef = 827827601CF837D600684CE5 /* Assets.xcassets */; };
		827827641CF837D600684CE5 /* LaunchScreen.storyboard in Resources */ = {isa = PBXBuildFile; fileRef = 827827621CF837D600684CE5 /* LaunchScreen.storyboard */; };
		8278276F1CF837D600684CE5 /* ZOBATests.swift in Sources */ = {isa = PBXBuildFile; fileRef = 8278276E1CF837D600684CE5 /* ZOBATests.swift */; };
		8278277A1CF837D600684CE5 /* ZOBAUITests.swift in Sources */ = {isa = PBXBuildFile; fileRef = 827827791CF837D600684CE5 /* ZOBAUITests.swift */; };
		829C437A1CFBAC9500869E59 /* RegisterViewController.swift in Sources */ = {isa = PBXBuildFile; fileRef = 829C43791CFBAC9500869E59 /* RegisterViewController.swift */; };
		829C437C1CFBBA1F00869E59 /* Media.xcassets in Resources */ = {isa = PBXBuildFile; fileRef = 829C437B1CFBBA1E00869E59 /* Media.xcassets */; };
		82F8B89F1CF8807400E46B05 /* logo.png in Resources */ = {isa = PBXBuildFile; fileRef = 82F8B8981CF8807400E46B05 /* logo.png */; };
		82F8B8A01CF8807400E46B05 /* rescue.png in Resources */ = {isa = PBXBuildFile; fileRef = 82F8B8991CF8807400E46B05 /* rescue.png */; };
		82F8B8A11CF8807400E46B05 /* service-centers.png in Resources */ = {isa = PBXBuildFile; fileRef = 82F8B89A1CF8807400E46B05 /* service-centers.png */; };
		82F8B8A21CF8807400E46B05 /* statistics.png in Resources */ = {isa = PBXBuildFile; fileRef = 82F8B89B1CF8807400E46B05 /* statistics.png */; };
		82F8B8A31CF8807400E46B05 /* street.png in Resources */ = {isa = PBXBuildFile; fileRef = 82F8B89C1CF8807400E46B05 /* street.png */; };
		82F8B8A41CF8807400E46B05 /* tips.png in Resources */ = {isa = PBXBuildFile; fileRef = 82F8B89D1CF8807400E46B05 /* tips.png */; };
		82F8B8A51CF8807400E46B05 /* tracking.png in Resources */ = {isa = PBXBuildFile; fileRef = 82F8B89E1CF8807400E46B05 /* tracking.png */; };
		82F8B8BC1CF8905B00E46B05 /* contb.ttf in Resources */ = {isa = PBXBuildFile; fileRef = 82F8B8B71CF8905B00E46B05 /* contb.ttf */; };
		82F8B8BD1CF8905B00E46B05 /* contl.ttf in Resources */ = {isa = PBXBuildFile; fileRef = 82F8B8B81CF8905B00E46B05 /* contl.ttf */; };
		82F8B8BE1CF8905B00E46B05 /* contm.ttf in Resources */ = {isa = PBXBuildFile; fileRef = 82F8B8B91CF8905B00E46B05 /* contm.ttf */; };
		82F8B8BF1CF8905B00E46B05 /* nasalization rg.ttf in Resources */ = {isa = PBXBuildFile; fileRef = 82F8B8BA1CF8905B00E46B05 /* nasalization rg.ttf */; };
		82F8B8C01CF8905B00E46B05 /* sf-outer-limits.upright.ttf in Resources */ = {isa = PBXBuildFile; fileRef = 82F8B8BB1CF8905B00E46B05 /* sf-outer-limits.upright.ttf */; };
		82F8B8C31CF89A2500E46B05 /* splash-background.png in Resources */ = {isa = PBXBuildFile; fileRef = 82F8B8C11CF89A2500E46B05 /* splash-background.png */; };
		82F8B8C41CF89A2500E46B05 /* splash-logo.png in Resources */ = {isa = PBXBuildFile; fileRef = 82F8B8C21CF89A2500E46B05 /* splash-logo.png */; };
		82F8B8C81CF8B52A00E46B05 /* FBSDKCoreKit.framework in Frameworks */ = {isa = PBXBuildFile; fileRef = 82F8B8C51CF8B52A00E46B05 /* FBSDKCoreKit.framework */; };
		82F8B8C91CF8B52A00E46B05 /* FBSDKLoginKit.framework in Frameworks */ = {isa = PBXBuildFile; fileRef = 82F8B8C61CF8B52A00E46B05 /* FBSDKLoginKit.framework */; };
		82F8B8CA1CF8B52A00E46B05 /* FBSDKShareKit.framework in Frameworks */ = {isa = PBXBuildFile; fileRef = 82F8B8C71CF8B52A00E46B05 /* FBSDKShareKit.framework */; };
		D7E3809149A0ABDF4F894412 /* Pods_ZOBATests.framework in Frameworks */ = {isa = PBXBuildFile; fileRef = 15F22B55CA5A4F6D9EB169C8 /* Pods_ZOBATests.framework */; };
		DCE6DC411CFC33A400637977 /* DataValidations.swift in Sources */ = {isa = PBXBuildFile; fileRef = DCE6DC401CFC33A400637977 /* DataValidations.swift */; };
		DCE6DC431CFC635D00637977 /* UIViewControllerExtension.swift in Sources */ = {isa = PBXBuildFile; fileRef = DCE6DC421CFC635D00637977 /* UIViewControllerExtension.swift */; };
/* End PBXBuildFile section */

/* Begin PBXContainerItemProxy section */
		8278276B1CF837D600684CE5 /* PBXContainerItemProxy */ = {
			isa = PBXContainerItemProxy;
			containerPortal = 8278274B1CF837D600684CE5 /* Project object */;
			proxyType = 1;
			remoteGlobalIDString = 827827521CF837D600684CE5;
			remoteInfo = ZOBA;
		};
		827827761CF837D600684CE5 /* PBXContainerItemProxy */ = {
			isa = PBXContainerItemProxy;
			containerPortal = 8278274B1CF837D600684CE5 /* Project object */;
			proxyType = 1;
			remoteGlobalIDString = 827827521CF837D600684CE5;
			remoteInfo = ZOBA;
		};
/* End PBXContainerItemProxy section */

/* Begin PBXFileReference section */
		05E06D0C7F575767E06BD287 /* Pods-ZOBATests.release.xcconfig */ = {isa = PBXFileReference; includeInIndex = 1; lastKnownFileType = text.xcconfig; name = "Pods-ZOBATests.release.xcconfig"; path = "Pods/Target Support Files/Pods-ZOBATests/Pods-ZOBATests.release.xcconfig"; sourceTree = "<group>"; };
		116AC9BAA293836FEAA57FDB /* Pods-ZOBAUITests.release.xcconfig */ = {isa = PBXFileReference; includeInIndex = 1; lastKnownFileType = text.xcconfig; name = "Pods-ZOBAUITests.release.xcconfig"; path = "Pods/Target Support Files/Pods-ZOBAUITests/Pods-ZOBAUITests.release.xcconfig"; sourceTree = "<group>"; };
		15F22B55CA5A4F6D9EB169C8 /* Pods_ZOBATests.framework */ = {isa = PBXFileReference; explicitFileType = wrapper.framework; includeInIndex = 0; path = Pods_ZOBATests.framework; sourceTree = BUILT_PRODUCTS_DIR; };
		3C4DC4794BB8782CEF3EBF4B /* Pods-ZOBA.release.xcconfig */ = {isa = PBXFileReference; includeInIndex = 1; lastKnownFileType = text.xcconfig; name = "Pods-ZOBA.release.xcconfig"; path = "Pods/Target Support Files/Pods-ZOBA/Pods-ZOBA.release.xcconfig"; sourceTree = "<group>"; };
		3F8E380008BDADDDD9B21C92 /* Pods_ZOBAUITests.framework */ = {isa = PBXFileReference; explicitFileType = wrapper.framework; includeInIndex = 0; path = Pods_ZOBAUITests.framework; sourceTree = BUILT_PRODUCTS_DIR; };
		827827531CF837D600684CE5 /* ZOBA.app */ = {isa = PBXFileReference; explicitFileType = wrapper.application; includeInIndex = 0; path = ZOBA.app; sourceTree = BUILT_PRODUCTS_DIR; };
		827827561CF837D600684CE5 /* AppDelegate.swift */ = {isa = PBXFileReference; lastKnownFileType = sourcecode.swift; path = AppDelegate.swift; sourceTree = "<group>"; };
		827827581CF837D600684CE5 /* ViewController.swift */ = {isa = PBXFileReference; lastKnownFileType = sourcecode.swift; path = ViewController.swift; sourceTree = "<group>"; };
		8278275B1CF837D600684CE5 /* Base */ = {isa = PBXFileReference; lastKnownFileType = file.storyboard; name = Base; path = Base.lproj/Main.storyboard; sourceTree = "<group>"; };
		8278275E1CF837D600684CE5 /* ZOBA.xcdatamodel */ = {isa = PBXFileReference; lastKnownFileType = wrapper.xcdatamodel; path = ZOBA.xcdatamodel; sourceTree = "<group>"; };
		827827601CF837D600684CE5 /* Assets.xcassets */ = {isa = PBXFileReference; lastKnownFileType = folder.assetcatalog; path = Assets.xcassets; sourceTree = "<group>"; };
		827827631CF837D600684CE5 /* Base */ = {isa = PBXFileReference; lastKnownFileType = file.storyboard; name = Base; path = Base.lproj/LaunchScreen.storyboard; sourceTree = "<group>"; };
		827827651CF837D600684CE5 /* Info.plist */ = {isa = PBXFileReference; lastKnownFileType = text.plist.xml; path = Info.plist; sourceTree = "<group>"; };
		8278276A1CF837D600684CE5 /* ZOBATests.xctest */ = {isa = PBXFileReference; explicitFileType = wrapper.cfbundle; includeInIndex = 0; path = ZOBATests.xctest; sourceTree = BUILT_PRODUCTS_DIR; };
		8278276E1CF837D600684CE5 /* ZOBATests.swift */ = {isa = PBXFileReference; lastKnownFileType = sourcecode.swift; path = ZOBATests.swift; sourceTree = "<group>"; };
		827827701CF837D600684CE5 /* Info.plist */ = {isa = PBXFileReference; lastKnownFileType = text.plist.xml; path = Info.plist; sourceTree = "<group>"; };
		827827751CF837D600684CE5 /* ZOBAUITests.xctest */ = {isa = PBXFileReference; explicitFileType = wrapper.cfbundle; includeInIndex = 0; path = ZOBAUITests.xctest; sourceTree = BUILT_PRODUCTS_DIR; };
		827827791CF837D600684CE5 /* ZOBAUITests.swift */ = {isa = PBXFileReference; lastKnownFileType = sourcecode.swift; path = ZOBAUITests.swift; sourceTree = "<group>"; };
		8278277B1CF837D600684CE5 /* Info.plist */ = {isa = PBXFileReference; lastKnownFileType = text.plist.xml; path = Info.plist; sourceTree = "<group>"; };
		829C43791CFBAC9500869E59 /* RegisterViewController.swift */ = {isa = PBXFileReference; fileEncoding = 4; lastKnownFileType = sourcecode.swift; path = RegisterViewController.swift; sourceTree = "<group>"; };
		829C437B1CFBBA1E00869E59 /* Media.xcassets */ = {isa = PBXFileReference; lastKnownFileType = folder.assetcatalog; name = Media.xcassets; path = ../Media.xcassets; sourceTree = "<group>"; };
		82F8B8981CF8807400E46B05 /* logo.png */ = {isa = PBXFileReference; lastKnownFileType = image.png; name = logo.png; path = images/logo.png; sourceTree = "<group>"; };
		82F8B8991CF8807400E46B05 /* rescue.png */ = {isa = PBXFileReference; lastKnownFileType = image.png; name = rescue.png; path = images/rescue.png; sourceTree = "<group>"; };
		82F8B89A1CF8807400E46B05 /* service-centers.png */ = {isa = PBXFileReference; lastKnownFileType = image.png; name = "service-centers.png"; path = "images/service-centers.png"; sourceTree = "<group>"; };
		82F8B89B1CF8807400E46B05 /* statistics.png */ = {isa = PBXFileReference; lastKnownFileType = image.png; name = statistics.png; path = images/statistics.png; sourceTree = "<group>"; };
		82F8B89C1CF8807400E46B05 /* street.png */ = {isa = PBXFileReference; lastKnownFileType = image.png; name = street.png; path = images/street.png; sourceTree = "<group>"; };
		82F8B89D1CF8807400E46B05 /* tips.png */ = {isa = PBXFileReference; lastKnownFileType = image.png; name = tips.png; path = images/tips.png; sourceTree = "<group>"; };
		82F8B89E1CF8807400E46B05 /* tracking.png */ = {isa = PBXFileReference; lastKnownFileType = image.png; name = tracking.png; path = images/tracking.png; sourceTree = "<group>"; };
		82F8B8B71CF8905B00E46B05 /* contb.ttf */ = {isa = PBXFileReference; lastKnownFileType = file; path = contb.ttf; sourceTree = "<group>"; };
		82F8B8B81CF8905B00E46B05 /* contl.ttf */ = {isa = PBXFileReference; lastKnownFileType = file; path = contl.ttf; sourceTree = "<group>"; };
		82F8B8B91CF8905B00E46B05 /* contm.ttf */ = {isa = PBXFileReference; lastKnownFileType = file; path = contm.ttf; sourceTree = "<group>"; };
		82F8B8BA1CF8905B00E46B05 /* nasalization rg.ttf */ = {isa = PBXFileReference; lastKnownFileType = file; path = "nasalization rg.ttf"; sourceTree = "<group>"; };
		82F8B8BB1CF8905B00E46B05 /* sf-outer-limits.upright.ttf */ = {isa = PBXFileReference; lastKnownFileType = file; path = "sf-outer-limits.upright.ttf"; sourceTree = "<group>"; };
		82F8B8C11CF89A2500E46B05 /* splash-background.png */ = {isa = PBXFileReference; lastKnownFileType = image.png; name = "splash-background.png"; path = "images/splash-background.png"; sourceTree = "<group>"; };
		82F8B8C21CF89A2500E46B05 /* splash-logo.png */ = {isa = PBXFileReference; lastKnownFileType = image.png; name = "splash-logo.png"; path = "images/splash-logo.png"; sourceTree = "<group>"; };
		82F8B8C51CF8B52A00E46B05 /* FBSDKCoreKit.framework */ = {isa = PBXFileReference; lastKnownFileType = wrapper.framework; path = FBSDKCoreKit.framework; sourceTree = "<group>"; };
		82F8B8C61CF8B52A00E46B05 /* FBSDKLoginKit.framework */ = {isa = PBXFileReference; lastKnownFileType = wrapper.framework; path = FBSDKLoginKit.framework; sourceTree = "<group>"; };
		82F8B8C71CF8B52A00E46B05 /* FBSDKShareKit.framework */ = {isa = PBXFileReference; lastKnownFileType = wrapper.framework; path = FBSDKShareKit.framework; sourceTree = "<group>"; };
		B7974B3E65B33BEAC6D00F69 /* Pods-ZOBAUITests.debug.xcconfig */ = {isa = PBXFileReference; includeInIndex = 1; lastKnownFileType = text.xcconfig; name = "Pods-ZOBAUITests.debug.xcconfig"; path = "Pods/Target Support Files/Pods-ZOBAUITests/Pods-ZOBAUITests.debug.xcconfig"; sourceTree = "<group>"; };
		BD7787F9DCD77BFD9E47D307 /* Pods-ZOBA.debug.xcconfig */ = {isa = PBXFileReference; includeInIndex = 1; lastKnownFileType = text.xcconfig; name = "Pods-ZOBA.debug.xcconfig"; path = "Pods/Target Support Files/Pods-ZOBA/Pods-ZOBA.debug.xcconfig"; sourceTree = "<group>"; };
		C8594A3E0A7DBD3B1374B0E8 /* Pods-ZOBATests.debug.xcconfig */ = {isa = PBXFileReference; includeInIndex = 1; lastKnownFileType = text.xcconfig; name = "Pods-ZOBATests.debug.xcconfig"; path = "Pods/Target Support Files/Pods-ZOBATests/Pods-ZOBATests.debug.xcconfig"; sourceTree = "<group>"; };
		D330313799DC0A970BE8E5C7 /* Pods_ZOBA.framework */ = {isa = PBXFileReference; explicitFileType = wrapper.framework; includeInIndex = 0; path = Pods_ZOBA.framework; sourceTree = BUILT_PRODUCTS_DIR; };
		DCE6DC401CFC33A400637977 /* DataValidations.swift */ = {isa = PBXFileReference; fileEncoding = 4; lastKnownFileType = sourcecode.swift; path = DataValidations.swift; sourceTree = "<group>"; };
		DCE6DC421CFC635D00637977 /* UIViewControllerExtension.swift */ = {isa = PBXFileReference; fileEncoding = 4; lastKnownFileType = sourcecode.swift; path = UIViewControllerExtension.swift; sourceTree = "<group>"; };
/* End PBXFileReference section */

/* Begin PBXFrameworksBuildPhase section */
		827827501CF837D600684CE5 /* Frameworks */ = {
			isa = PBXFrameworksBuildPhase;
			buildActionMask = 2147483647;
			files = (
				82F8B8CA1CF8B52A00E46B05 /* FBSDKShareKit.framework in Frameworks */,
				39A2F33710BE64FC9853582A /* Pods_ZOBA.framework in Frameworks */,
				82F8B8C81CF8B52A00E46B05 /* FBSDKCoreKit.framework in Frameworks */,
				82F8B8C91CF8B52A00E46B05 /* FBSDKLoginKit.framework in Frameworks */,
			);
			runOnlyForDeploymentPostprocessing = 0;
		};
		827827671CF837D600684CE5 /* Frameworks */ = {
			isa = PBXFrameworksBuildPhase;
			buildActionMask = 2147483647;
			files = (
				D7E3809149A0ABDF4F894412 /* Pods_ZOBATests.framework in Frameworks */,
			);
			runOnlyForDeploymentPostprocessing = 0;
		};
		827827721CF837D600684CE5 /* Frameworks */ = {
			isa = PBXFrameworksBuildPhase;
			buildActionMask = 2147483647;
			files = (
				72BCD1798DE0A8E58F71CC74 /* Pods_ZOBAUITests.framework in Frameworks */,
			);
			runOnlyForDeploymentPostprocessing = 0;
		};
/* End PBXFrameworksBuildPhase section */

/* Begin PBXGroup section */
		6037E86AF3BD9C2CD7E578F4 /* Frameworks */ = {
			isa = PBXGroup;
			children = (
				82F8B8C51CF8B52A00E46B05 /* FBSDKCoreKit.framework */,
				82F8B8C61CF8B52A00E46B05 /* FBSDKLoginKit.framework */,
				82F8B8C71CF8B52A00E46B05 /* FBSDKShareKit.framework */,
				D330313799DC0A970BE8E5C7 /* Pods_ZOBA.framework */,
				15F22B55CA5A4F6D9EB169C8 /* Pods_ZOBATests.framework */,
				3F8E380008BDADDDD9B21C92 /* Pods_ZOBAUITests.framework */,
			);
			name = Frameworks;
			sourceTree = "<group>";
		};
		6DCF5273F16362EE7F67C66D /* Pods */ = {
			isa = PBXGroup;
			children = (
				BD7787F9DCD77BFD9E47D307 /* Pods-ZOBA.debug.xcconfig */,
				3C4DC4794BB8782CEF3EBF4B /* Pods-ZOBA.release.xcconfig */,
				C8594A3E0A7DBD3B1374B0E8 /* Pods-ZOBATests.debug.xcconfig */,
				05E06D0C7F575767E06BD287 /* Pods-ZOBATests.release.xcconfig */,
				B7974B3E65B33BEAC6D00F69 /* Pods-ZOBAUITests.debug.xcconfig */,
				116AC9BAA293836FEAA57FDB /* Pods-ZOBAUITests.release.xcconfig */,
			);
			name = Pods;
			sourceTree = "<group>";
		};
		8278274A1CF837D600684CE5 = {
			isa = PBXGroup;
			children = (
				827827551CF837D600684CE5 /* ZOBA */,
				8278276D1CF837D600684CE5 /* ZOBATests */,
				827827781CF837D600684CE5 /* ZOBAUITests */,
				827827541CF837D600684CE5 /* Products */,
				6DCF5273F16362EE7F67C66D /* Pods */,
				82F8B8B61CF8905B00E46B05 /* fonts */,
				82F8B8891CF87C3500E46B05 /* media */,
				6037E86AF3BD9C2CD7E578F4 /* Frameworks */,
			);
			sourceTree = "<group>";
		};
		827827541CF837D600684CE5 /* Products */ = {
			isa = PBXGroup;
			children = (
				827827531CF837D600684CE5 /* ZOBA.app */,
				8278276A1CF837D600684CE5 /* ZOBATests.xctest */,
				827827751CF837D600684CE5 /* ZOBAUITests.xctest */,
			);
			name = Products;
			sourceTree = "<group>";
		};
		827827551CF837D600684CE5 /* ZOBA */ = {
			isa = PBXGroup;
			children = (
				827827561CF837D600684CE5 /* AppDelegate.swift */,
				827827581CF837D600684CE5 /* ViewController.swift */,
				8278275A1CF837D600684CE5 /* Main.storyboard */,
				827827651CF837D600684CE5 /* Info.plist */,
				827827601CF837D600684CE5 /* Assets.xcassets */,
				827827621CF837D600684CE5 /* LaunchScreen.storyboard */,
				8278275D1CF837D600684CE5 /* ZOBA.xcdatamodeld */,
				829C437B1CFBBA1E00869E59 /* Media.xcassets */,
				829C43791CFBAC9500869E59 /* RegisterViewController.swift */,
				DCE6DC401CFC33A400637977 /* DataValidations.swift */,
				DCE6DC421CFC635D00637977 /* UIViewControllerExtension.swift */,
			);
			path = ZOBA;
			sourceTree = "<group>";
		};
		8278276D1CF837D600684CE5 /* ZOBATests */ = {
			isa = PBXGroup;
			children = (
				8278276E1CF837D600684CE5 /* ZOBATests.swift */,
				827827701CF837D600684CE5 /* Info.plist */,
			);
			path = ZOBATests;
			sourceTree = "<group>";
		};
		827827781CF837D600684CE5 /* ZOBAUITests */ = {
			isa = PBXGroup;
			children = (
				827827791CF837D600684CE5 /* ZOBAUITests.swift */,
				8278277B1CF837D600684CE5 /* Info.plist */,
			);
			path = ZOBAUITests;
			sourceTree = "<group>";
		};
		82F8B8891CF87C3500E46B05 /* media */ = {
			isa = PBXGroup;
			children = (
				82F8B8C11CF89A2500E46B05 /* splash-background.png */,
				82F8B8C21CF89A2500E46B05 /* splash-logo.png */,
				82F8B8981CF8807400E46B05 /* logo.png */,
				82F8B8991CF8807400E46B05 /* rescue.png */,
				82F8B89A1CF8807400E46B05 /* service-centers.png */,
				82F8B89B1CF8807400E46B05 /* statistics.png */,
				82F8B89C1CF8807400E46B05 /* street.png */,
				82F8B89D1CF8807400E46B05 /* tips.png */,
				82F8B89E1CF8807400E46B05 /* tracking.png */,
			);
			path = media;
			sourceTree = "<group>";
		};
		82F8B8B61CF8905B00E46B05 /* fonts */ = {
			isa = PBXGroup;
			children = (
				82F8B8B71CF8905B00E46B05 /* contb.ttf */,
				82F8B8B81CF8905B00E46B05 /* contl.ttf */,
				82F8B8B91CF8905B00E46B05 /* contm.ttf */,
				82F8B8BA1CF8905B00E46B05 /* nasalization rg.ttf */,
				82F8B8BB1CF8905B00E46B05 /* sf-outer-limits.upright.ttf */,
			);
			name = fonts;
			path = media/fonts;
			sourceTree = "<group>";
		};
/* End PBXGroup section */

/* Begin PBXNativeTarget section */
		827827521CF837D600684CE5 /* ZOBA */ = {
			isa = PBXNativeTarget;
			buildConfigurationList = 8278277E1CF837D600684CE5 /* Build configuration list for PBXNativeTarget "ZOBA" */;
			buildPhases = (
				BC6AB6838CF825B6FCF1C696 /* 📦 Check Pods Manifest.lock */,
				8278274F1CF837D600684CE5 /* Sources */,
				827827501CF837D600684CE5 /* Frameworks */,
				827827511CF837D600684CE5 /* Resources */,
				913C8D0E44712453084AA5C5 /* 📦 Embed Pods Frameworks */,
				D8C70AD28D2074D735BE96A1 /* 📦 Copy Pods Resources */,
			);
			buildRules = (
			);
			dependencies = (
			);
			name = ZOBA;
			productName = ZOBA;
			productReference = 827827531CF837D600684CE5 /* ZOBA.app */;
			productType = "com.apple.product-type.application";
		};
		827827691CF837D600684CE5 /* ZOBATests */ = {
			isa = PBXNativeTarget;
			buildConfigurationList = 827827811CF837D600684CE5 /* Build configuration list for PBXNativeTarget "ZOBATests" */;
			buildPhases = (
				3B04073713425CEBC571F285 /* 📦 Check Pods Manifest.lock */,
				827827661CF837D600684CE5 /* Sources */,
				827827671CF837D600684CE5 /* Frameworks */,
				827827681CF837D600684CE5 /* Resources */,
				611E24917CC261420B066CBC /* 📦 Embed Pods Frameworks */,
				5764E96F0AF56FE33D0D0166 /* 📦 Copy Pods Resources */,
			);
			buildRules = (
			);
			dependencies = (
				8278276C1CF837D600684CE5 /* PBXTargetDependency */,
			);
			name = ZOBATests;
			productName = ZOBATests;
			productReference = 8278276A1CF837D600684CE5 /* ZOBATests.xctest */;
			productType = "com.apple.product-type.bundle.unit-test";
		};
		827827741CF837D600684CE5 /* ZOBAUITests */ = {
			isa = PBXNativeTarget;
			buildConfigurationList = 827827841CF837D600684CE5 /* Build configuration list for PBXNativeTarget "ZOBAUITests" */;
			buildPhases = (
				EC708C73D3D50BDE278DB3C8 /* 📦 Check Pods Manifest.lock */,
				827827711CF837D600684CE5 /* Sources */,
				827827721CF837D600684CE5 /* Frameworks */,
				827827731CF837D600684CE5 /* Resources */,
				907F6ED4AB25A244D87C8468 /* 📦 Copy Pods Resources */,
			);
			buildRules = (
			);
			dependencies = (
				827827771CF837D600684CE5 /* PBXTargetDependency */,
			);
			name = ZOBAUITests;
			productName = ZOBAUITests;
			productReference = 827827751CF837D600684CE5 /* ZOBAUITests.xctest */;
			productType = "com.apple.product-type.bundle.ui-testing";
		};
/* End PBXNativeTarget section */

/* Begin PBXProject section */
		8278274B1CF837D600684CE5 /* Project object */ = {
			isa = PBXProject;
			attributes = {
				LastSwiftUpdateCheck = 0730;
				LastUpgradeCheck = 0730;
				ORGANIZATIONNAME = "RE Pixels";
				TargetAttributes = {
					827827521CF837D600684CE5 = {
						CreatedOnToolsVersion = 7.3;
						DevelopmentTeam = B263Y9M649;
						SystemCapabilities = {
							com.apple.Push = {
								enabled = 1;
							};
						};
					};
					827827691CF837D600684CE5 = {
						CreatedOnToolsVersion = 7.3;
						TestTargetID = 827827521CF837D600684CE5;
					};
					827827741CF837D600684CE5 = {
						CreatedOnToolsVersion = 7.3;
						TestTargetID = 827827521CF837D600684CE5;
					};
				};
			};
			buildConfigurationList = 8278274E1CF837D600684CE5 /* Build configuration list for PBXProject "ZOBA" */;
			compatibilityVersion = "Xcode 3.2";
			developmentRegion = English;
			hasScannedForEncodings = 0;
			knownRegions = (
				en,
				Base,
			);
			mainGroup = 8278274A1CF837D600684CE5;
			productRefGroup = 827827541CF837D600684CE5 /* Products */;
			projectDirPath = "";
			projectRoot = "";
			targets = (
				827827521CF837D600684CE5 /* ZOBA */,
				827827691CF837D600684CE5 /* ZOBATests */,
				827827741CF837D600684CE5 /* ZOBAUITests */,
			);
		};
/* End PBXProject section */

/* Begin PBXResourcesBuildPhase section */
		827827511CF837D600684CE5 /* Resources */ = {
			isa = PBXResourcesBuildPhase;
			buildActionMask = 2147483647;
			files = (
				82F8B8C31CF89A2500E46B05 /* splash-background.png in Resources */,
				82F8B8BE1CF8905B00E46B05 /* contm.ttf in Resources */,
				82F8B8BF1CF8905B00E46B05 /* nasalization rg.ttf in Resources */,
				82F8B8A11CF8807400E46B05 /* service-centers.png in Resources */,
				82F8B89F1CF8807400E46B05 /* logo.png in Resources */,
				82F8B8A41CF8807400E46B05 /* tips.png in Resources */,
				827827641CF837D600684CE5 /* LaunchScreen.storyboard in Resources */,
				82F8B8C41CF89A2500E46B05 /* splash-logo.png in Resources */,
				827827611CF837D600684CE5 /* Assets.xcassets in Resources */,
				82F8B8C01CF8905B00E46B05 /* sf-outer-limits.upright.ttf in Resources */,
				82F8B8A31CF8807400E46B05 /* street.png in Resources */,
				82F8B8BC1CF8905B00E46B05 /* contb.ttf in Resources */,
				82F8B8A51CF8807400E46B05 /* tracking.png in Resources */,
				82F8B8A21CF8807400E46B05 /* statistics.png in Resources */,
				82F8B8BD1CF8905B00E46B05 /* contl.ttf in Resources */,
				8278275C1CF837D600684CE5 /* Main.storyboard in Resources */,
				829C437C1CFBBA1F00869E59 /* Media.xcassets in Resources */,
				82F8B8A01CF8807400E46B05 /* rescue.png in Resources */,
			);
			runOnlyForDeploymentPostprocessing = 0;
		};
		827827681CF837D600684CE5 /* Resources */ = {
			isa = PBXResourcesBuildPhase;
			buildActionMask = 2147483647;
			files = (
			);
			runOnlyForDeploymentPostprocessing = 0;
		};
		827827731CF837D600684CE5 /* Resources */ = {
			isa = PBXResourcesBuildPhase;
			buildActionMask = 2147483647;
			files = (
			);
			runOnlyForDeploymentPostprocessing = 0;
		};
/* End PBXResourcesBuildPhase section */

/* Begin PBXShellScriptBuildPhase section */
		3B04073713425CEBC571F285 /* 📦 Check Pods Manifest.lock */ = {
			isa = PBXShellScriptBuildPhase;
			buildActionMask = 2147483647;
			files = (
			);
			inputPaths = (
			);
			name = "📦 Check Pods Manifest.lock";
			outputPaths = (
			);
			runOnlyForDeploymentPostprocessing = 0;
			shellPath = /bin/sh;
			shellScript = "diff \"${PODS_ROOT}/../Podfile.lock\" \"${PODS_ROOT}/Manifest.lock\" > /dev/null\nif [[ $? != 0 ]] ; then\n    cat << EOM\nerror: The sandbox is not in sync with the Podfile.lock. Run 'pod install' or update your CocoaPods installation.\nEOM\n    exit 1\nfi\n";
			showEnvVarsInLog = 0;
		};
		5764E96F0AF56FE33D0D0166 /* 📦 Copy Pods Resources */ = {
			isa = PBXShellScriptBuildPhase;
			buildActionMask = 2147483647;
			files = (
			);
			inputPaths = (
			);
			name = "📦 Copy Pods Resources";
			outputPaths = (
			);
			runOnlyForDeploymentPostprocessing = 0;
			shellPath = /bin/sh;
			shellScript = "\"${SRCROOT}/Pods/Target Support Files/Pods-ZOBATests/Pods-ZOBATests-resources.sh\"\n";
			showEnvVarsInLog = 0;
		};
		611E24917CC261420B066CBC /* 📦 Embed Pods Frameworks */ = {
			isa = PBXShellScriptBuildPhase;
			buildActionMask = 2147483647;
			files = (
			);
			inputPaths = (
			);
			name = "📦 Embed Pods Frameworks";
			outputPaths = (
			);
			runOnlyForDeploymentPostprocessing = 0;
			shellPath = /bin/sh;
			shellScript = "\"${SRCROOT}/Pods/Target Support Files/Pods-ZOBATests/Pods-ZOBATests-frameworks.sh\"\n";
			showEnvVarsInLog = 0;
		};
		907F6ED4AB25A244D87C8468 /* 📦 Copy Pods Resources */ = {
			isa = PBXShellScriptBuildPhase;
			buildActionMask = 2147483647;
			files = (
			);
			inputPaths = (
			);
			name = "📦 Copy Pods Resources";
			outputPaths = (
			);
			runOnlyForDeploymentPostprocessing = 0;
			shellPath = /bin/sh;
			shellScript = "\"${SRCROOT}/Pods/Target Support Files/Pods-ZOBAUITests/Pods-ZOBAUITests-resources.sh\"\n";
			showEnvVarsInLog = 0;
		};
		913C8D0E44712453084AA5C5 /* 📦 Embed Pods Frameworks */ = {
			isa = PBXShellScriptBuildPhase;
			buildActionMask = 2147483647;
			files = (
			);
			inputPaths = (
			);
			name = "📦 Embed Pods Frameworks";
			outputPaths = (
			);
			runOnlyForDeploymentPostprocessing = 0;
			shellPath = /bin/sh;
			shellScript = "\"${SRCROOT}/Pods/Target Support Files/Pods-ZOBA/Pods-ZOBA-frameworks.sh\"\n";
			showEnvVarsInLog = 0;
		};
		BC6AB6838CF825B6FCF1C696 /* 📦 Check Pods Manifest.lock */ = {
			isa = PBXShellScriptBuildPhase;
			buildActionMask = 2147483647;
			files = (
			);
			inputPaths = (
			);
			name = "📦 Check Pods Manifest.lock";
			outputPaths = (
			);
			runOnlyForDeploymentPostprocessing = 0;
			shellPath = /bin/sh;
			shellScript = "diff \"${PODS_ROOT}/../Podfile.lock\" \"${PODS_ROOT}/Manifest.lock\" > /dev/null\nif [[ $? != 0 ]] ; then\n    cat << EOM\nerror: The sandbox is not in sync with the Podfile.lock. Run 'pod install' or update your CocoaPods installation.\nEOM\n    exit 1\nfi\n";
			showEnvVarsInLog = 0;
		};
		D8C70AD28D2074D735BE96A1 /* 📦 Copy Pods Resources */ = {
			isa = PBXShellScriptBuildPhase;
			buildActionMask = 2147483647;
			files = (
			);
			inputPaths = (
			);
			name = "📦 Copy Pods Resources";
			outputPaths = (
			);
			runOnlyForDeploymentPostprocessing = 0;
			shellPath = /bin/sh;
			shellScript = "\"${SRCROOT}/Pods/Target Support Files/Pods-ZOBA/Pods-ZOBA-resources.sh\"\n";
			showEnvVarsInLog = 0;
		};
		EC708C73D3D50BDE278DB3C8 /* 📦 Check Pods Manifest.lock */ = {
			isa = PBXShellScriptBuildPhase;
			buildActionMask = 2147483647;
			files = (
			);
			inputPaths = (
			);
			name = "📦 Check Pods Manifest.lock";
			outputPaths = (
			);
			runOnlyForDeploymentPostprocessing = 0;
			shellPath = /bin/sh;
			shellScript = "diff \"${PODS_ROOT}/../Podfile.lock\" \"${PODS_ROOT}/Manifest.lock\" > /dev/null\nif [[ $? != 0 ]] ; then\n    cat << EOM\nerror: The sandbox is not in sync with the Podfile.lock. Run 'pod install' or update your CocoaPods installation.\nEOM\n    exit 1\nfi\n";
			showEnvVarsInLog = 0;
		};
/* End PBXShellScriptBuildPhase section */

/* Begin PBXSourcesBuildPhase section */
		8278274F1CF837D600684CE5 /* Sources */ = {
			isa = PBXSourcesBuildPhase;
			buildActionMask = 2147483647;
			files = (
				827827591CF837D600684CE5 /* ViewController.swift in Sources */,
				8278275F1CF837D600684CE5 /* ZOBA.xcdatamodeld in Sources */,
				DCE6DC431CFC635D00637977 /* UIViewControllerExtension.swift in Sources */,
				DCE6DC411CFC33A400637977 /* DataValidations.swift in Sources */,
				827827571CF837D600684CE5 /* AppDelegate.swift in Sources */,
				829C437A1CFBAC9500869E59 /* RegisterViewController.swift in Sources */,
			);
			runOnlyForDeploymentPostprocessing = 0;
		};
		827827661CF837D600684CE5 /* Sources */ = {
			isa = PBXSourcesBuildPhase;
			buildActionMask = 2147483647;
			files = (
				8278276F1CF837D600684CE5 /* ZOBATests.swift in Sources */,
			);
			runOnlyForDeploymentPostprocessing = 0;
		};
		827827711CF837D600684CE5 /* Sources */ = {
			isa = PBXSourcesBuildPhase;
			buildActionMask = 2147483647;
			files = (
				8278277A1CF837D600684CE5 /* ZOBAUITests.swift in Sources */,
			);
			runOnlyForDeploymentPostprocessing = 0;
		};
/* End PBXSourcesBuildPhase section */

/* Begin PBXTargetDependency section */
		8278276C1CF837D600684CE5 /* PBXTargetDependency */ = {
			isa = PBXTargetDependency;
			target = 827827521CF837D600684CE5 /* ZOBA */;
			targetProxy = 8278276B1CF837D600684CE5 /* PBXContainerItemProxy */;
		};
		827827771CF837D600684CE5 /* PBXTargetDependency */ = {
			isa = PBXTargetDependency;
			target = 827827521CF837D600684CE5 /* ZOBA */;
			targetProxy = 827827761CF837D600684CE5 /* PBXContainerItemProxy */;
		};
/* End PBXTargetDependency section */

/* Begin PBXVariantGroup section */
		8278275A1CF837D600684CE5 /* Main.storyboard */ = {
			isa = PBXVariantGroup;
			children = (
				8278275B1CF837D600684CE5 /* Base */,
			);
			name = Main.storyboard;
			sourceTree = "<group>";
		};
		827827621CF837D600684CE5 /* LaunchScreen.storyboard */ = {
			isa = PBXVariantGroup;
			children = (
				827827631CF837D600684CE5 /* Base */,
			);
			name = LaunchScreen.storyboard;
			sourceTree = "<group>";
		};
/* End PBXVariantGroup section */

/* Begin XCBuildConfiguration section */
		8278277C1CF837D600684CE5 /* Debug */ = {
			isa = XCBuildConfiguration;
			buildSettings = {
				ALWAYS_SEARCH_USER_PATHS = NO;
				CLANG_ANALYZER_NONNULL = YES;
				CLANG_CXX_LANGUAGE_STANDARD = "gnu++0x";
				CLANG_CXX_LIBRARY = "libc++";
				CLANG_ENABLE_MODULES = YES;
				CLANG_ENABLE_OBJC_ARC = YES;
				CLANG_WARN_BOOL_CONVERSION = YES;
				CLANG_WARN_CONSTANT_CONVERSION = YES;
				CLANG_WARN_DIRECT_OBJC_ISA_USAGE = YES_ERROR;
				CLANG_WARN_EMPTY_BODY = YES;
				CLANG_WARN_ENUM_CONVERSION = YES;
				CLANG_WARN_INT_CONVERSION = YES;
				CLANG_WARN_OBJC_ROOT_CLASS = YES_ERROR;
				CLANG_WARN_UNREACHABLE_CODE = YES;
				CLANG_WARN__DUPLICATE_METHOD_MATCH = YES;
				"CODE_SIGN_IDENTITY[sdk=iphoneos*]" = "iPhone Developer";
				COPY_PHASE_STRIP = NO;
				DEBUG_INFORMATION_FORMAT = dwarf;
				ENABLE_STRICT_OBJC_MSGSEND = YES;
				ENABLE_TESTABILITY = YES;
				GCC_C_LANGUAGE_STANDARD = gnu99;
				GCC_DYNAMIC_NO_PIC = NO;
				GCC_NO_COMMON_BLOCKS = YES;
				GCC_OPTIMIZATION_LEVEL = 0;
				GCC_PREPROCESSOR_DEFINITIONS = (
					"DEBUG=1",
					"$(inherited)",
				);
				GCC_WARN_64_TO_32_BIT_CONVERSION = YES;
				GCC_WARN_ABOUT_RETURN_TYPE = YES_ERROR;
				GCC_WARN_UNDECLARED_SELECTOR = YES;
				GCC_WARN_UNINITIALIZED_AUTOS = YES_AGGRESSIVE;
				GCC_WARN_UNUSED_FUNCTION = YES;
				GCC_WARN_UNUSED_VARIABLE = YES;
				IPHONEOS_DEPLOYMENT_TARGET = 9.3;
				MTL_ENABLE_DEBUG_INFO = YES;
				ONLY_ACTIVE_ARCH = YES;
				SDKROOT = iphoneos;
				SWIFT_OPTIMIZATION_LEVEL = "-Onone";
			};
			name = Debug;
		};
		8278277D1CF837D600684CE5 /* Release */ = {
			isa = XCBuildConfiguration;
			buildSettings = {
				ALWAYS_SEARCH_USER_PATHS = NO;
				CLANG_ANALYZER_NONNULL = YES;
				CLANG_CXX_LANGUAGE_STANDARD = "gnu++0x";
				CLANG_CXX_LIBRARY = "libc++";
				CLANG_ENABLE_MODULES = YES;
				CLANG_ENABLE_OBJC_ARC = YES;
				CLANG_WARN_BOOL_CONVERSION = YES;
				CLANG_WARN_CONSTANT_CONVERSION = YES;
				CLANG_WARN_DIRECT_OBJC_ISA_USAGE = YES_ERROR;
				CLANG_WARN_EMPTY_BODY = YES;
				CLANG_WARN_ENUM_CONVERSION = YES;
				CLANG_WARN_INT_CONVERSION = YES;
				CLANG_WARN_OBJC_ROOT_CLASS = YES_ERROR;
				CLANG_WARN_UNREACHABLE_CODE = YES;
				CLANG_WARN__DUPLICATE_METHOD_MATCH = YES;
				"CODE_SIGN_IDENTITY[sdk=iphoneos*]" = "iPhone Developer";
				COPY_PHASE_STRIP = NO;
				DEBUG_INFORMATION_FORMAT = "dwarf-with-dsym";
				ENABLE_NS_ASSERTIONS = NO;
				ENABLE_STRICT_OBJC_MSGSEND = YES;
				GCC_C_LANGUAGE_STANDARD = gnu99;
				GCC_NO_COMMON_BLOCKS = YES;
				GCC_WARN_64_TO_32_BIT_CONVERSION = YES;
				GCC_WARN_ABOUT_RETURN_TYPE = YES_ERROR;
				GCC_WARN_UNDECLARED_SELECTOR = YES;
				GCC_WARN_UNINITIALIZED_AUTOS = YES_AGGRESSIVE;
				GCC_WARN_UNUSED_FUNCTION = YES;
				GCC_WARN_UNUSED_VARIABLE = YES;
				IPHONEOS_DEPLOYMENT_TARGET = 9.3;
				MTL_ENABLE_DEBUG_INFO = NO;
				SDKROOT = iphoneos;
				VALIDATE_PRODUCT = YES;
			};
			name = Release;
		};
		8278277F1CF837D600684CE5 /* Debug */ = {
			isa = XCBuildConfiguration;
			baseConfigurationReference = BD7787F9DCD77BFD9E47D307 /* Pods-ZOBA.debug.xcconfig */;
			buildSettings = {
				ASSETCATALOG_COMPILER_APPICON_NAME = AppIcon;
				CODE_SIGN_IDENTITY = "iPhone Developer";
				"CODE_SIGN_IDENTITY[sdk=iphoneos*]" = "iPhone Developer";
				FRAMEWORK_SEARCH_PATHS = (
					"$(inherited)",
					"$(PROJECT_DIR)",
				);
				INFOPLIST_FILE = ZOBA/Info.plist;
				IPHONEOS_DEPLOYMENT_TARGET = 9.3;
				LD_RUNPATH_SEARCH_PATHS = "$(inherited) @executable_path/Frameworks";
				PRODUCT_BUNDLE_IDENTIFIER = RE.ZOBA;
				PRODUCT_NAME = "$(TARGET_NAME)";
				PROVISIONING_PROFILE = "";
			};
			name = Debug;
		};
		827827801CF837D600684CE5 /* Release */ = {
			isa = XCBuildConfiguration;
			baseConfigurationReference = 3C4DC4794BB8782CEF3EBF4B /* Pods-ZOBA.release.xcconfig */;
			buildSettings = {
				ASSETCATALOG_COMPILER_APPICON_NAME = AppIcon;
				CODE_SIGN_IDENTITY = "iPhone Developer";
				"CODE_SIGN_IDENTITY[sdk=iphoneos*]" = "iPhone Developer";
				FRAMEWORK_SEARCH_PATHS = (
					"$(inherited)",
					"$(PROJECT_DIR)",
				);
				INFOPLIST_FILE = ZOBA/Info.plist;
				IPHONEOS_DEPLOYMENT_TARGET = 9.3;
				LD_RUNPATH_SEARCH_PATHS = "$(inherited) @executable_path/Frameworks";
				PRODUCT_BUNDLE_IDENTIFIER = RE.ZOBA;
				PRODUCT_NAME = "$(TARGET_NAME)";
				PROVISIONING_PROFILE = "";
			};
			name = Release;
		};
		827827821CF837D600684CE5 /* Debug */ = {
			isa = XCBuildConfiguration;
			baseConfigurationReference = C8594A3E0A7DBD3B1374B0E8 /* Pods-ZOBATests.debug.xcconfig */;
			buildSettings = {
				BUNDLE_LOADER = "$(TEST_HOST)";
				INFOPLIST_FILE = ZOBATests/Info.plist;
				LD_RUNPATH_SEARCH_PATHS = "$(inherited) @executable_path/Frameworks @loader_path/Frameworks";
				PRODUCT_BUNDLE_IDENTIFIER = RE.ZOBATests;
				PRODUCT_NAME = "$(TARGET_NAME)";
				TEST_HOST = "$(BUILT_PRODUCTS_DIR)/ZOBA.app/ZOBA";
			};
			name = Debug;
		};
		827827831CF837D600684CE5 /* Release */ = {
			isa = XCBuildConfiguration;
			baseConfigurationReference = 05E06D0C7F575767E06BD287 /* Pods-ZOBATests.release.xcconfig */;
			buildSettings = {
				BUNDLE_LOADER = "$(TEST_HOST)";
				INFOPLIST_FILE = ZOBATests/Info.plist;
				LD_RUNPATH_SEARCH_PATHS = "$(inherited) @executable_path/Frameworks @loader_path/Frameworks";
				PRODUCT_BUNDLE_IDENTIFIER = RE.ZOBATests;
				PRODUCT_NAME = "$(TARGET_NAME)";
				TEST_HOST = "$(BUILT_PRODUCTS_DIR)/ZOBA.app/ZOBA";
			};
			name = Release;
		};
		827827851CF837D600684CE5 /* Debug */ = {
			isa = XCBuildConfiguration;
			baseConfigurationReference = B7974B3E65B33BEAC6D00F69 /* Pods-ZOBAUITests.debug.xcconfig */;
			buildSettings = {
				INFOPLIST_FILE = ZOBAUITests/Info.plist;
				LD_RUNPATH_SEARCH_PATHS = "$(inherited) @executable_path/Frameworks @loader_path/Frameworks";
				PRODUCT_BUNDLE_IDENTIFIER = RE.ZOBAUITests;
				PRODUCT_NAME = "$(TARGET_NAME)";
				TEST_TARGET_NAME = ZOBA;
			};
			name = Debug;
		};
		827827861CF837D600684CE5 /* Release */ = {
			isa = XCBuildConfiguration;
			baseConfigurationReference = 116AC9BAA293836FEAA57FDB /* Pods-ZOBAUITests.release.xcconfig */;
			buildSettings = {
				INFOPLIST_FILE = ZOBAUITests/Info.plist;
				LD_RUNPATH_SEARCH_PATHS = "$(inherited) @executable_path/Frameworks @loader_path/Frameworks";
				PRODUCT_BUNDLE_IDENTIFIER = RE.ZOBAUITests;
				PRODUCT_NAME = "$(TARGET_NAME)";
				TEST_TARGET_NAME = ZOBA;
			};
			name = Release;
		};
/* End XCBuildConfiguration section */

/* Begin XCConfigurationList section */
		8278274E1CF837D600684CE5 /* Build configuration list for PBXProject "ZOBA" */ = {
			isa = XCConfigurationList;
			buildConfigurations = (
				8278277C1CF837D600684CE5 /* Debug */,
				8278277D1CF837D600684CE5 /* Release */,
			);
			defaultConfigurationIsVisible = 0;
			defaultConfigurationName = Release;
		};
		8278277E1CF837D600684CE5 /* Build configuration list for PBXNativeTarget "ZOBA" */ = {
			isa = XCConfigurationList;
			buildConfigurations = (
				8278277F1CF837D600684CE5 /* Debug */,
				827827801CF837D600684CE5 /* Release */,
			);
			defaultConfigurationIsVisible = 0;
			defaultConfigurationName = Release;
		};
		827827811CF837D600684CE5 /* Build configuration list for PBXNativeTarget "ZOBATests" */ = {
			isa = XCConfigurationList;
			buildConfigurations = (
				827827821CF837D600684CE5 /* Debug */,
				827827831CF837D600684CE5 /* Release */,
			);
			defaultConfigurationIsVisible = 0;
			defaultConfigurationName = Release;
		};
		827827841CF837D600684CE5 /* Build configuration list for PBXNativeTarget "ZOBAUITests" */ = {
			isa = XCConfigurationList;
			buildConfigurations = (
				827827851CF837D600684CE5 /* Debug */,
				827827861CF837D600684CE5 /* Release */,
			);
			defaultConfigurationIsVisible = 0;
			defaultConfigurationName = Release;
		};
/* End XCConfigurationList section */

/* Begin XCVersionGroup section */
		8278275D1CF837D600684CE5 /* ZOBA.xcdatamodeld */ = {
			isa = XCVersionGroup;
			children = (
				8278275E1CF837D600684CE5 /* ZOBA.xcdatamodel */,
			);
			currentVersion = 8278275E1CF837D600684CE5 /* ZOBA.xcdatamodel */;
			path = ZOBA.xcdatamodeld;
			sourceTree = "<group>";
			versionGroupType = wrapper.xcdatamodel;
		};
/* End XCVersionGroup section */
	};
	rootObject = 8278274B1CF837D600684CE5 /* Project object */;
}
=======
<?xml version="1.0" encoding="UTF-8"?>
<!DOCTYPE plist PUBLIC "-//Apple//DTD PLIST 1.0//EN" "http://www.apple.com/DTDs/PropertyList-1.0.dtd">
<plist version="1.0">
<dict>
	<key>archiveVersion</key>
	<string>1</string>
	<key>classes</key>
	<dict/>
	<key>objectVersion</key>
	<string>46</string>
	<key>objects</key>
	<dict>
		<key>05E06D0C7F575767E06BD287</key>
		<dict>
			<key>includeInIndex</key>
			<string>1</string>
			<key>isa</key>
			<string>PBXFileReference</string>
			<key>lastKnownFileType</key>
			<string>text.xcconfig</string>
			<key>name</key>
			<string>Pods-ZOBATests.release.xcconfig</string>
			<key>path</key>
			<string>Pods/Target Support Files/Pods-ZOBATests/Pods-ZOBATests.release.xcconfig</string>
			<key>sourceTree</key>
			<string>&lt;group&gt;</string>
		</dict>
		<key>116AC9BAA293836FEAA57FDB</key>
		<dict>
			<key>includeInIndex</key>
			<string>1</string>
			<key>isa</key>
			<string>PBXFileReference</string>
			<key>lastKnownFileType</key>
			<string>text.xcconfig</string>
			<key>name</key>
			<string>Pods-ZOBAUITests.release.xcconfig</string>
			<key>path</key>
			<string>Pods/Target Support Files/Pods-ZOBAUITests/Pods-ZOBAUITests.release.xcconfig</string>
			<key>sourceTree</key>
			<string>&lt;group&gt;</string>
		</dict>
		<key>15F22B55CA5A4F6D9EB169C8</key>
		<dict>
			<key>explicitFileType</key>
			<string>wrapper.framework</string>
			<key>includeInIndex</key>
			<string>0</string>
			<key>isa</key>
			<string>PBXFileReference</string>
			<key>path</key>
			<string>Pods_ZOBATests.framework</string>
			<key>sourceTree</key>
			<string>BUILT_PRODUCTS_DIR</string>
		</dict>
		<key>39A2F33710BE64FC9853582A</key>
		<dict>
			<key>fileRef</key>
			<string>D330313799DC0A970BE8E5C7</string>
			<key>isa</key>
			<string>PBXBuildFile</string>
		</dict>
		<key>3B04073713425CEBC571F285</key>
		<dict>
			<key>buildActionMask</key>
			<string>2147483647</string>
			<key>files</key>
			<array/>
			<key>inputPaths</key>
			<array/>
			<key>isa</key>
			<string>PBXShellScriptBuildPhase</string>
			<key>name</key>
			<string>&#128230; Check Pods Manifest.lock</string>
			<key>outputPaths</key>
			<array/>
			<key>runOnlyForDeploymentPostprocessing</key>
			<string>0</string>
			<key>shellPath</key>
			<string>/bin/sh</string>
			<key>shellScript</key>
			<string>diff "${PODS_ROOT}/../Podfile.lock" "${PODS_ROOT}/Manifest.lock" &gt; /dev/null
if [[ $? != 0 ]] ; then
    cat &lt;&lt; EOM
error: The sandbox is not in sync with the Podfile.lock. Run 'pod install' or update your CocoaPods installation.
EOM
    exit 1
fi
</string>
			<key>showEnvVarsInLog</key>
			<string>0</string>
		</dict>
		<key>3C4DC4794BB8782CEF3EBF4B</key>
		<dict>
			<key>includeInIndex</key>
			<string>1</string>
			<key>isa</key>
			<string>PBXFileReference</string>
			<key>lastKnownFileType</key>
			<string>text.xcconfig</string>
			<key>name</key>
			<string>Pods-ZOBA.release.xcconfig</string>
			<key>path</key>
			<string>Pods/Target Support Files/Pods-ZOBA/Pods-ZOBA.release.xcconfig</string>
			<key>sourceTree</key>
			<string>&lt;group&gt;</string>
		</dict>
		<key>3F8E380008BDADDDD9B21C92</key>
		<dict>
			<key>explicitFileType</key>
			<string>wrapper.framework</string>
			<key>includeInIndex</key>
			<string>0</string>
			<key>isa</key>
			<string>PBXFileReference</string>
			<key>path</key>
			<string>Pods_ZOBAUITests.framework</string>
			<key>sourceTree</key>
			<string>BUILT_PRODUCTS_DIR</string>
		</dict>
		<key>5764E96F0AF56FE33D0D0166</key>
		<dict>
			<key>buildActionMask</key>
			<string>2147483647</string>
			<key>files</key>
			<array/>
			<key>inputPaths</key>
			<array/>
			<key>isa</key>
			<string>PBXShellScriptBuildPhase</string>
			<key>name</key>
			<string>&#128230; Copy Pods Resources</string>
			<key>outputPaths</key>
			<array/>
			<key>runOnlyForDeploymentPostprocessing</key>
			<string>0</string>
			<key>shellPath</key>
			<string>/bin/sh</string>
			<key>shellScript</key>
			<string>"${SRCROOT}/Pods/Target Support Files/Pods-ZOBATests/Pods-ZOBATests-resources.sh"
</string>
			<key>showEnvVarsInLog</key>
			<string>0</string>
		</dict>
		<key>6037E86AF3BD9C2CD7E578F4</key>
		<dict>
			<key>children</key>
			<array>
				<string>D330313799DC0A970BE8E5C7</string>
				<string>15F22B55CA5A4F6D9EB169C8</string>
				<string>3F8E380008BDADDDD9B21C92</string>
			</array>
			<key>isa</key>
			<string>PBXGroup</string>
			<key>name</key>
			<string>Frameworks</string>
			<key>sourceTree</key>
			<string>&lt;group&gt;</string>
		</dict>
		<key>611E24917CC261420B066CBC</key>
		<dict>
			<key>buildActionMask</key>
			<string>2147483647</string>
			<key>files</key>
			<array/>
			<key>inputPaths</key>
			<array/>
			<key>isa</key>
			<string>PBXShellScriptBuildPhase</string>
			<key>name</key>
			<string>&#128230; Embed Pods Frameworks</string>
			<key>outputPaths</key>
			<array/>
			<key>runOnlyForDeploymentPostprocessing</key>
			<string>0</string>
			<key>shellPath</key>
			<string>/bin/sh</string>
			<key>shellScript</key>
			<string>"${SRCROOT}/Pods/Target Support Files/Pods-ZOBATests/Pods-ZOBATests-frameworks.sh"
</string>
			<key>showEnvVarsInLog</key>
			<string>0</string>
		</dict>
		<key>6DCF5273F16362EE7F67C66D</key>
		<dict>
			<key>children</key>
			<array>
				<string>BD7787F9DCD77BFD9E47D307</string>
				<string>3C4DC4794BB8782CEF3EBF4B</string>
				<string>C8594A3E0A7DBD3B1374B0E8</string>
				<string>05E06D0C7F575767E06BD287</string>
				<string>B7974B3E65B33BEAC6D00F69</string>
				<string>116AC9BAA293836FEAA57FDB</string>
			</array>
			<key>isa</key>
			<string>PBXGroup</string>
			<key>name</key>
			<string>Pods</string>
			<key>sourceTree</key>
			<string>&lt;group&gt;</string>
		</dict>
		<key>72BCD1798DE0A8E58F71CC74</key>
		<dict>
			<key>fileRef</key>
			<string>3F8E380008BDADDDD9B21C92</string>
			<key>isa</key>
			<string>PBXBuildFile</string>
		</dict>
		<key>8278274A1CF837D600684CE5</key>
		<dict>
			<key>children</key>
			<array>
				<string>827827551CF837D600684CE5</string>
				<string>8278276D1CF837D600684CE5</string>
				<string>827827781CF837D600684CE5</string>
				<string>827827541CF837D600684CE5</string>
				<string>6DCF5273F16362EE7F67C66D</string>
				<string>82F8B8B61CF8905B00E46B05</string>
				<string>82F8B8891CF87C3500E46B05</string>
				<string>6037E86AF3BD9C2CD7E578F4</string>
			</array>
			<key>isa</key>
			<string>PBXGroup</string>
			<key>sourceTree</key>
			<string>&lt;group&gt;</string>
		</dict>
		<key>8278274B1CF837D600684CE5</key>
		<dict>
			<key>attributes</key>
			<dict>
				<key>LastSwiftUpdateCheck</key>
				<string>0730</string>
				<key>LastUpgradeCheck</key>
				<string>0730</string>
				<key>ORGANIZATIONNAME</key>
				<string>RE Pixels</string>
				<key>TargetAttributes</key>
				<dict>
					<key>827827521CF837D600684CE5</key>
					<dict>
						<key>CreatedOnToolsVersion</key>
						<string>7.3</string>
					</dict>
					<key>827827691CF837D600684CE5</key>
					<dict>
						<key>CreatedOnToolsVersion</key>
						<string>7.3</string>
						<key>TestTargetID</key>
						<string>827827521CF837D600684CE5</string>
					</dict>
					<key>827827741CF837D600684CE5</key>
					<dict>
						<key>CreatedOnToolsVersion</key>
						<string>7.3</string>
						<key>TestTargetID</key>
						<string>827827521CF837D600684CE5</string>
					</dict>
				</dict>
			</dict>
			<key>buildConfigurationList</key>
			<string>8278274E1CF837D600684CE5</string>
			<key>compatibilityVersion</key>
			<string>Xcode 3.2</string>
			<key>developmentRegion</key>
			<string>English</string>
			<key>hasScannedForEncodings</key>
			<string>0</string>
			<key>isa</key>
			<string>PBXProject</string>
			<key>knownRegions</key>
			<array>
				<string>en</string>
				<string>Base</string>
			</array>
			<key>mainGroup</key>
			<string>8278274A1CF837D600684CE5</string>
			<key>productRefGroup</key>
			<string>827827541CF837D600684CE5</string>
			<key>projectDirPath</key>
			<string></string>
			<key>projectReferences</key>
			<array/>
			<key>projectRoot</key>
			<string></string>
			<key>targets</key>
			<array>
				<string>827827521CF837D600684CE5</string>
				<string>827827691CF837D600684CE5</string>
				<string>827827741CF837D600684CE5</string>
			</array>
		</dict>
		<key>8278274E1CF837D600684CE5</key>
		<dict>
			<key>buildConfigurations</key>
			<array>
				<string>8278277C1CF837D600684CE5</string>
				<string>8278277D1CF837D600684CE5</string>
			</array>
			<key>defaultConfigurationIsVisible</key>
			<string>0</string>
			<key>defaultConfigurationName</key>
			<string>Release</string>
			<key>isa</key>
			<string>XCConfigurationList</string>
		</dict>
		<key>8278274F1CF837D600684CE5</key>
		<dict>
			<key>buildActionMask</key>
			<string>2147483647</string>
			<key>files</key>
			<array>
				<string>827827591CF837D600684CE5</string>
				<string>8CF603571CFA563200A21D88</string>
				<string>8278275F1CF837D600684CE5</string>
				<string>8C5591701CFA4CBE007698D0</string>
				<string>8C55916F1CFA4CBE007698D0</string>
				<string>827827571CF837D600684CE5</string>
			</array>
			<key>isa</key>
			<string>PBXSourcesBuildPhase</string>
			<key>runOnlyForDeploymentPostprocessing</key>
			<string>0</string>
		</dict>
		<key>827827501CF837D600684CE5</key>
		<dict>
			<key>buildActionMask</key>
			<string>2147483647</string>
			<key>files</key>
			<array>
				<string>39A2F33710BE64FC9853582A</string>
			</array>
			<key>isa</key>
			<string>PBXFrameworksBuildPhase</string>
			<key>runOnlyForDeploymentPostprocessing</key>
			<string>0</string>
		</dict>
		<key>827827511CF837D600684CE5</key>
		<dict>
			<key>buildActionMask</key>
			<string>2147483647</string>
			<key>files</key>
			<array>
				<string>82F8B8C31CF89A2500E46B05</string>
				<string>82F8B8BE1CF8905B00E46B05</string>
				<string>82F8B8BF1CF8905B00E46B05</string>
				<string>82F8B8A11CF8807400E46B05</string>
				<string>82F8B89F1CF8807400E46B05</string>
				<string>82F8B8A41CF8807400E46B05</string>
				<string>827827641CF837D600684CE5</string>
				<string>82F8B8C41CF89A2500E46B05</string>
				<string>827827611CF837D600684CE5</string>
				<string>82F8B8C01CF8905B00E46B05</string>
				<string>82F8B8A31CF8807400E46B05</string>
				<string>82F8B8BC1CF8905B00E46B05</string>
				<string>82F8B8A51CF8807400E46B05</string>
				<string>82F8B8A21CF8807400E46B05</string>
				<string>82F8B8BD1CF8905B00E46B05</string>
				<string>8278275C1CF837D600684CE5</string>
				<string>82F8B8A01CF8807400E46B05</string>
			</array>
			<key>isa</key>
			<string>PBXResourcesBuildPhase</string>
			<key>runOnlyForDeploymentPostprocessing</key>
			<string>0</string>
		</dict>
		<key>827827521CF837D600684CE5</key>
		<dict>
			<key>buildConfigurationList</key>
			<string>8278277E1CF837D600684CE5</string>
			<key>buildPhases</key>
			<array>
				<string>BC6AB6838CF825B6FCF1C696</string>
				<string>8278274F1CF837D600684CE5</string>
				<string>827827501CF837D600684CE5</string>
				<string>827827511CF837D600684CE5</string>
				<string>913C8D0E44712453084AA5C5</string>
				<string>D8C70AD28D2074D735BE96A1</string>
				<string>B49BB44D82DD61F50ECD53FA</string>
			</array>
			<key>buildRules</key>
			<array/>
			<key>dependencies</key>
			<array/>
			<key>isa</key>
			<string>PBXNativeTarget</string>
			<key>name</key>
			<string>ZOBA</string>
			<key>productName</key>
			<string>ZOBA</string>
			<key>productReference</key>
			<string>827827531CF837D600684CE5</string>
			<key>productType</key>
			<string>com.apple.product-type.application</string>
		</dict>
		<key>827827531CF837D600684CE5</key>
		<dict>
			<key>explicitFileType</key>
			<string>wrapper.application</string>
			<key>includeInIndex</key>
			<string>0</string>
			<key>isa</key>
			<string>PBXFileReference</string>
			<key>path</key>
			<string>ZOBA.app</string>
			<key>sourceTree</key>
			<string>BUILT_PRODUCTS_DIR</string>
		</dict>
		<key>827827541CF837D600684CE5</key>
		<dict>
			<key>children</key>
			<array>
				<string>827827531CF837D600684CE5</string>
				<string>8278276A1CF837D600684CE5</string>
				<string>827827751CF837D600684CE5</string>
			</array>
			<key>isa</key>
			<string>PBXGroup</string>
			<key>name</key>
			<string>Products</string>
			<key>sourceTree</key>
			<string>&lt;group&gt;</string>
		</dict>
		<key>827827551CF837D600684CE5</key>
		<dict>
			<key>children</key>
			<array>
				<string>8CF603551CFA560E00A21D88</string>
				<string>8C5591711CFA4CD8007698D0</string>
				<string>827827561CF837D600684CE5</string>
				<string>827827581CF837D600684CE5</string>
				<string>8278275A1CF837D600684CE5</string>
				<string>827827601CF837D600684CE5</string>
				<string>827827621CF837D600684CE5</string>
				<string>827827651CF837D600684CE5</string>
				<string>8278275D1CF837D600684CE5</string>
			</array>
			<key>isa</key>
			<string>PBXGroup</string>
			<key>path</key>
			<string>ZOBA</string>
			<key>sourceTree</key>
			<string>&lt;group&gt;</string>
		</dict>
		<key>827827561CF837D600684CE5</key>
		<dict>
			<key>isa</key>
			<string>PBXFileReference</string>
			<key>lastKnownFileType</key>
			<string>sourcecode.swift</string>
			<key>path</key>
			<string>AppDelegate.swift</string>
			<key>sourceTree</key>
			<string>&lt;group&gt;</string>
		</dict>
		<key>827827571CF837D600684CE5</key>
		<dict>
			<key>fileRef</key>
			<string>827827561CF837D600684CE5</string>
			<key>isa</key>
			<string>PBXBuildFile</string>
		</dict>
		<key>827827581CF837D600684CE5</key>
		<dict>
			<key>isa</key>
			<string>PBXFileReference</string>
			<key>lastKnownFileType</key>
			<string>sourcecode.swift</string>
			<key>path</key>
			<string>ViewController.swift</string>
			<key>sourceTree</key>
			<string>&lt;group&gt;</string>
		</dict>
		<key>827827591CF837D600684CE5</key>
		<dict>
			<key>fileRef</key>
			<string>827827581CF837D600684CE5</string>
			<key>isa</key>
			<string>PBXBuildFile</string>
		</dict>
		<key>8278275A1CF837D600684CE5</key>
		<dict>
			<key>children</key>
			<array>
				<string>8278275B1CF837D600684CE5</string>
			</array>
			<key>isa</key>
			<string>PBXVariantGroup</string>
			<key>name</key>
			<string>Main.storyboard</string>
			<key>sourceTree</key>
			<string>&lt;group&gt;</string>
		</dict>
		<key>8278275B1CF837D600684CE5</key>
		<dict>
			<key>isa</key>
			<string>PBXFileReference</string>
			<key>lastKnownFileType</key>
			<string>file.storyboard</string>
			<key>name</key>
			<string>Base</string>
			<key>path</key>
			<string>Base.lproj/Main.storyboard</string>
			<key>sourceTree</key>
			<string>&lt;group&gt;</string>
		</dict>
		<key>8278275C1CF837D600684CE5</key>
		<dict>
			<key>fileRef</key>
			<string>8278275A1CF837D600684CE5</string>
			<key>isa</key>
			<string>PBXBuildFile</string>
		</dict>
		<key>8278275D1CF837D600684CE5</key>
		<dict>
			<key>children</key>
			<array>
				<string>8278275E1CF837D600684CE5</string>
			</array>
			<key>currentVersion</key>
			<string>8278275E1CF837D600684CE5</string>
			<key>isa</key>
			<string>XCVersionGroup</string>
			<key>path</key>
			<string>ZOBA.xcdatamodeld</string>
			<key>sourceTree</key>
			<string>&lt;group&gt;</string>
			<key>versionGroupType</key>
			<string>wrapper.xcdatamodel</string>
		</dict>
		<key>8278275E1CF837D600684CE5</key>
		<dict>
			<key>isa</key>
			<string>PBXFileReference</string>
			<key>lastKnownFileType</key>
			<string>wrapper.xcdatamodel</string>
			<key>path</key>
			<string>ZOBA.xcdatamodel</string>
			<key>sourceTree</key>
			<string>&lt;group&gt;</string>
		</dict>
		<key>8278275F1CF837D600684CE5</key>
		<dict>
			<key>fileRef</key>
			<string>8278275D1CF837D600684CE5</string>
			<key>isa</key>
			<string>PBXBuildFile</string>
		</dict>
		<key>827827601CF837D600684CE5</key>
		<dict>
			<key>isa</key>
			<string>PBXFileReference</string>
			<key>lastKnownFileType</key>
			<string>folder.assetcatalog</string>
			<key>path</key>
			<string>Assets.xcassets</string>
			<key>sourceTree</key>
			<string>&lt;group&gt;</string>
		</dict>
		<key>827827611CF837D600684CE5</key>
		<dict>
			<key>fileRef</key>
			<string>827827601CF837D600684CE5</string>
			<key>isa</key>
			<string>PBXBuildFile</string>
		</dict>
		<key>827827621CF837D600684CE5</key>
		<dict>
			<key>children</key>
			<array>
				<string>827827631CF837D600684CE5</string>
			</array>
			<key>isa</key>
			<string>PBXVariantGroup</string>
			<key>name</key>
			<string>LaunchScreen.storyboard</string>
			<key>sourceTree</key>
			<string>&lt;group&gt;</string>
		</dict>
		<key>827827631CF837D600684CE5</key>
		<dict>
			<key>isa</key>
			<string>PBXFileReference</string>
			<key>lastKnownFileType</key>
			<string>file.storyboard</string>
			<key>name</key>
			<string>Base</string>
			<key>path</key>
			<string>Base.lproj/LaunchScreen.storyboard</string>
			<key>sourceTree</key>
			<string>&lt;group&gt;</string>
		</dict>
		<key>827827641CF837D600684CE5</key>
		<dict>
			<key>fileRef</key>
			<string>827827621CF837D600684CE5</string>
			<key>isa</key>
			<string>PBXBuildFile</string>
		</dict>
		<key>827827651CF837D600684CE5</key>
		<dict>
			<key>isa</key>
			<string>PBXFileReference</string>
			<key>lastKnownFileType</key>
			<string>text.plist.xml</string>
			<key>path</key>
			<string>Info.plist</string>
			<key>sourceTree</key>
			<string>&lt;group&gt;</string>
		</dict>
		<key>827827661CF837D600684CE5</key>
		<dict>
			<key>buildActionMask</key>
			<string>2147483647</string>
			<key>files</key>
			<array>
				<string>8278276F1CF837D600684CE5</string>
			</array>
			<key>isa</key>
			<string>PBXSourcesBuildPhase</string>
			<key>runOnlyForDeploymentPostprocessing</key>
			<string>0</string>
		</dict>
		<key>827827671CF837D600684CE5</key>
		<dict>
			<key>buildActionMask</key>
			<string>2147483647</string>
			<key>files</key>
			<array>
				<string>D7E3809149A0ABDF4F894412</string>
			</array>
			<key>isa</key>
			<string>PBXFrameworksBuildPhase</string>
			<key>runOnlyForDeploymentPostprocessing</key>
			<string>0</string>
		</dict>
		<key>827827681CF837D600684CE5</key>
		<dict>
			<key>buildActionMask</key>
			<string>2147483647</string>
			<key>files</key>
			<array/>
			<key>isa</key>
			<string>PBXResourcesBuildPhase</string>
			<key>runOnlyForDeploymentPostprocessing</key>
			<string>0</string>
		</dict>
		<key>827827691CF837D600684CE5</key>
		<dict>
			<key>buildConfigurationList</key>
			<string>827827811CF837D600684CE5</string>
			<key>buildPhases</key>
			<array>
				<string>3B04073713425CEBC571F285</string>
				<string>827827661CF837D600684CE5</string>
				<string>827827671CF837D600684CE5</string>
				<string>827827681CF837D600684CE5</string>
				<string>611E24917CC261420B066CBC</string>
				<string>5764E96F0AF56FE33D0D0166</string>
			</array>
			<key>buildRules</key>
			<array/>
			<key>dependencies</key>
			<array>
				<string>8278276C1CF837D600684CE5</string>
			</array>
			<key>isa</key>
			<string>PBXNativeTarget</string>
			<key>name</key>
			<string>ZOBATests</string>
			<key>productName</key>
			<string>ZOBATests</string>
			<key>productReference</key>
			<string>8278276A1CF837D600684CE5</string>
			<key>productType</key>
			<string>com.apple.product-type.bundle.unit-test</string>
		</dict>
		<key>8278276A1CF837D600684CE5</key>
		<dict>
			<key>explicitFileType</key>
			<string>wrapper.cfbundle</string>
			<key>includeInIndex</key>
			<string>0</string>
			<key>isa</key>
			<string>PBXFileReference</string>
			<key>path</key>
			<string>ZOBATests.xctest</string>
			<key>sourceTree</key>
			<string>BUILT_PRODUCTS_DIR</string>
		</dict>
		<key>8278276B1CF837D600684CE5</key>
		<dict>
			<key>containerPortal</key>
			<string>8278274B1CF837D600684CE5</string>
			<key>isa</key>
			<string>PBXContainerItemProxy</string>
			<key>proxyType</key>
			<string>1</string>
			<key>remoteGlobalIDString</key>
			<string>827827521CF837D600684CE5</string>
			<key>remoteInfo</key>
			<string>ZOBA</string>
		</dict>
		<key>8278276C1CF837D600684CE5</key>
		<dict>
			<key>isa</key>
			<string>PBXTargetDependency</string>
			<key>target</key>
			<string>827827521CF837D600684CE5</string>
			<key>targetProxy</key>
			<string>8278276B1CF837D600684CE5</string>
		</dict>
		<key>8278276D1CF837D600684CE5</key>
		<dict>
			<key>children</key>
			<array>
				<string>8278276E1CF837D600684CE5</string>
				<string>827827701CF837D600684CE5</string>
			</array>
			<key>isa</key>
			<string>PBXGroup</string>
			<key>path</key>
			<string>ZOBATests</string>
			<key>sourceTree</key>
			<string>&lt;group&gt;</string>
		</dict>
		<key>8278276E1CF837D600684CE5</key>
		<dict>
			<key>isa</key>
			<string>PBXFileReference</string>
			<key>lastKnownFileType</key>
			<string>sourcecode.swift</string>
			<key>path</key>
			<string>ZOBATests.swift</string>
			<key>sourceTree</key>
			<string>&lt;group&gt;</string>
		</dict>
		<key>8278276F1CF837D600684CE5</key>
		<dict>
			<key>fileRef</key>
			<string>8278276E1CF837D600684CE5</string>
			<key>isa</key>
			<string>PBXBuildFile</string>
		</dict>
		<key>827827701CF837D600684CE5</key>
		<dict>
			<key>isa</key>
			<string>PBXFileReference</string>
			<key>lastKnownFileType</key>
			<string>text.plist.xml</string>
			<key>path</key>
			<string>Info.plist</string>
			<key>sourceTree</key>
			<string>&lt;group&gt;</string>
		</dict>
		<key>827827711CF837D600684CE5</key>
		<dict>
			<key>buildActionMask</key>
			<string>2147483647</string>
			<key>files</key>
			<array>
				<string>8278277A1CF837D600684CE5</string>
			</array>
			<key>isa</key>
			<string>PBXSourcesBuildPhase</string>
			<key>runOnlyForDeploymentPostprocessing</key>
			<string>0</string>
		</dict>
		<key>827827721CF837D600684CE5</key>
		<dict>
			<key>buildActionMask</key>
			<string>2147483647</string>
			<key>files</key>
			<array>
				<string>72BCD1798DE0A8E58F71CC74</string>
			</array>
			<key>isa</key>
			<string>PBXFrameworksBuildPhase</string>
			<key>runOnlyForDeploymentPostprocessing</key>
			<string>0</string>
		</dict>
		<key>827827731CF837D600684CE5</key>
		<dict>
			<key>buildActionMask</key>
			<string>2147483647</string>
			<key>files</key>
			<array/>
			<key>isa</key>
			<string>PBXResourcesBuildPhase</string>
			<key>runOnlyForDeploymentPostprocessing</key>
			<string>0</string>
		</dict>
		<key>827827741CF837D600684CE5</key>
		<dict>
			<key>buildConfigurationList</key>
			<string>827827841CF837D600684CE5</string>
			<key>buildPhases</key>
			<array>
				<string>EC708C73D3D50BDE278DB3C8</string>
				<string>827827711CF837D600684CE5</string>
				<string>827827721CF837D600684CE5</string>
				<string>827827731CF837D600684CE5</string>
				<string>907F6ED4AB25A244D87C8468</string>
			</array>
			<key>buildRules</key>
			<array/>
			<key>dependencies</key>
			<array>
				<string>827827771CF837D600684CE5</string>
			</array>
			<key>isa</key>
			<string>PBXNativeTarget</string>
			<key>name</key>
			<string>ZOBAUITests</string>
			<key>productName</key>
			<string>ZOBAUITests</string>
			<key>productReference</key>
			<string>827827751CF837D600684CE5</string>
			<key>productType</key>
			<string>com.apple.product-type.bundle.ui-testing</string>
		</dict>
		<key>827827751CF837D600684CE5</key>
		<dict>
			<key>explicitFileType</key>
			<string>wrapper.cfbundle</string>
			<key>includeInIndex</key>
			<string>0</string>
			<key>isa</key>
			<string>PBXFileReference</string>
			<key>path</key>
			<string>ZOBAUITests.xctest</string>
			<key>sourceTree</key>
			<string>BUILT_PRODUCTS_DIR</string>
		</dict>
		<key>827827761CF837D600684CE5</key>
		<dict>
			<key>containerPortal</key>
			<string>8278274B1CF837D600684CE5</string>
			<key>isa</key>
			<string>PBXContainerItemProxy</string>
			<key>proxyType</key>
			<string>1</string>
			<key>remoteGlobalIDString</key>
			<string>827827521CF837D600684CE5</string>
			<key>remoteInfo</key>
			<string>ZOBA</string>
		</dict>
		<key>827827771CF837D600684CE5</key>
		<dict>
			<key>isa</key>
			<string>PBXTargetDependency</string>
			<key>target</key>
			<string>827827521CF837D600684CE5</string>
			<key>targetProxy</key>
			<string>827827761CF837D600684CE5</string>
		</dict>
		<key>827827781CF837D600684CE5</key>
		<dict>
			<key>children</key>
			<array>
				<string>827827791CF837D600684CE5</string>
				<string>8278277B1CF837D600684CE5</string>
			</array>
			<key>isa</key>
			<string>PBXGroup</string>
			<key>path</key>
			<string>ZOBAUITests</string>
			<key>sourceTree</key>
			<string>&lt;group&gt;</string>
		</dict>
		<key>827827791CF837D600684CE5</key>
		<dict>
			<key>isa</key>
			<string>PBXFileReference</string>
			<key>lastKnownFileType</key>
			<string>sourcecode.swift</string>
			<key>path</key>
			<string>ZOBAUITests.swift</string>
			<key>sourceTree</key>
			<string>&lt;group&gt;</string>
		</dict>
		<key>8278277A1CF837D600684CE5</key>
		<dict>
			<key>fileRef</key>
			<string>827827791CF837D600684CE5</string>
			<key>isa</key>
			<string>PBXBuildFile</string>
		</dict>
		<key>8278277B1CF837D600684CE5</key>
		<dict>
			<key>isa</key>
			<string>PBXFileReference</string>
			<key>lastKnownFileType</key>
			<string>text.plist.xml</string>
			<key>path</key>
			<string>Info.plist</string>
			<key>sourceTree</key>
			<string>&lt;group&gt;</string>
		</dict>
		<key>8278277C1CF837D600684CE5</key>
		<dict>
			<key>buildSettings</key>
			<dict>
				<key>ALWAYS_SEARCH_USER_PATHS</key>
				<string>NO</string>
				<key>CLANG_ANALYZER_NONNULL</key>
				<string>YES</string>
				<key>CLANG_CXX_LANGUAGE_STANDARD</key>
				<string>gnu++0x</string>
				<key>CLANG_CXX_LIBRARY</key>
				<string>libc++</string>
				<key>CLANG_ENABLE_MODULES</key>
				<string>YES</string>
				<key>CLANG_ENABLE_OBJC_ARC</key>
				<string>YES</string>
				<key>CLANG_WARN_BOOL_CONVERSION</key>
				<string>YES</string>
				<key>CLANG_WARN_CONSTANT_CONVERSION</key>
				<string>YES</string>
				<key>CLANG_WARN_DIRECT_OBJC_ISA_USAGE</key>
				<string>YES_ERROR</string>
				<key>CLANG_WARN_EMPTY_BODY</key>
				<string>YES</string>
				<key>CLANG_WARN_ENUM_CONVERSION</key>
				<string>YES</string>
				<key>CLANG_WARN_INT_CONVERSION</key>
				<string>YES</string>
				<key>CLANG_WARN_OBJC_ROOT_CLASS</key>
				<string>YES_ERROR</string>
				<key>CLANG_WARN_UNREACHABLE_CODE</key>
				<string>YES</string>
				<key>CLANG_WARN__DUPLICATE_METHOD_MATCH</key>
				<string>YES</string>
				<key>CODE_SIGN_IDENTITY[sdk=iphoneos*]</key>
				<string>iPhone Developer</string>
				<key>COPY_PHASE_STRIP</key>
				<string>NO</string>
				<key>DEBUG_INFORMATION_FORMAT</key>
				<string>dwarf</string>
				<key>ENABLE_STRICT_OBJC_MSGSEND</key>
				<string>YES</string>
				<key>ENABLE_TESTABILITY</key>
				<string>YES</string>
				<key>GCC_C_LANGUAGE_STANDARD</key>
				<string>gnu99</string>
				<key>GCC_DYNAMIC_NO_PIC</key>
				<string>NO</string>
				<key>GCC_NO_COMMON_BLOCKS</key>
				<string>YES</string>
				<key>GCC_OPTIMIZATION_LEVEL</key>
				<string>0</string>
				<key>GCC_PREPROCESSOR_DEFINITIONS</key>
				<array>
					<string>DEBUG=1</string>
					<string>$(inherited)</string>
				</array>
				<key>GCC_WARN_64_TO_32_BIT_CONVERSION</key>
				<string>YES</string>
				<key>GCC_WARN_ABOUT_RETURN_TYPE</key>
				<string>YES_ERROR</string>
				<key>GCC_WARN_UNDECLARED_SELECTOR</key>
				<string>YES</string>
				<key>GCC_WARN_UNINITIALIZED_AUTOS</key>
				<string>YES_AGGRESSIVE</string>
				<key>GCC_WARN_UNUSED_FUNCTION</key>
				<string>YES</string>
				<key>GCC_WARN_UNUSED_VARIABLE</key>
				<string>YES</string>
				<key>IPHONEOS_DEPLOYMENT_TARGET</key>
				<string>9.3</string>
				<key>MTL_ENABLE_DEBUG_INFO</key>
				<string>YES</string>
				<key>ONLY_ACTIVE_ARCH</key>
				<string>YES</string>
				<key>SDKROOT</key>
				<string>iphoneos</string>
				<key>SWIFT_OPTIMIZATION_LEVEL</key>
				<string>-Onone</string>
			</dict>
			<key>isa</key>
			<string>XCBuildConfiguration</string>
			<key>name</key>
			<string>Debug</string>
		</dict>
		<key>8278277D1CF837D600684CE5</key>
		<dict>
			<key>buildSettings</key>
			<dict>
				<key>ALWAYS_SEARCH_USER_PATHS</key>
				<string>NO</string>
				<key>CLANG_ANALYZER_NONNULL</key>
				<string>YES</string>
				<key>CLANG_CXX_LANGUAGE_STANDARD</key>
				<string>gnu++0x</string>
				<key>CLANG_CXX_LIBRARY</key>
				<string>libc++</string>
				<key>CLANG_ENABLE_MODULES</key>
				<string>YES</string>
				<key>CLANG_ENABLE_OBJC_ARC</key>
				<string>YES</string>
				<key>CLANG_WARN_BOOL_CONVERSION</key>
				<string>YES</string>
				<key>CLANG_WARN_CONSTANT_CONVERSION</key>
				<string>YES</string>
				<key>CLANG_WARN_DIRECT_OBJC_ISA_USAGE</key>
				<string>YES_ERROR</string>
				<key>CLANG_WARN_EMPTY_BODY</key>
				<string>YES</string>
				<key>CLANG_WARN_ENUM_CONVERSION</key>
				<string>YES</string>
				<key>CLANG_WARN_INT_CONVERSION</key>
				<string>YES</string>
				<key>CLANG_WARN_OBJC_ROOT_CLASS</key>
				<string>YES_ERROR</string>
				<key>CLANG_WARN_UNREACHABLE_CODE</key>
				<string>YES</string>
				<key>CLANG_WARN__DUPLICATE_METHOD_MATCH</key>
				<string>YES</string>
				<key>CODE_SIGN_IDENTITY[sdk=iphoneos*]</key>
				<string>iPhone Developer</string>
				<key>COPY_PHASE_STRIP</key>
				<string>NO</string>
				<key>DEBUG_INFORMATION_FORMAT</key>
				<string>dwarf-with-dsym</string>
				<key>ENABLE_NS_ASSERTIONS</key>
				<string>NO</string>
				<key>ENABLE_STRICT_OBJC_MSGSEND</key>
				<string>YES</string>
				<key>GCC_C_LANGUAGE_STANDARD</key>
				<string>gnu99</string>
				<key>GCC_NO_COMMON_BLOCKS</key>
				<string>YES</string>
				<key>GCC_WARN_64_TO_32_BIT_CONVERSION</key>
				<string>YES</string>
				<key>GCC_WARN_ABOUT_RETURN_TYPE</key>
				<string>YES_ERROR</string>
				<key>GCC_WARN_UNDECLARED_SELECTOR</key>
				<string>YES</string>
				<key>GCC_WARN_UNINITIALIZED_AUTOS</key>
				<string>YES_AGGRESSIVE</string>
				<key>GCC_WARN_UNUSED_FUNCTION</key>
				<string>YES</string>
				<key>GCC_WARN_UNUSED_VARIABLE</key>
				<string>YES</string>
				<key>IPHONEOS_DEPLOYMENT_TARGET</key>
				<string>9.3</string>
				<key>MTL_ENABLE_DEBUG_INFO</key>
				<string>NO</string>
				<key>SDKROOT</key>
				<string>iphoneos</string>
				<key>VALIDATE_PRODUCT</key>
				<string>YES</string>
			</dict>
			<key>isa</key>
			<string>XCBuildConfiguration</string>
			<key>name</key>
			<string>Release</string>
		</dict>
		<key>8278277E1CF837D600684CE5</key>
		<dict>
			<key>buildConfigurations</key>
			<array>
				<string>8278277F1CF837D600684CE5</string>
				<string>827827801CF837D600684CE5</string>
			</array>
			<key>defaultConfigurationIsVisible</key>
			<string>0</string>
			<key>defaultConfigurationName</key>
			<string>Release</string>
			<key>isa</key>
			<string>XCConfigurationList</string>
		</dict>
		<key>8278277F1CF837D600684CE5</key>
		<dict>
			<key>baseConfigurationReference</key>
			<string>BD7787F9DCD77BFD9E47D307</string>
			<key>buildSettings</key>
			<dict>
				<key>ASSETCATALOG_COMPILER_APPICON_NAME</key>
				<string>AppIcon</string>
				<key>INFOPLIST_FILE</key>
				<string>ZOBA/Info.plist</string>
				<key>IPHONEOS_DEPLOYMENT_TARGET</key>
				<string>9.3</string>
				<key>LD_RUNPATH_SEARCH_PATHS</key>
				<string>$(inherited) @executable_path/Frameworks</string>
				<key>PRODUCT_BUNDLE_IDENTIFIER</key>
				<string>RE.ZOBA</string>
				<key>PRODUCT_NAME</key>
				<string>$(TARGET_NAME)</string>
			</dict>
			<key>isa</key>
			<string>XCBuildConfiguration</string>
			<key>name</key>
			<string>Debug</string>
		</dict>
		<key>827827801CF837D600684CE5</key>
		<dict>
			<key>baseConfigurationReference</key>
			<string>3C4DC4794BB8782CEF3EBF4B</string>
			<key>buildSettings</key>
			<dict>
				<key>ASSETCATALOG_COMPILER_APPICON_NAME</key>
				<string>AppIcon</string>
				<key>INFOPLIST_FILE</key>
				<string>ZOBA/Info.plist</string>
				<key>IPHONEOS_DEPLOYMENT_TARGET</key>
				<string>9.3</string>
				<key>LD_RUNPATH_SEARCH_PATHS</key>
				<string>$(inherited) @executable_path/Frameworks</string>
				<key>PRODUCT_BUNDLE_IDENTIFIER</key>
				<string>RE.ZOBA</string>
				<key>PRODUCT_NAME</key>
				<string>$(TARGET_NAME)</string>
			</dict>
			<key>isa</key>
			<string>XCBuildConfiguration</string>
			<key>name</key>
			<string>Release</string>
		</dict>
		<key>827827811CF837D600684CE5</key>
		<dict>
			<key>buildConfigurations</key>
			<array>
				<string>827827821CF837D600684CE5</string>
				<string>827827831CF837D600684CE5</string>
			</array>
			<key>defaultConfigurationIsVisible</key>
			<string>0</string>
			<key>defaultConfigurationName</key>
			<string>Release</string>
			<key>isa</key>
			<string>XCConfigurationList</string>
		</dict>
		<key>827827821CF837D600684CE5</key>
		<dict>
			<key>baseConfigurationReference</key>
			<string>C8594A3E0A7DBD3B1374B0E8</string>
			<key>buildSettings</key>
			<dict>
				<key>BUNDLE_LOADER</key>
				<string>$(TEST_HOST)</string>
				<key>INFOPLIST_FILE</key>
				<string>ZOBATests/Info.plist</string>
				<key>LD_RUNPATH_SEARCH_PATHS</key>
				<string>$(inherited) @executable_path/Frameworks @loader_path/Frameworks</string>
				<key>PRODUCT_BUNDLE_IDENTIFIER</key>
				<string>RE.ZOBATests</string>
				<key>PRODUCT_NAME</key>
				<string>$(TARGET_NAME)</string>
				<key>TEST_HOST</key>
				<string>$(BUILT_PRODUCTS_DIR)/ZOBA.app/ZOBA</string>
			</dict>
			<key>isa</key>
			<string>XCBuildConfiguration</string>
			<key>name</key>
			<string>Debug</string>
		</dict>
		<key>827827831CF837D600684CE5</key>
		<dict>
			<key>baseConfigurationReference</key>
			<string>05E06D0C7F575767E06BD287</string>
			<key>buildSettings</key>
			<dict>
				<key>BUNDLE_LOADER</key>
				<string>$(TEST_HOST)</string>
				<key>INFOPLIST_FILE</key>
				<string>ZOBATests/Info.plist</string>
				<key>LD_RUNPATH_SEARCH_PATHS</key>
				<string>$(inherited) @executable_path/Frameworks @loader_path/Frameworks</string>
				<key>PRODUCT_BUNDLE_IDENTIFIER</key>
				<string>RE.ZOBATests</string>
				<key>PRODUCT_NAME</key>
				<string>$(TARGET_NAME)</string>
				<key>TEST_HOST</key>
				<string>$(BUILT_PRODUCTS_DIR)/ZOBA.app/ZOBA</string>
			</dict>
			<key>isa</key>
			<string>XCBuildConfiguration</string>
			<key>name</key>
			<string>Release</string>
		</dict>
		<key>827827841CF837D600684CE5</key>
		<dict>
			<key>buildConfigurations</key>
			<array>
				<string>827827851CF837D600684CE5</string>
				<string>827827861CF837D600684CE5</string>
			</array>
			<key>defaultConfigurationIsVisible</key>
			<string>0</string>
			<key>defaultConfigurationName</key>
			<string>Release</string>
			<key>isa</key>
			<string>XCConfigurationList</string>
		</dict>
		<key>827827851CF837D600684CE5</key>
		<dict>
			<key>baseConfigurationReference</key>
			<string>B7974B3E65B33BEAC6D00F69</string>
			<key>buildSettings</key>
			<dict>
				<key>INFOPLIST_FILE</key>
				<string>ZOBAUITests/Info.plist</string>
				<key>LD_RUNPATH_SEARCH_PATHS</key>
				<string>$(inherited) @executable_path/Frameworks @loader_path/Frameworks</string>
				<key>PRODUCT_BUNDLE_IDENTIFIER</key>
				<string>RE.ZOBAUITests</string>
				<key>PRODUCT_NAME</key>
				<string>$(TARGET_NAME)</string>
				<key>TEST_TARGET_NAME</key>
				<string>ZOBA</string>
			</dict>
			<key>isa</key>
			<string>XCBuildConfiguration</string>
			<key>name</key>
			<string>Debug</string>
		</dict>
		<key>827827861CF837D600684CE5</key>
		<dict>
			<key>baseConfigurationReference</key>
			<string>116AC9BAA293836FEAA57FDB</string>
			<key>buildSettings</key>
			<dict>
				<key>INFOPLIST_FILE</key>
				<string>ZOBAUITests/Info.plist</string>
				<key>LD_RUNPATH_SEARCH_PATHS</key>
				<string>$(inherited) @executable_path/Frameworks @loader_path/Frameworks</string>
				<key>PRODUCT_BUNDLE_IDENTIFIER</key>
				<string>RE.ZOBAUITests</string>
				<key>PRODUCT_NAME</key>
				<string>$(TARGET_NAME)</string>
				<key>TEST_TARGET_NAME</key>
				<string>ZOBA</string>
			</dict>
			<key>isa</key>
			<string>XCBuildConfiguration</string>
			<key>name</key>
			<string>Release</string>
		</dict>
		<key>82F8B8891CF87C3500E46B05</key>
		<dict>
			<key>children</key>
			<array>
				<string>82F8B8C11CF89A2500E46B05</string>
				<string>82F8B8C21CF89A2500E46B05</string>
				<string>82F8B8981CF8807400E46B05</string>
				<string>82F8B8991CF8807400E46B05</string>
				<string>82F8B89A1CF8807400E46B05</string>
				<string>82F8B89B1CF8807400E46B05</string>
				<string>82F8B89C1CF8807400E46B05</string>
				<string>82F8B89D1CF8807400E46B05</string>
				<string>82F8B89E1CF8807400E46B05</string>
			</array>
			<key>isa</key>
			<string>PBXGroup</string>
			<key>path</key>
			<string>media</string>
			<key>sourceTree</key>
			<string>&lt;group&gt;</string>
		</dict>
		<key>82F8B8981CF8807400E46B05</key>
		<dict>
			<key>isa</key>
			<string>PBXFileReference</string>
			<key>lastKnownFileType</key>
			<string>image.png</string>
			<key>name</key>
			<string>logo.png</string>
			<key>path</key>
			<string>images/logo.png</string>
			<key>sourceTree</key>
			<string>&lt;group&gt;</string>
		</dict>
		<key>82F8B8991CF8807400E46B05</key>
		<dict>
			<key>isa</key>
			<string>PBXFileReference</string>
			<key>lastKnownFileType</key>
			<string>image.png</string>
			<key>name</key>
			<string>rescue.png</string>
			<key>path</key>
			<string>images/rescue.png</string>
			<key>sourceTree</key>
			<string>&lt;group&gt;</string>
		</dict>
		<key>82F8B89A1CF8807400E46B05</key>
		<dict>
			<key>isa</key>
			<string>PBXFileReference</string>
			<key>lastKnownFileType</key>
			<string>image.png</string>
			<key>name</key>
			<string>service-centers.png</string>
			<key>path</key>
			<string>images/service-centers.png</string>
			<key>sourceTree</key>
			<string>&lt;group&gt;</string>
		</dict>
		<key>82F8B89B1CF8807400E46B05</key>
		<dict>
			<key>isa</key>
			<string>PBXFileReference</string>
			<key>lastKnownFileType</key>
			<string>image.png</string>
			<key>name</key>
			<string>statistics.png</string>
			<key>path</key>
			<string>images/statistics.png</string>
			<key>sourceTree</key>
			<string>&lt;group&gt;</string>
		</dict>
		<key>82F8B89C1CF8807400E46B05</key>
		<dict>
			<key>isa</key>
			<string>PBXFileReference</string>
			<key>lastKnownFileType</key>
			<string>image.png</string>
			<key>name</key>
			<string>street.png</string>
			<key>path</key>
			<string>images/street.png</string>
			<key>sourceTree</key>
			<string>&lt;group&gt;</string>
		</dict>
		<key>82F8B89D1CF8807400E46B05</key>
		<dict>
			<key>isa</key>
			<string>PBXFileReference</string>
			<key>lastKnownFileType</key>
			<string>image.png</string>
			<key>name</key>
			<string>tips.png</string>
			<key>path</key>
			<string>images/tips.png</string>
			<key>sourceTree</key>
			<string>&lt;group&gt;</string>
		</dict>
		<key>82F8B89E1CF8807400E46B05</key>
		<dict>
			<key>isa</key>
			<string>PBXFileReference</string>
			<key>lastKnownFileType</key>
			<string>image.png</string>
			<key>name</key>
			<string>tracking.png</string>
			<key>path</key>
			<string>images/tracking.png</string>
			<key>sourceTree</key>
			<string>&lt;group&gt;</string>
		</dict>
		<key>82F8B89F1CF8807400E46B05</key>
		<dict>
			<key>fileRef</key>
			<string>82F8B8981CF8807400E46B05</string>
			<key>isa</key>
			<string>PBXBuildFile</string>
		</dict>
		<key>82F8B8A01CF8807400E46B05</key>
		<dict>
			<key>fileRef</key>
			<string>82F8B8991CF8807400E46B05</string>
			<key>isa</key>
			<string>PBXBuildFile</string>
		</dict>
		<key>82F8B8A11CF8807400E46B05</key>
		<dict>
			<key>fileRef</key>
			<string>82F8B89A1CF8807400E46B05</string>
			<key>isa</key>
			<string>PBXBuildFile</string>
		</dict>
		<key>82F8B8A21CF8807400E46B05</key>
		<dict>
			<key>fileRef</key>
			<string>82F8B89B1CF8807400E46B05</string>
			<key>isa</key>
			<string>PBXBuildFile</string>
		</dict>
		<key>82F8B8A31CF8807400E46B05</key>
		<dict>
			<key>fileRef</key>
			<string>82F8B89C1CF8807400E46B05</string>
			<key>isa</key>
			<string>PBXBuildFile</string>
		</dict>
		<key>82F8B8A41CF8807400E46B05</key>
		<dict>
			<key>fileRef</key>
			<string>82F8B89D1CF8807400E46B05</string>
			<key>isa</key>
			<string>PBXBuildFile</string>
		</dict>
		<key>82F8B8A51CF8807400E46B05</key>
		<dict>
			<key>fileRef</key>
			<string>82F8B89E1CF8807400E46B05</string>
			<key>isa</key>
			<string>PBXBuildFile</string>
		</dict>
		<key>82F8B8B61CF8905B00E46B05</key>
		<dict>
			<key>children</key>
			<array>
				<string>82F8B8B71CF8905B00E46B05</string>
				<string>82F8B8B81CF8905B00E46B05</string>
				<string>82F8B8B91CF8905B00E46B05</string>
				<string>82F8B8BA1CF8905B00E46B05</string>
				<string>82F8B8BB1CF8905B00E46B05</string>
			</array>
			<key>isa</key>
			<string>PBXGroup</string>
			<key>name</key>
			<string>fonts</string>
			<key>path</key>
			<string>media/fonts</string>
			<key>sourceTree</key>
			<string>&lt;group&gt;</string>
		</dict>
		<key>82F8B8B71CF8905B00E46B05</key>
		<dict>
			<key>isa</key>
			<string>PBXFileReference</string>
			<key>lastKnownFileType</key>
			<string>file</string>
			<key>path</key>
			<string>contb.ttf</string>
			<key>sourceTree</key>
			<string>&lt;group&gt;</string>
		</dict>
		<key>82F8B8B81CF8905B00E46B05</key>
		<dict>
			<key>isa</key>
			<string>PBXFileReference</string>
			<key>lastKnownFileType</key>
			<string>file</string>
			<key>path</key>
			<string>contl.ttf</string>
			<key>sourceTree</key>
			<string>&lt;group&gt;</string>
		</dict>
		<key>82F8B8B91CF8905B00E46B05</key>
		<dict>
			<key>isa</key>
			<string>PBXFileReference</string>
			<key>lastKnownFileType</key>
			<string>file</string>
			<key>path</key>
			<string>contm.ttf</string>
			<key>sourceTree</key>
			<string>&lt;group&gt;</string>
		</dict>
		<key>82F8B8BA1CF8905B00E46B05</key>
		<dict>
			<key>isa</key>
			<string>PBXFileReference</string>
			<key>lastKnownFileType</key>
			<string>file</string>
			<key>path</key>
			<string>nasalization rg.ttf</string>
			<key>sourceTree</key>
			<string>&lt;group&gt;</string>
		</dict>
		<key>82F8B8BB1CF8905B00E46B05</key>
		<dict>
			<key>isa</key>
			<string>PBXFileReference</string>
			<key>lastKnownFileType</key>
			<string>file</string>
			<key>path</key>
			<string>sf-outer-limits.upright.ttf</string>
			<key>sourceTree</key>
			<string>&lt;group&gt;</string>
		</dict>
		<key>82F8B8BC1CF8905B00E46B05</key>
		<dict>
			<key>fileRef</key>
			<string>82F8B8B71CF8905B00E46B05</string>
			<key>isa</key>
			<string>PBXBuildFile</string>
		</dict>
		<key>82F8B8BD1CF8905B00E46B05</key>
		<dict>
			<key>fileRef</key>
			<string>82F8B8B81CF8905B00E46B05</string>
			<key>isa</key>
			<string>PBXBuildFile</string>
		</dict>
		<key>82F8B8BE1CF8905B00E46B05</key>
		<dict>
			<key>fileRef</key>
			<string>82F8B8B91CF8905B00E46B05</string>
			<key>isa</key>
			<string>PBXBuildFile</string>
		</dict>
		<key>82F8B8BF1CF8905B00E46B05</key>
		<dict>
			<key>fileRef</key>
			<string>82F8B8BA1CF8905B00E46B05</string>
			<key>isa</key>
			<string>PBXBuildFile</string>
		</dict>
		<key>82F8B8C01CF8905B00E46B05</key>
		<dict>
			<key>fileRef</key>
			<string>82F8B8BB1CF8905B00E46B05</string>
			<key>isa</key>
			<string>PBXBuildFile</string>
		</dict>
		<key>82F8B8C11CF89A2500E46B05</key>
		<dict>
			<key>isa</key>
			<string>PBXFileReference</string>
			<key>lastKnownFileType</key>
			<string>image.png</string>
			<key>name</key>
			<string>splash-background.png</string>
			<key>path</key>
			<string>images/splash-background.png</string>
			<key>sourceTree</key>
			<string>&lt;group&gt;</string>
		</dict>
		<key>82F8B8C21CF89A2500E46B05</key>
		<dict>
			<key>isa</key>
			<string>PBXFileReference</string>
			<key>lastKnownFileType</key>
			<string>image.png</string>
			<key>name</key>
			<string>splash-logo.png</string>
			<key>path</key>
			<string>images/splash-logo.png</string>
			<key>sourceTree</key>
			<string>&lt;group&gt;</string>
		</dict>
		<key>82F8B8C31CF89A2500E46B05</key>
		<dict>
			<key>fileRef</key>
			<string>82F8B8C11CF89A2500E46B05</string>
			<key>isa</key>
			<string>PBXBuildFile</string>
		</dict>
		<key>82F8B8C41CF89A2500E46B05</key>
		<dict>
			<key>fileRef</key>
			<string>82F8B8C21CF89A2500E46B05</string>
			<key>isa</key>
			<string>PBXBuildFile</string>
		</dict>
		<key>8C55916D1CFA4CBE007698D0</key>
		<dict>
			<key>fileEncoding</key>
			<string>4</string>
			<key>isa</key>
			<string>PBXFileReference</string>
			<key>lastKnownFileType</key>
			<string>sourcecode.swift</string>
			<key>name</key>
			<string>MyUser+CoreDataProperties.swift</string>
			<key>path</key>
			<string>ZOBA/MyUser+CoreDataProperties.swift</string>
			<key>sourceTree</key>
			<string>&lt;group&gt;</string>
		</dict>
		<key>8C55916E1CFA4CBE007698D0</key>
		<dict>
			<key>fileEncoding</key>
			<string>4</string>
			<key>isa</key>
			<string>PBXFileReference</string>
			<key>lastKnownFileType</key>
			<string>sourcecode.swift</string>
			<key>name</key>
			<string>MyUser.swift</string>
			<key>path</key>
			<string>ZOBA/MyUser.swift</string>
			<key>sourceTree</key>
			<string>&lt;group&gt;</string>
		</dict>
		<key>8C55916F1CFA4CBE007698D0</key>
		<dict>
			<key>fileRef</key>
			<string>8C55916D1CFA4CBE007698D0</string>
			<key>isa</key>
			<string>PBXBuildFile</string>
		</dict>
		<key>8C5591701CFA4CBE007698D0</key>
		<dict>
			<key>fileRef</key>
			<string>8C55916E1CFA4CBE007698D0</string>
			<key>isa</key>
			<string>PBXBuildFile</string>
		</dict>
		<key>8C5591711CFA4CD8007698D0</key>
		<dict>
			<key>children</key>
			<array>
				<string>8C55916D1CFA4CBE007698D0</string>
				<string>8C55916E1CFA4CBE007698D0</string>
			</array>
			<key>isa</key>
			<string>PBXGroup</string>
			<key>name</key>
			<string>Poco</string>
			<key>path</key>
			<string>..</string>
			<key>sourceTree</key>
			<string>&lt;group&gt;</string>
		</dict>
		<key>8CF603551CFA560E00A21D88</key>
		<dict>
			<key>children</key>
			<array>
				<string>8CF603561CFA563200A21D88</string>
			</array>
			<key>isa</key>
			<string>PBXGroup</string>
			<key>name</key>
			<string>Dao</string>
			<key>path</key>
			<string>..</string>
			<key>sourceTree</key>
			<string>&lt;group&gt;</string>
		</dict>
		<key>8CF603561CFA563200A21D88</key>
		<dict>
			<key>fileEncoding</key>
			<string>4</string>
			<key>isa</key>
			<string>PBXFileReference</string>
			<key>lastKnownFileType</key>
			<string>sourcecode.swift</string>
			<key>path</key>
			<string>MyUserDao.swift</string>
			<key>sourceTree</key>
			<string>&lt;group&gt;</string>
		</dict>
		<key>8CF603571CFA563200A21D88</key>
		<dict>
			<key>fileRef</key>
			<string>8CF603561CFA563200A21D88</string>
			<key>isa</key>
			<string>PBXBuildFile</string>
		</dict>
		<key>907F6ED4AB25A244D87C8468</key>
		<dict>
			<key>buildActionMask</key>
			<string>2147483647</string>
			<key>files</key>
			<array/>
			<key>inputPaths</key>
			<array/>
			<key>isa</key>
			<string>PBXShellScriptBuildPhase</string>
			<key>name</key>
			<string>&#128230; Copy Pods Resources</string>
			<key>outputPaths</key>
			<array/>
			<key>runOnlyForDeploymentPostprocessing</key>
			<string>0</string>
			<key>shellPath</key>
			<string>/bin/sh</string>
			<key>shellScript</key>
			<string>"${SRCROOT}/Pods/Target Support Files/Pods-ZOBAUITests/Pods-ZOBAUITests-resources.sh"
</string>
			<key>showEnvVarsInLog</key>
			<string>0</string>
		</dict>
		<key>913C8D0E44712453084AA5C5</key>
		<dict>
			<key>buildActionMask</key>
			<string>2147483647</string>
			<key>files</key>
			<array/>
			<key>inputPaths</key>
			<array/>
			<key>isa</key>
			<string>PBXShellScriptBuildPhase</string>
			<key>name</key>
			<string>&#128230; Embed Pods Frameworks</string>
			<key>outputPaths</key>
			<array/>
			<key>runOnlyForDeploymentPostprocessing</key>
			<string>0</string>
			<key>shellPath</key>
			<string>/bin/sh</string>
			<key>shellScript</key>
			<string>"${SRCROOT}/Pods/Target Support Files/Pods-ZOBA/Pods-ZOBA-frameworks.sh"
</string>
			<key>showEnvVarsInLog</key>
			<string>0</string>
		</dict>
		<key>B49BB44D82DD61F50ECD53FA</key>
		<dict>
			<key>buildActionMask</key>
			<string>2147483647</string>
			<key>files</key>
			<array/>
			<key>inputPaths</key>
			<array/>
			<key>isa</key>
			<string>PBXShellScriptBuildPhase</string>
			<key>name</key>
			<string>Embed Pods Frameworks</string>
			<key>outputPaths</key>
			<array/>
			<key>runOnlyForDeploymentPostprocessing</key>
			<string>0</string>
			<key>shellPath</key>
			<string>/bin/sh</string>
			<key>shellScript</key>
			<string>"${SRCROOT}/Pods/Target Support Files/Pods-ZOBA/Pods-ZOBA-frameworks.sh"
</string>
			<key>showEnvVarsInLog</key>
			<string>0</string>
		</dict>
		<key>B7974B3E65B33BEAC6D00F69</key>
		<dict>
			<key>includeInIndex</key>
			<string>1</string>
			<key>isa</key>
			<string>PBXFileReference</string>
			<key>lastKnownFileType</key>
			<string>text.xcconfig</string>
			<key>name</key>
			<string>Pods-ZOBAUITests.debug.xcconfig</string>
			<key>path</key>
			<string>Pods/Target Support Files/Pods-ZOBAUITests/Pods-ZOBAUITests.debug.xcconfig</string>
			<key>sourceTree</key>
			<string>&lt;group&gt;</string>
		</dict>
		<key>BC6AB6838CF825B6FCF1C696</key>
		<dict>
			<key>buildActionMask</key>
			<string>2147483647</string>
			<key>files</key>
			<array/>
			<key>inputPaths</key>
			<array/>
			<key>isa</key>
			<string>PBXShellScriptBuildPhase</string>
			<key>name</key>
			<string>&#128230; Check Pods Manifest.lock</string>
			<key>outputPaths</key>
			<array/>
			<key>runOnlyForDeploymentPostprocessing</key>
			<string>0</string>
			<key>shellPath</key>
			<string>/bin/sh</string>
			<key>shellScript</key>
			<string>diff "${PODS_ROOT}/../Podfile.lock" "${PODS_ROOT}/Manifest.lock" &gt; /dev/null
if [[ $? != 0 ]] ; then
    cat &lt;&lt; EOM
error: The sandbox is not in sync with the Podfile.lock. Run 'pod install' or update your CocoaPods installation.
EOM
    exit 1
fi
</string>
			<key>showEnvVarsInLog</key>
			<string>0</string>
		</dict>
		<key>BD7787F9DCD77BFD9E47D307</key>
		<dict>
			<key>includeInIndex</key>
			<string>1</string>
			<key>isa</key>
			<string>PBXFileReference</string>
			<key>lastKnownFileType</key>
			<string>text.xcconfig</string>
			<key>name</key>
			<string>Pods-ZOBA.debug.xcconfig</string>
			<key>path</key>
			<string>Pods/Target Support Files/Pods-ZOBA/Pods-ZOBA.debug.xcconfig</string>
			<key>sourceTree</key>
			<string>&lt;group&gt;</string>
		</dict>
		<key>C8594A3E0A7DBD3B1374B0E8</key>
		<dict>
			<key>includeInIndex</key>
			<string>1</string>
			<key>isa</key>
			<string>PBXFileReference</string>
			<key>lastKnownFileType</key>
			<string>text.xcconfig</string>
			<key>name</key>
			<string>Pods-ZOBATests.debug.xcconfig</string>
			<key>path</key>
			<string>Pods/Target Support Files/Pods-ZOBATests/Pods-ZOBATests.debug.xcconfig</string>
			<key>sourceTree</key>
			<string>&lt;group&gt;</string>
		</dict>
		<key>D330313799DC0A970BE8E5C7</key>
		<dict>
			<key>explicitFileType</key>
			<string>wrapper.framework</string>
			<key>includeInIndex</key>
			<string>0</string>
			<key>isa</key>
			<string>PBXFileReference</string>
			<key>path</key>
			<string>Pods_ZOBA.framework</string>
			<key>sourceTree</key>
			<string>BUILT_PRODUCTS_DIR</string>
		</dict>
		<key>D7E3809149A0ABDF4F894412</key>
		<dict>
			<key>fileRef</key>
			<string>15F22B55CA5A4F6D9EB169C8</string>
			<key>isa</key>
			<string>PBXBuildFile</string>
		</dict>
		<key>D8C70AD28D2074D735BE96A1</key>
		<dict>
			<key>buildActionMask</key>
			<string>2147483647</string>
			<key>files</key>
			<array/>
			<key>inputPaths</key>
			<array/>
			<key>isa</key>
			<string>PBXShellScriptBuildPhase</string>
			<key>name</key>
			<string>&#128230; Copy Pods Resources</string>
			<key>outputPaths</key>
			<array/>
			<key>runOnlyForDeploymentPostprocessing</key>
			<string>0</string>
			<key>shellPath</key>
			<string>/bin/sh</string>
			<key>shellScript</key>
			<string>"${SRCROOT}/Pods/Target Support Files/Pods-ZOBA/Pods-ZOBA-resources.sh"
</string>
			<key>showEnvVarsInLog</key>
			<string>0</string>
		</dict>
		<key>EC708C73D3D50BDE278DB3C8</key>
		<dict>
			<key>buildActionMask</key>
			<string>2147483647</string>
			<key>files</key>
			<array/>
			<key>inputPaths</key>
			<array/>
			<key>isa</key>
			<string>PBXShellScriptBuildPhase</string>
			<key>name</key>
			<string>&#128230; Check Pods Manifest.lock</string>
			<key>outputPaths</key>
			<array/>
			<key>runOnlyForDeploymentPostprocessing</key>
			<string>0</string>
			<key>shellPath</key>
			<string>/bin/sh</string>
			<key>shellScript</key>
			<string>diff "${PODS_ROOT}/../Podfile.lock" "${PODS_ROOT}/Manifest.lock" &gt; /dev/null
if [[ $? != 0 ]] ; then
    cat &lt;&lt; EOM
error: The sandbox is not in sync with the Podfile.lock. Run 'pod install' or update your CocoaPods installation.
EOM
    exit 1
fi
</string>
			<key>showEnvVarsInLog</key>
			<string>0</string>
		</dict>
	</dict>
	<key>rootObject</key>
	<string>8278274B1CF837D600684CE5</string>
</dict>
</plist>
>>>>>>> master
