// !$*UTF8*$!
{
	archiveVersion = 1;
	classes = {
	};
	objectVersion = 46;
	objects = {

/* Begin PBXBuildFile section */
		39A2F33710BE64FC9853582A /* Pods_ZOBA.framework in Frameworks */ = {isa = PBXBuildFile; fileRef = D330313799DC0A970BE8E5C7 /* Pods_ZOBA.framework */; };
		72BCD1798DE0A8E58F71CC74 /* Pods_ZOBAUITests.framework in Frameworks */ = {isa = PBXBuildFile; fileRef = 3F8E380008BDADDDD9B21C92 /* Pods_ZOBAUITests.framework */; };
		82057F741D048C1700BC80DD /* AddVehicleViewController.swift in Sources */ = {isa = PBXBuildFile; fileRef = 82057F731D048C1700BC80DD /* AddVehicleViewController.swift */; };
		82057F791D048FDA00BC80DD /* AddOilViewController.swift in Sources */ = {isa = PBXBuildFile; fileRef = 82057F781D048FDA00BC80DD /* AddOilViewController.swift */; };
		82057F7B1D04906C00BC80DD /* AddFuelViewController.swift in Sources */ = {isa = PBXBuildFile; fileRef = 82057F7A1D04906C00BC80DD /* AddFuelViewController.swift */; };
		82057F7E1D0490D600BC80DD /* TimelineViewController.swift in Sources */ = {isa = PBXBuildFile; fileRef = 82057F7D1D0490D600BC80DD /* TimelineViewController.swift */; };
		82057F801D0490E400BC80DD /* AddTripViewController.swift in Sources */ = {isa = PBXBuildFile; fileRef = 82057F7F1D0490E400BC80DD /* AddTripViewController.swift */; };
		82501A751D05A9A3008272CB /* add-fuel.png in Resources */ = {isa = PBXBuildFile; fileRef = 82501A661D05A9A3008272CB /* add-fuel.png */; };
		82501A761D05A9A3008272CB /* add-oil.png in Resources */ = {isa = PBXBuildFile; fileRef = 82501A671D05A9A3008272CB /* add-oil.png */; };
		82501A771D05A9A3008272CB /* add-trip.png in Resources */ = {isa = PBXBuildFile; fileRef = 82501A681D05A9A3008272CB /* add-trip.png */; };
		82501A781D05A9A3008272CB /* calendar.png in Resources */ = {isa = PBXBuildFile; fileRef = 82501A691D05A9A3008272CB /* calendar.png */; };
		82501A791D05A9A3008272CB /* flag.png in Resources */ = {isa = PBXBuildFile; fileRef = 82501A6A1D05A9A3008272CB /* flag.png */; };
		82501A7A1D05A9A3008272CB /* gas-level.png in Resources */ = {isa = PBXBuildFile; fileRef = 82501A6B1D05A9A3008272CB /* gas-level.png */; };
		82501A7B1D05A9A3008272CB /* hexa.png in Resources */ = {isa = PBXBuildFile; fileRef = 82501A6C1D05A9A3008272CB /* hexa.png */; };
		82501A7C1D05A9A3008272CB /* line.png in Resources */ = {isa = PBXBuildFile; fileRef = 82501A6D1D05A9A3008272CB /* line.png */; };
		82501A7D1D05A9A3008272CB /* Odometer.png in Resources */ = {isa = PBXBuildFile; fileRef = 82501A6E1D05A9A3008272CB /* Odometer.png */; };
		82501A7E1D05A9A3008272CB /* oil-level.png in Resources */ = {isa = PBXBuildFile; fileRef = 82501A6F1D05A9A3008272CB /* oil-level.png */; };
		82501A7F1D05A9A3008272CB /* placeholder.png in Resources */ = {isa = PBXBuildFile; fileRef = 82501A701D05A9A3008272CB /* placeholder.png */; };
		82501A801D05A9A3008272CB /* rainbow.png in Resources */ = {isa = PBXBuildFile; fileRef = 82501A711D05A9A3008272CB /* rainbow.png */; };
		82501A811D05A9A3008272CB /* route.png in Resources */ = {isa = PBXBuildFile; fileRef = 82501A721D05A9A3008272CB /* route.png */; };
		82501A821D05A9A3008272CB /* service-car.png in Resources */ = {isa = PBXBuildFile; fileRef = 82501A731D05A9A3008272CB /* service-car.png */; };
		82501A831D05A9A3008272CB /* timeline-circle.png in Resources */ = {isa = PBXBuildFile; fileRef = 82501A741D05A9A3008272CB /* timeline-circle.png */; };
		8255E19C1D0426430044C2CB /* HomeViewController.swift in Sources */ = {isa = PBXBuildFile; fileRef = 8255E19B1D0426430044C2CB /* HomeViewController.swift */; };
		8265E7F01D0583560039D0AF /* RegisterViewController.swift in Sources */ = {isa = PBXBuildFile; fileRef = 829C43791CFBAC9500869E59 /* RegisterViewController.swift */; };
		8265E7F11D0583780039D0AF /* AppDelegate.swift in Sources */ = {isa = PBXBuildFile; fileRef = 827827561CF837D600684CE5 /* AppDelegate.swift */; };
		827827591CF837D600684CE5 /* ViewController.swift in Sources */ = {isa = PBXBuildFile; fileRef = 827827581CF837D600684CE5 /* ViewController.swift */; };
		8278275C1CF837D600684CE5 /* Main.storyboard in Resources */ = {isa = PBXBuildFile; fileRef = 8278275A1CF837D600684CE5 /* Main.storyboard */; };
		8278275F1CF837D600684CE5 /* ZOBA.xcdatamodeld in Sources */ = {isa = PBXBuildFile; fileRef = 8278275D1CF837D600684CE5 /* ZOBA.xcdatamodeld */; };
		827827611CF837D600684CE5 /* Assets.xcassets in Resources */ = {isa = PBXBuildFile; fileRef = 827827601CF837D600684CE5 /* Assets.xcassets */; };
		827827641CF837D600684CE5 /* LaunchScreen.storyboard in Resources */ = {isa = PBXBuildFile; fileRef = 827827621CF837D600684CE5 /* LaunchScreen.storyboard */; };
		8278276F1CF837D600684CE5 /* ZOBATests.swift in Sources */ = {isa = PBXBuildFile; fileRef = 8278276E1CF837D600684CE5 /* ZOBATests.swift */; };
		8278277A1CF837D600684CE5 /* ZOBAUITests.swift in Sources */ = {isa = PBXBuildFile; fileRef = 827827791CF837D600684CE5 /* ZOBAUITests.swift */; };
		829C437C1CFBBA1F00869E59 /* Media.xcassets in Resources */ = {isa = PBXBuildFile; fileRef = 829C437B1CFBBA1E00869E59 /* Media.xcassets */; };
		82EF3BE01D056E3F00AC103C /* NotificationCenter.framework in Frameworks */ = {isa = PBXBuildFile; fileRef = 82EF3BDF1D056E3F00AC103C /* NotificationCenter.framework */; };
		82EF3BE31D056E3F00AC103C /* TodayViewController.swift in Sources */ = {isa = PBXBuildFile; fileRef = 82EF3BE21D056E3F00AC103C /* TodayViewController.swift */; };
		82EF3BE61D056E3F00AC103C /* MainInterface.storyboard in Resources */ = {isa = PBXBuildFile; fileRef = 82EF3BE41D056E3F00AC103C /* MainInterface.storyboard */; };
		82EF3BEA1D056E3F00AC103C /* ZOBA Quick Access.appex in Embed App Extensions */ = {isa = PBXBuildFile; fileRef = 82EF3BDE1D056E3F00AC103C /* ZOBA Quick Access.appex */; settings = {ATTRIBUTES = (RemoveHeadersOnCopy, ); }; };
		82F8B89F1CF8807400E46B05 /* logo.png in Resources */ = {isa = PBXBuildFile; fileRef = 82F8B8981CF8807400E46B05 /* logo.png */; };
		82F8B8A01CF8807400E46B05 /* rescue.png in Resources */ = {isa = PBXBuildFile; fileRef = 82F8B8991CF8807400E46B05 /* rescue.png */; };
		82F8B8A11CF8807400E46B05 /* service-centers.png in Resources */ = {isa = PBXBuildFile; fileRef = 82F8B89A1CF8807400E46B05 /* service-centers.png */; };
		82F8B8A21CF8807400E46B05 /* statistics.png in Resources */ = {isa = PBXBuildFile; fileRef = 82F8B89B1CF8807400E46B05 /* statistics.png */; };
		82F8B8A31CF8807400E46B05 /* street.png in Resources */ = {isa = PBXBuildFile; fileRef = 82F8B89C1CF8807400E46B05 /* street.png */; };
		82F8B8A41CF8807400E46B05 /* tips.png in Resources */ = {isa = PBXBuildFile; fileRef = 82F8B89D1CF8807400E46B05 /* tips.png */; };
		82F8B8A51CF8807400E46B05 /* tracking.png in Resources */ = {isa = PBXBuildFile; fileRef = 82F8B89E1CF8807400E46B05 /* tracking.png */; };
		82F8B8BC1CF8905B00E46B05 /* contb.ttf in Resources */ = {isa = PBXBuildFile; fileRef = 82F8B8B71CF8905B00E46B05 /* contb.ttf */; };
		82F8B8BD1CF8905B00E46B05 /* contl.ttf in Resources */ = {isa = PBXBuildFile; fileRef = 82F8B8B81CF8905B00E46B05 /* contl.ttf */; };
		82F8B8BE1CF8905B00E46B05 /* contm.ttf in Resources */ = {isa = PBXBuildFile; fileRef = 82F8B8B91CF8905B00E46B05 /* contm.ttf */; };
		82F8B8BF1CF8905B00E46B05 /* nasalization rg.ttf in Resources */ = {isa = PBXBuildFile; fileRef = 82F8B8BA1CF8905B00E46B05 /* nasalization rg.ttf */; };
		82F8B8C01CF8905B00E46B05 /* sf-outer-limits.upright.ttf in Resources */ = {isa = PBXBuildFile; fileRef = 82F8B8BB1CF8905B00E46B05 /* sf-outer-limits.upright.ttf */; };
		82F8B8C31CF89A2500E46B05 /* splash-background.png in Resources */ = {isa = PBXBuildFile; fileRef = 82F8B8C11CF89A2500E46B05 /* splash-background.png */; };
		82F8B8C41CF89A2500E46B05 /* splash-logo.png in Resources */ = {isa = PBXBuildFile; fileRef = 82F8B8C21CF89A2500E46B05 /* splash-logo.png */; };
		82F8B8C81CF8B52A00E46B05 /* FBSDKCoreKit.framework in Frameworks */ = {isa = PBXBuildFile; fileRef = 82F8B8C51CF8B52A00E46B05 /* FBSDKCoreKit.framework */; };
		82F8B8C91CF8B52A00E46B05 /* FBSDKLoginKit.framework in Frameworks */ = {isa = PBXBuildFile; fileRef = 82F8B8C61CF8B52A00E46B05 /* FBSDKLoginKit.framework */; };
		82F8B8CA1CF8B52A00E46B05 /* FBSDKShareKit.framework in Frameworks */ = {isa = PBXBuildFile; fileRef = 82F8B8C71CF8B52A00E46B05 /* FBSDKShareKit.framework */; };
		8301381C1D060D0B00A1EE21 /* DaySummaryCell.swift in Sources */ = {isa = PBXBuildFile; fileRef = 8301381B1D060D0B00A1EE21 /* DaySummaryCell.swift */; };
		831B12CD1D0641D000D10CBA /* FuelCell.swift in Sources */ = {isa = PBXBuildFile; fileRef = 831B12CC1D0641CF00D10CBA /* FuelCell.swift */; };
		831B12CF1D0643A200D10CBA /* OilCell.swift in Sources */ = {isa = PBXBuildFile; fileRef = 831B12CE1D0643A200D10CBA /* OilCell.swift */; };
		831B12D11D06448200D10CBA /* TripCell.swift in Sources */ = {isa = PBXBuildFile; fileRef = 831B12D01D06448200D10CBA /* TripCell.swift */; };
		83BAC8A01D048766006CC257 /* AbstractDao.swift in Sources */ = {isa = PBXBuildFile; fileRef = 83BAC89F1D048766006CC257 /* AbstractDao.swift */; };
		8C9E429F1D03280900DB1E56 /* managedObjectExtension.swift in Sources */ = {isa = PBXBuildFile; fileRef = 8C9E429E1D03280900DB1E56 /* managedObjectExtension.swift */; };
		D7E3809149A0ABDF4F894412 /* Pods_ZOBATests.framework in Frameworks */ = {isa = PBXBuildFile; fileRef = 15F22B55CA5A4F6D9EB169C8 /* Pods_ZOBATests.framework */; };
		DC0095711D075660000856FC /* Year+CoreDataProperties.swift in Sources */ = {isa = PBXBuildFile; fileRef = DC0095471D075660000856FC /* Year+CoreDataProperties.swift */; };
		DC0095721D075660000856FC /* Year.swift in Sources */ = {isa = PBXBuildFile; fileRef = DC0095481D075660000856FC /* Year.swift */; };
		DC0095731D075660000856FC /* ServiceProviderPhone+CoreDataProperties.swift in Sources */ = {isa = PBXBuildFile; fileRef = DC0095491D075660000856FC /* ServiceProviderPhone+CoreDataProperties.swift */; };
		DC0095741D075660000856FC /* ServiceProviderPhone.swift in Sources */ = {isa = PBXBuildFile; fileRef = DC00954A1D075660000856FC /* ServiceProviderPhone.swift */; };
		DC0095751D075660000856FC /* ServiceProviderCalender+CoreDataProperties.swift in Sources */ = {isa = PBXBuildFile; fileRef = DC00954B1D075660000856FC /* ServiceProviderCalender+CoreDataProperties.swift */; };
		DC0095761D075660000856FC /* ServiceProviderCalender.swift in Sources */ = {isa = PBXBuildFile; fileRef = DC00954C1D075660000856FC /* ServiceProviderCalender.swift */; };
		DC0095771D075660000856FC /* Days+CoreDataProperties.swift in Sources */ = {isa = PBXBuildFile; fileRef = DC00954D1D075660000856FC /* Days+CoreDataProperties.swift */; };
		DC0095781D075660000856FC /* Days.swift in Sources */ = {isa = PBXBuildFile; fileRef = DC00954E1D075660000856FC /* Days.swift */; };
		DC0095791D075660000856FC /* MeasuringUnit+CoreDataProperties.swift in Sources */ = {isa = PBXBuildFile; fileRef = DC00954F1D075660000856FC /* MeasuringUnit+CoreDataProperties.swift */; };
		DC00957A1D075660000856FC /* MeasuringUnit.swift in Sources */ = {isa = PBXBuildFile; fileRef = DC0095501D075660000856FC /* MeasuringUnit.swift */; };
		DC00957B1D075660000856FC /* TripCoordinate+CoreDataProperties.swift in Sources */ = {isa = PBXBuildFile; fileRef = DC0095511D075660000856FC /* TripCoordinate+CoreDataProperties.swift */; };
		DC00957C1D075660000856FC /* TripCoordinate.swift in Sources */ = {isa = PBXBuildFile; fileRef = DC0095521D075660000856FC /* TripCoordinate.swift */; };
		DC00957D1D075660000856FC /* Trim+CoreDataProperties.swift in Sources */ = {isa = PBXBuildFile; fileRef = DC0095531D075660000856FC /* Trim+CoreDataProperties.swift */; };
		DC00957E1D075660000856FC /* Trim.swift in Sources */ = {isa = PBXBuildFile; fileRef = DC0095541D075660000856FC /* Trim.swift */; };
		DC00957F1D075660000856FC /* Trip+CoreDataProperties.swift in Sources */ = {isa = PBXBuildFile; fileRef = DC0095551D075660000856FC /* Trip+CoreDataProperties.swift */; };
		DC0095801D075660000856FC /* Trip.swift in Sources */ = {isa = PBXBuildFile; fileRef = DC0095561D075660000856FC /* Trip.swift */; };
		DC0095811D075660000856FC /* Model+CoreDataProperties.swift in Sources */ = {isa = PBXBuildFile; fileRef = DC0095571D075660000856FC /* Model+CoreDataProperties.swift */; };
		DC0095821D075660000856FC /* Model.swift in Sources */ = {isa = PBXBuildFile; fileRef = DC0095581D075660000856FC /* Model.swift */; };
		DC0095831D075660000856FC /* Make+CoreDataProperties.swift in Sources */ = {isa = PBXBuildFile; fileRef = DC0095591D075660000856FC /* Make+CoreDataProperties.swift */; };
		DC0095841D075660000856FC /* Make.swift in Sources */ = {isa = PBXBuildFile; fileRef = DC00955A1D075660000856FC /* Make.swift */; };
		DC0095851D075660000856FC /* TrackingType+CoreDataProperties.swift in Sources */ = {isa = PBXBuildFile; fileRef = DC00955B1D075660000856FC /* TrackingType+CoreDataProperties.swift */; };
		DC0095861D075660000856FC /* TrackingType.swift in Sources */ = {isa = PBXBuildFile; fileRef = DC00955C1D075660000856FC /* TrackingType.swift */; };
		DC0095871D075660000856FC /* CarFeature+CoreDataProperties.swift in Sources */ = {isa = PBXBuildFile; fileRef = DC00955D1D075660000856FC /* CarFeature+CoreDataProperties.swift */; };
		DC0095881D075660000856FC /* CarFeature.swift in Sources */ = {isa = PBXBuildFile; fileRef = DC00955E1D075660000856FC /* CarFeature.swift */; };
		DC0095891D075660000856FC /* MyUser+CoreDataProperties.swift in Sources */ = {isa = PBXBuildFile; fileRef = DC00955F1D075660000856FC /* MyUser+CoreDataProperties.swift */; };
		DC00958A1D075660000856FC /* MyUser.swift in Sources */ = {isa = PBXBuildFile; fileRef = DC0095601D075660000856FC /* MyUser.swift */; };
		DC00958B1D075660000856FC /* ServiceProvider+CoreDataProperties.swift in Sources */ = {isa = PBXBuildFile; fileRef = DC0095611D075660000856FC /* ServiceProvider+CoreDataProperties.swift */; };
		DC00958C1D075660000856FC /* ServiceProvider.swift in Sources */ = {isa = PBXBuildFile; fileRef = DC0095621D075660000856FC /* ServiceProvider.swift */; };
		DC00958D1D075660000856FC /* TrackingData+CoreDataProperties.swift in Sources */ = {isa = PBXBuildFile; fileRef = DC0095631D075660000856FC /* TrackingData+CoreDataProperties.swift */; };
		DC00958E1D075660000856FC /* TrackingData.swift in Sources */ = {isa = PBXBuildFile; fileRef = DC0095641D075660000856FC /* TrackingData.swift */; };
		DC00958F1D075660000856FC /* ServiceProviderAddress+CoreDataProperties.swift in Sources */ = {isa = PBXBuildFile; fileRef = DC0095651D075660000856FC /* ServiceProviderAddress+CoreDataProperties.swift */; };
		DC0095901D075660000856FC /* ServiceProviderAddress.swift in Sources */ = {isa = PBXBuildFile; fileRef = DC0095661D075660000856FC /* ServiceProviderAddress.swift */; };
		DC0095911D075660000856FC /* VehicleModel+CoreDataProperties.swift in Sources */ = {isa = PBXBuildFile; fileRef = DC0095671D075660000856FC /* VehicleModel+CoreDataProperties.swift */; };
		DC0095921D075660000856FC /* VehicleModel.swift in Sources */ = {isa = PBXBuildFile; fileRef = DC0095681D075660000856FC /* VehicleModel.swift */; };
		DC0095931D075660000856FC /* ServiceProviderServices+CoreDataProperties.swift in Sources */ = {isa = PBXBuildFile; fileRef = DC0095691D075660000856FC /* ServiceProviderServices+CoreDataProperties.swift */; };
		DC0095941D075660000856FC /* ServiceProviderServices.swift in Sources */ = {isa = PBXBuildFile; fileRef = DC00956A1D075660000856FC /* ServiceProviderServices.swift */; };
		DC0095951D075660000856FC /* Service+CoreDataProperties.swift in Sources */ = {isa = PBXBuildFile; fileRef = DC00956B1D075660000856FC /* Service+CoreDataProperties.swift */; };
		DC0095961D075660000856FC /* Service.swift in Sources */ = {isa = PBXBuildFile; fileRef = DC00956C1D075660000856FC /* Service.swift */; };
		DC0095971D075660000856FC /* Vehicle+CoreDataProperties.swift in Sources */ = {isa = PBXBuildFile; fileRef = DC00956D1D075660000856FC /* Vehicle+CoreDataProperties.swift */; };
		DC0095981D075660000856FC /* Vehicle.swift in Sources */ = {isa = PBXBuildFile; fileRef = DC00956E1D075660000856FC /* Vehicle.swift */; };
		DC0095991D075660000856FC /* ModelFeatureValue+CoreDataProperties.swift in Sources */ = {isa = PBXBuildFile; fileRef = DC00956F1D075660000856FC /* ModelFeatureValue+CoreDataProperties.swift */; };
		DC00959A1D075660000856FC /* ModelFeatureValue.swift in Sources */ = {isa = PBXBuildFile; fileRef = DC0095701D075660000856FC /* ModelFeatureValue.swift */; };
		DC0D49151D116AC700F5D9DC /* OilTableViewCell.swift in Sources */ = {isa = PBXBuildFile; fileRef = DC0D49141D116AC700F5D9DC /* OilTableViewCell.swift */; };
		DC562BB61D1036680066B8A8 /* OilDetailsViewController.swift in Sources */ = {isa = PBXBuildFile; fileRef = DC562BB51D1036680066B8A8 /* OilDetailsViewController.swift */; };
		DC562BB81D103E540066B8A8 /* FuelDetailViewController.swift in Sources */ = {isa = PBXBuildFile; fileRef = DC562BB71D103E540066B8A8 /* FuelDetailViewController.swift */; };
		DC5D919E1D046CA400A382C8 /* WebServiceConnection.swift in Sources */ = {isa = PBXBuildFile; fileRef = DC04DA3B1CFE99D5008E4E64 /* WebServiceConnection.swift */; };
		DC778F271D0D6FB600F43AE8 /* HomeStoryBoard.storyboard in Resources */ = {isa = PBXBuildFile; fileRef = DC778F261D0D6FB600F43AE8 /* HomeStoryBoard.storyboard */; };
		DC778F291D0D708600F43AE8 /* Fuel.storyboard in Resources */ = {isa = PBXBuildFile; fileRef = DC778F281D0D708600F43AE8 /* Fuel.storyboard */; };
		DC778F2B1D0D7B3600F43AE8 /* oil.storyboard in Resources */ = {isa = PBXBuildFile; fileRef = DC778F2A1D0D7B3600F43AE8 /* oil.storyboard */; };
		DC9A805F1D1166B30081C832 /* FuelTableViewCell.swift in Sources */ = {isa = PBXBuildFile; fileRef = DC9A805E1D1166B30081C832 /* FuelTableViewCell.swift */; };
		DCB398111D0D538900845B19 /* FuelTableViewController.swift in Sources */ = {isa = PBXBuildFile; fileRef = DCB398101D0D538900845B19 /* FuelTableViewController.swift */; };
		DCC01D0F1D0C4FE0009E66C3 /* AllOilTableViewController.swift in Sources */ = {isa = PBXBuildFile; fileRef = DCC01D0E1D0C4FE0009E66C3 /* AllOilTableViewController.swift */; };
		DCE6DC411CFC33A400637977 /* DataValidations.swift in Sources */ = {isa = PBXBuildFile; fileRef = DCE6DC401CFC33A400637977 /* DataValidations.swift */; };
		DCE6DC431CFC635D00637977 /* UIViewControllerExtension.swift in Sources */ = {isa = PBXBuildFile; fileRef = DCE6DC421CFC635D00637977 /* UIViewControllerExtension.swift */; };
/* End PBXBuildFile section */

/* Begin PBXContainerItemProxy section */
		8278276B1CF837D600684CE5 /* PBXContainerItemProxy */ = {
			isa = PBXContainerItemProxy;
			containerPortal = 8278274B1CF837D600684CE5 /* Project object */;
			proxyType = 1;
			remoteGlobalIDString = 827827521CF837D600684CE5;
			remoteInfo = ZOBA;
		};
		827827761CF837D600684CE5 /* PBXContainerItemProxy */ = {
			isa = PBXContainerItemProxy;
			containerPortal = 8278274B1CF837D600684CE5 /* Project object */;
			proxyType = 1;
			remoteGlobalIDString = 827827521CF837D600684CE5;
			remoteInfo = ZOBA;
		};
		82EF3BE81D056E3F00AC103C /* PBXContainerItemProxy */ = {
			isa = PBXContainerItemProxy;
			containerPortal = 8278274B1CF837D600684CE5 /* Project object */;
			proxyType = 1;
			remoteGlobalIDString = 82EF3BDD1D056E3F00AC103C;
			remoteInfo = "ZOBA Quick Access";
		};
/* End PBXContainerItemProxy section */

/* Begin PBXCopyFilesBuildPhase section */
		82EF3BEE1D056E3F00AC103C /* Embed App Extensions */ = {
			isa = PBXCopyFilesBuildPhase;
			buildActionMask = 2147483647;
			dstPath = "";
			dstSubfolderSpec = 13;
			files = (
				82EF3BEA1D056E3F00AC103C /* ZOBA Quick Access.appex in Embed App Extensions */,
			);
			name = "Embed App Extensions";
			runOnlyForDeploymentPostprocessing = 0;
		};
/* End PBXCopyFilesBuildPhase section */

/* Begin PBXFileReference section */
		05E06D0C7F575767E06BD287 /* Pods-ZOBATests.release.xcconfig */ = {isa = PBXFileReference; includeInIndex = 1; lastKnownFileType = text.xcconfig; name = "Pods-ZOBATests.release.xcconfig"; path = "Pods/Target Support Files/Pods-ZOBATests/Pods-ZOBATests.release.xcconfig"; sourceTree = "<group>"; };
		116AC9BAA293836FEAA57FDB /* Pods-ZOBAUITests.release.xcconfig */ = {isa = PBXFileReference; includeInIndex = 1; lastKnownFileType = text.xcconfig; name = "Pods-ZOBAUITests.release.xcconfig"; path = "Pods/Target Support Files/Pods-ZOBAUITests/Pods-ZOBAUITests.release.xcconfig"; sourceTree = "<group>"; };
		15F22B55CA5A4F6D9EB169C8 /* Pods_ZOBATests.framework */ = {isa = PBXFileReference; explicitFileType = wrapper.framework; includeInIndex = 0; path = Pods_ZOBATests.framework; sourceTree = BUILT_PRODUCTS_DIR; };
		3C4DC4794BB8782CEF3EBF4B /* Pods-ZOBA.release.xcconfig */ = {isa = PBXFileReference; includeInIndex = 1; lastKnownFileType = text.xcconfig; name = "Pods-ZOBA.release.xcconfig"; path = "Pods/Target Support Files/Pods-ZOBA/Pods-ZOBA.release.xcconfig"; sourceTree = "<group>"; };
		3F8E380008BDADDDD9B21C92 /* Pods_ZOBAUITests.framework */ = {isa = PBXFileReference; explicitFileType = wrapper.framework; includeInIndex = 0; path = Pods_ZOBAUITests.framework; sourceTree = BUILT_PRODUCTS_DIR; };
		82057F731D048C1700BC80DD /* AddVehicleViewController.swift */ = {isa = PBXFileReference; fileEncoding = 4; lastKnownFileType = sourcecode.swift; path = AddVehicleViewController.swift; sourceTree = "<group>"; };
		82057F781D048FDA00BC80DD /* AddOilViewController.swift */ = {isa = PBXFileReference; fileEncoding = 4; lastKnownFileType = sourcecode.swift; path = AddOilViewController.swift; sourceTree = "<group>"; };
		82057F7A1D04906C00BC80DD /* AddFuelViewController.swift */ = {isa = PBXFileReference; fileEncoding = 4; lastKnownFileType = sourcecode.swift; path = AddFuelViewController.swift; sourceTree = "<group>"; };
		82057F7D1D0490D600BC80DD /* TimelineViewController.swift */ = {isa = PBXFileReference; fileEncoding = 4; lastKnownFileType = sourcecode.swift; path = TimelineViewController.swift; sourceTree = "<group>"; };
		82057F7F1D0490E400BC80DD /* AddTripViewController.swift */ = {isa = PBXFileReference; fileEncoding = 4; lastKnownFileType = sourcecode.swift; path = AddTripViewController.swift; sourceTree = "<group>"; };
		82501A661D05A9A3008272CB /* add-fuel.png */ = {isa = PBXFileReference; lastKnownFileType = image.png; path = "add-fuel.png"; sourceTree = "<group>"; };
		82501A671D05A9A3008272CB /* add-oil.png */ = {isa = PBXFileReference; lastKnownFileType = image.png; path = "add-oil.png"; sourceTree = "<group>"; };
		82501A681D05A9A3008272CB /* add-trip.png */ = {isa = PBXFileReference; lastKnownFileType = image.png; path = "add-trip.png"; sourceTree = "<group>"; };
		82501A691D05A9A3008272CB /* calendar.png */ = {isa = PBXFileReference; lastKnownFileType = image.png; path = calendar.png; sourceTree = "<group>"; };
		82501A6A1D05A9A3008272CB /* flag.png */ = {isa = PBXFileReference; lastKnownFileType = image.png; path = flag.png; sourceTree = "<group>"; };
		82501A6B1D05A9A3008272CB /* gas-level.png */ = {isa = PBXFileReference; lastKnownFileType = image.png; path = "gas-level.png"; sourceTree = "<group>"; };
		82501A6C1D05A9A3008272CB /* hexa.png */ = {isa = PBXFileReference; lastKnownFileType = image.png; path = hexa.png; sourceTree = "<group>"; };
		82501A6D1D05A9A3008272CB /* line.png */ = {isa = PBXFileReference; lastKnownFileType = image.png; path = line.png; sourceTree = "<group>"; };
		82501A6E1D05A9A3008272CB /* Odometer.png */ = {isa = PBXFileReference; lastKnownFileType = image.png; path = Odometer.png; sourceTree = "<group>"; };
		82501A6F1D05A9A3008272CB /* oil-level.png */ = {isa = PBXFileReference; lastKnownFileType = image.png; path = "oil-level.png"; sourceTree = "<group>"; };
		82501A701D05A9A3008272CB /* placeholder.png */ = {isa = PBXFileReference; lastKnownFileType = image.png; path = placeholder.png; sourceTree = "<group>"; };
		82501A711D05A9A3008272CB /* rainbow.png */ = {isa = PBXFileReference; lastKnownFileType = image.png; path = rainbow.png; sourceTree = "<group>"; };
		82501A721D05A9A3008272CB /* route.png */ = {isa = PBXFileReference; lastKnownFileType = image.png; path = route.png; sourceTree = "<group>"; };
		82501A731D05A9A3008272CB /* service-car.png */ = {isa = PBXFileReference; lastKnownFileType = image.png; path = "service-car.png"; sourceTree = "<group>"; };
		82501A741D05A9A3008272CB /* timeline-circle.png */ = {isa = PBXFileReference; lastKnownFileType = image.png; path = "timeline-circle.png"; sourceTree = "<group>"; };
		8255E19B1D0426430044C2CB /* HomeViewController.swift */ = {isa = PBXFileReference; fileEncoding = 4; lastKnownFileType = sourcecode.swift; path = HomeViewController.swift; sourceTree = "<group>"; };
		827827531CF837D600684CE5 /* ZOBA.app */ = {isa = PBXFileReference; explicitFileType = wrapper.application; includeInIndex = 0; path = ZOBA.app; sourceTree = BUILT_PRODUCTS_DIR; };
		827827561CF837D600684CE5 /* AppDelegate.swift */ = {isa = PBXFileReference; lastKnownFileType = sourcecode.swift; path = AppDelegate.swift; sourceTree = "<group>"; };
		827827581CF837D600684CE5 /* ViewController.swift */ = {isa = PBXFileReference; lastKnownFileType = sourcecode.swift; path = ViewController.swift; sourceTree = "<group>"; };
		8278275B1CF837D600684CE5 /* Base */ = {isa = PBXFileReference; lastKnownFileType = file.storyboard; name = Base; path = Base.lproj/Main.storyboard; sourceTree = "<group>"; };
		8278275E1CF837D600684CE5 /* ZOBA.xcdatamodel */ = {isa = PBXFileReference; lastKnownFileType = wrapper.xcdatamodel; path = ZOBA.xcdatamodel; sourceTree = "<group>"; };
		827827601CF837D600684CE5 /* Assets.xcassets */ = {isa = PBXFileReference; lastKnownFileType = folder.assetcatalog; path = Assets.xcassets; sourceTree = "<group>"; };
		827827631CF837D600684CE5 /* Base */ = {isa = PBXFileReference; lastKnownFileType = file.storyboard; name = Base; path = Base.lproj/LaunchScreen.storyboard; sourceTree = "<group>"; };
		827827651CF837D600684CE5 /* Info.plist */ = {isa = PBXFileReference; lastKnownFileType = text.plist.xml; path = Info.plist; sourceTree = "<group>"; };
		8278276A1CF837D600684CE5 /* ZOBATests.xctest */ = {isa = PBXFileReference; explicitFileType = wrapper.cfbundle; includeInIndex = 0; path = ZOBATests.xctest; sourceTree = BUILT_PRODUCTS_DIR; };
		8278276E1CF837D600684CE5 /* ZOBATests.swift */ = {isa = PBXFileReference; lastKnownFileType = sourcecode.swift; path = ZOBATests.swift; sourceTree = "<group>"; };
		827827701CF837D600684CE5 /* Info.plist */ = {isa = PBXFileReference; lastKnownFileType = text.plist.xml; path = Info.plist; sourceTree = "<group>"; };
		827827751CF837D600684CE5 /* ZOBAUITests.xctest */ = {isa = PBXFileReference; explicitFileType = wrapper.cfbundle; includeInIndex = 0; path = ZOBAUITests.xctest; sourceTree = BUILT_PRODUCTS_DIR; };
		827827791CF837D600684CE5 /* ZOBAUITests.swift */ = {isa = PBXFileReference; lastKnownFileType = sourcecode.swift; path = ZOBAUITests.swift; sourceTree = "<group>"; };
		8278277B1CF837D600684CE5 /* Info.plist */ = {isa = PBXFileReference; lastKnownFileType = text.plist.xml; path = Info.plist; sourceTree = "<group>"; };
		829C43791CFBAC9500869E59 /* RegisterViewController.swift */ = {isa = PBXFileReference; fileEncoding = 4; lastKnownFileType = sourcecode.swift; path = RegisterViewController.swift; sourceTree = "<group>"; };
		829C437B1CFBBA1E00869E59 /* Media.xcassets */ = {isa = PBXFileReference; lastKnownFileType = folder.assetcatalog; name = Media.xcassets; path = ../Media.xcassets; sourceTree = "<group>"; };
		82EF3BDE1D056E3F00AC103C /* ZOBA Quick Access.appex */ = {isa = PBXFileReference; explicitFileType = "wrapper.app-extension"; includeInIndex = 0; path = "ZOBA Quick Access.appex"; sourceTree = BUILT_PRODUCTS_DIR; };
		82EF3BDF1D056E3F00AC103C /* NotificationCenter.framework */ = {isa = PBXFileReference; lastKnownFileType = wrapper.framework; name = NotificationCenter.framework; path = System/Library/Frameworks/NotificationCenter.framework; sourceTree = SDKROOT; };
		82EF3BE21D056E3F00AC103C /* TodayViewController.swift */ = {isa = PBXFileReference; lastKnownFileType = sourcecode.swift; path = TodayViewController.swift; sourceTree = "<group>"; };
		82EF3BE51D056E3F00AC103C /* Base */ = {isa = PBXFileReference; lastKnownFileType = file.storyboard; name = Base; path = Base.lproj/MainInterface.storyboard; sourceTree = "<group>"; };
		82EF3BE71D056E3F00AC103C /* Info.plist */ = {isa = PBXFileReference; lastKnownFileType = text.plist.xml; path = Info.plist; sourceTree = "<group>"; };
		82F8B8981CF8807400E46B05 /* logo.png */ = {isa = PBXFileReference; lastKnownFileType = image.png; name = logo.png; path = images/logo.png; sourceTree = "<group>"; };
		82F8B8991CF8807400E46B05 /* rescue.png */ = {isa = PBXFileReference; lastKnownFileType = image.png; name = rescue.png; path = images/rescue.png; sourceTree = "<group>"; };
		82F8B89A1CF8807400E46B05 /* service-centers.png */ = {isa = PBXFileReference; lastKnownFileType = image.png; name = "service-centers.png"; path = "images/service-centers.png"; sourceTree = "<group>"; };
		82F8B89B1CF8807400E46B05 /* statistics.png */ = {isa = PBXFileReference; lastKnownFileType = image.png; name = statistics.png; path = images/statistics.png; sourceTree = "<group>"; };
		82F8B89C1CF8807400E46B05 /* street.png */ = {isa = PBXFileReference; lastKnownFileType = image.png; name = street.png; path = images/street.png; sourceTree = "<group>"; };
		82F8B89D1CF8807400E46B05 /* tips.png */ = {isa = PBXFileReference; lastKnownFileType = image.png; name = tips.png; path = images/tips.png; sourceTree = "<group>"; };
		82F8B89E1CF8807400E46B05 /* tracking.png */ = {isa = PBXFileReference; lastKnownFileType = image.png; name = tracking.png; path = images/tracking.png; sourceTree = "<group>"; };
		82F8B8B71CF8905B00E46B05 /* contb.ttf */ = {isa = PBXFileReference; lastKnownFileType = file; path = contb.ttf; sourceTree = "<group>"; };
		82F8B8B81CF8905B00E46B05 /* contl.ttf */ = {isa = PBXFileReference; lastKnownFileType = file; path = contl.ttf; sourceTree = "<group>"; };
		82F8B8B91CF8905B00E46B05 /* contm.ttf */ = {isa = PBXFileReference; lastKnownFileType = file; path = contm.ttf; sourceTree = "<group>"; };
		82F8B8BA1CF8905B00E46B05 /* nasalization rg.ttf */ = {isa = PBXFileReference; lastKnownFileType = file; path = "nasalization rg.ttf"; sourceTree = "<group>"; };
		82F8B8BB1CF8905B00E46B05 /* sf-outer-limits.upright.ttf */ = {isa = PBXFileReference; lastKnownFileType = file; path = "sf-outer-limits.upright.ttf"; sourceTree = "<group>"; };
		82F8B8C11CF89A2500E46B05 /* splash-background.png */ = {isa = PBXFileReference; lastKnownFileType = image.png; name = "splash-background.png"; path = "images/splash-background.png"; sourceTree = "<group>"; };
		82F8B8C21CF89A2500E46B05 /* splash-logo.png */ = {isa = PBXFileReference; lastKnownFileType = image.png; name = "splash-logo.png"; path = "images/splash-logo.png"; sourceTree = "<group>"; };
		82F8B8C51CF8B52A00E46B05 /* FBSDKCoreKit.framework */ = {isa = PBXFileReference; lastKnownFileType = wrapper.framework; path = FBSDKCoreKit.framework; sourceTree = "<group>"; };
		82F8B8C61CF8B52A00E46B05 /* FBSDKLoginKit.framework */ = {isa = PBXFileReference; lastKnownFileType = wrapper.framework; path = FBSDKLoginKit.framework; sourceTree = "<group>"; };
		82F8B8C71CF8B52A00E46B05 /* FBSDKShareKit.framework */ = {isa = PBXFileReference; lastKnownFileType = wrapper.framework; path = FBSDKShareKit.framework; sourceTree = "<group>"; };
		8301381B1D060D0B00A1EE21 /* DaySummaryCell.swift */ = {isa = PBXFileReference; fileEncoding = 4; lastKnownFileType = sourcecode.swift; name = DaySummaryCell.swift; path = timeLine/DaySummaryCell.swift; sourceTree = "<group>"; };
		831B12CC1D0641CF00D10CBA /* FuelCell.swift */ = {isa = PBXFileReference; fileEncoding = 4; lastKnownFileType = sourcecode.swift; name = FuelCell.swift; path = timeLine/FuelCell.swift; sourceTree = "<group>"; };
		831B12CE1D0643A200D10CBA /* OilCell.swift */ = {isa = PBXFileReference; fileEncoding = 4; lastKnownFileType = sourcecode.swift; name = OilCell.swift; path = timeLine/OilCell.swift; sourceTree = "<group>"; };
		831B12D01D06448200D10CBA /* TripCell.swift */ = {isa = PBXFileReference; fileEncoding = 4; lastKnownFileType = sourcecode.swift; name = TripCell.swift; path = timeLine/TripCell.swift; sourceTree = "<group>"; };
		83BAC89F1D048766006CC257 /* AbstractDao.swift */ = {isa = PBXFileReference; fileEncoding = 4; lastKnownFileType = sourcecode.swift; path = AbstractDao.swift; sourceTree = "<group>"; };
		8C9E429E1D03280900DB1E56 /* managedObjectExtension.swift */ = {isa = PBXFileReference; fileEncoding = 4; lastKnownFileType = sourcecode.swift; path = managedObjectExtension.swift; sourceTree = "<group>"; };
		B7974B3E65B33BEAC6D00F69 /* Pods-ZOBAUITests.debug.xcconfig */ = {isa = PBXFileReference; includeInIndex = 1; lastKnownFileType = text.xcconfig; name = "Pods-ZOBAUITests.debug.xcconfig"; path = "Pods/Target Support Files/Pods-ZOBAUITests/Pods-ZOBAUITests.debug.xcconfig"; sourceTree = "<group>"; };
		BD7787F9DCD77BFD9E47D307 /* Pods-ZOBA.debug.xcconfig */ = {isa = PBXFileReference; includeInIndex = 1; lastKnownFileType = text.xcconfig; name = "Pods-ZOBA.debug.xcconfig"; path = "Pods/Target Support Files/Pods-ZOBA/Pods-ZOBA.debug.xcconfig"; sourceTree = "<group>"; };
		C8594A3E0A7DBD3B1374B0E8 /* Pods-ZOBATests.debug.xcconfig */ = {isa = PBXFileReference; includeInIndex = 1; lastKnownFileType = text.xcconfig; name = "Pods-ZOBATests.debug.xcconfig"; path = "Pods/Target Support Files/Pods-ZOBATests/Pods-ZOBATests.debug.xcconfig"; sourceTree = "<group>"; };
		D330313799DC0A970BE8E5C7 /* Pods_ZOBA.framework */ = {isa = PBXFileReference; explicitFileType = wrapper.framework; includeInIndex = 0; path = Pods_ZOBA.framework; sourceTree = BUILT_PRODUCTS_DIR; };
		DC0095471D075660000856FC /* Year+CoreDataProperties.swift */ = {isa = PBXFileReference; fileEncoding = 4; lastKnownFileType = sourcecode.swift; path = "Year+CoreDataProperties.swift"; sourceTree = "<group>"; };
		DC0095481D075660000856FC /* Year.swift */ = {isa = PBXFileReference; fileEncoding = 4; lastKnownFileType = sourcecode.swift; path = Year.swift; sourceTree = "<group>"; };
		DC0095491D075660000856FC /* ServiceProviderPhone+CoreDataProperties.swift */ = {isa = PBXFileReference; fileEncoding = 4; lastKnownFileType = sourcecode.swift; path = "ServiceProviderPhone+CoreDataProperties.swift"; sourceTree = "<group>"; };
		DC00954A1D075660000856FC /* ServiceProviderPhone.swift */ = {isa = PBXFileReference; fileEncoding = 4; lastKnownFileType = sourcecode.swift; path = ServiceProviderPhone.swift; sourceTree = "<group>"; };
		DC00954B1D075660000856FC /* ServiceProviderCalender+CoreDataProperties.swift */ = {isa = PBXFileReference; fileEncoding = 4; lastKnownFileType = sourcecode.swift; path = "ServiceProviderCalender+CoreDataProperties.swift"; sourceTree = "<group>"; };
		DC00954C1D075660000856FC /* ServiceProviderCalender.swift */ = {isa = PBXFileReference; fileEncoding = 4; lastKnownFileType = sourcecode.swift; path = ServiceProviderCalender.swift; sourceTree = "<group>"; };
		DC00954D1D075660000856FC /* Days+CoreDataProperties.swift */ = {isa = PBXFileReference; fileEncoding = 4; lastKnownFileType = sourcecode.swift; path = "Days+CoreDataProperties.swift"; sourceTree = "<group>"; };
		DC00954E1D075660000856FC /* Days.swift */ = {isa = PBXFileReference; fileEncoding = 4; lastKnownFileType = sourcecode.swift; path = Days.swift; sourceTree = "<group>"; };
		DC00954F1D075660000856FC /* MeasuringUnit+CoreDataProperties.swift */ = {isa = PBXFileReference; fileEncoding = 4; lastKnownFileType = sourcecode.swift; path = "MeasuringUnit+CoreDataProperties.swift"; sourceTree = "<group>"; };
		DC0095501D075660000856FC /* MeasuringUnit.swift */ = {isa = PBXFileReference; fileEncoding = 4; lastKnownFileType = sourcecode.swift; path = MeasuringUnit.swift; sourceTree = "<group>"; };
		DC0095511D075660000856FC /* TripCoordinate+CoreDataProperties.swift */ = {isa = PBXFileReference; fileEncoding = 4; lastKnownFileType = sourcecode.swift; path = "TripCoordinate+CoreDataProperties.swift"; sourceTree = "<group>"; };
		DC0095521D075660000856FC /* TripCoordinate.swift */ = {isa = PBXFileReference; fileEncoding = 4; lastKnownFileType = sourcecode.swift; path = TripCoordinate.swift; sourceTree = "<group>"; };
		DC0095531D075660000856FC /* Trim+CoreDataProperties.swift */ = {isa = PBXFileReference; fileEncoding = 4; lastKnownFileType = sourcecode.swift; path = "Trim+CoreDataProperties.swift"; sourceTree = "<group>"; };
		DC0095541D075660000856FC /* Trim.swift */ = {isa = PBXFileReference; fileEncoding = 4; lastKnownFileType = sourcecode.swift; path = Trim.swift; sourceTree = "<group>"; };
		DC0095551D075660000856FC /* Trip+CoreDataProperties.swift */ = {isa = PBXFileReference; fileEncoding = 4; lastKnownFileType = sourcecode.swift; path = "Trip+CoreDataProperties.swift"; sourceTree = "<group>"; };
		DC0095561D075660000856FC /* Trip.swift */ = {isa = PBXFileReference; fileEncoding = 4; lastKnownFileType = sourcecode.swift; path = Trip.swift; sourceTree = "<group>"; };
		DC0095571D075660000856FC /* Model+CoreDataProperties.swift */ = {isa = PBXFileReference; fileEncoding = 4; lastKnownFileType = sourcecode.swift; path = "Model+CoreDataProperties.swift"; sourceTree = "<group>"; };
		DC0095581D075660000856FC /* Model.swift */ = {isa = PBXFileReference; fileEncoding = 4; lastKnownFileType = sourcecode.swift; path = Model.swift; sourceTree = "<group>"; };
		DC0095591D075660000856FC /* Make+CoreDataProperties.swift */ = {isa = PBXFileReference; fileEncoding = 4; lastKnownFileType = sourcecode.swift; path = "Make+CoreDataProperties.swift"; sourceTree = "<group>"; };
		DC00955A1D075660000856FC /* Make.swift */ = {isa = PBXFileReference; fileEncoding = 4; lastKnownFileType = sourcecode.swift; path = Make.swift; sourceTree = "<group>"; };
		DC00955B1D075660000856FC /* TrackingType+CoreDataProperties.swift */ = {isa = PBXFileReference; fileEncoding = 4; lastKnownFileType = sourcecode.swift; path = "TrackingType+CoreDataProperties.swift"; sourceTree = "<group>"; };
		DC00955C1D075660000856FC /* TrackingType.swift */ = {isa = PBXFileReference; fileEncoding = 4; lastKnownFileType = sourcecode.swift; path = TrackingType.swift; sourceTree = "<group>"; };
		DC00955D1D075660000856FC /* CarFeature+CoreDataProperties.swift */ = {isa = PBXFileReference; fileEncoding = 4; lastKnownFileType = sourcecode.swift; path = "CarFeature+CoreDataProperties.swift"; sourceTree = "<group>"; };
		DC00955E1D075660000856FC /* CarFeature.swift */ = {isa = PBXFileReference; fileEncoding = 4; lastKnownFileType = sourcecode.swift; path = CarFeature.swift; sourceTree = "<group>"; };
		DC00955F1D075660000856FC /* MyUser+CoreDataProperties.swift */ = {isa = PBXFileReference; fileEncoding = 4; lastKnownFileType = sourcecode.swift; path = "MyUser+CoreDataProperties.swift"; sourceTree = "<group>"; };
		DC0095601D075660000856FC /* MyUser.swift */ = {isa = PBXFileReference; fileEncoding = 4; lastKnownFileType = sourcecode.swift; path = MyUser.swift; sourceTree = "<group>"; };
		DC0095611D075660000856FC /* ServiceProvider+CoreDataProperties.swift */ = {isa = PBXFileReference; fileEncoding = 4; lastKnownFileType = sourcecode.swift; path = "ServiceProvider+CoreDataProperties.swift"; sourceTree = "<group>"; };
		DC0095621D075660000856FC /* ServiceProvider.swift */ = {isa = PBXFileReference; fileEncoding = 4; lastKnownFileType = sourcecode.swift; path = ServiceProvider.swift; sourceTree = "<group>"; };
		DC0095631D075660000856FC /* TrackingData+CoreDataProperties.swift */ = {isa = PBXFileReference; fileEncoding = 4; lastKnownFileType = sourcecode.swift; path = "TrackingData+CoreDataProperties.swift"; sourceTree = "<group>"; };
		DC0095641D075660000856FC /* TrackingData.swift */ = {isa = PBXFileReference; fileEncoding = 4; lastKnownFileType = sourcecode.swift; path = TrackingData.swift; sourceTree = "<group>"; };
		DC0095651D075660000856FC /* ServiceProviderAddress+CoreDataProperties.swift */ = {isa = PBXFileReference; fileEncoding = 4; lastKnownFileType = sourcecode.swift; path = "ServiceProviderAddress+CoreDataProperties.swift"; sourceTree = "<group>"; };
		DC0095661D075660000856FC /* ServiceProviderAddress.swift */ = {isa = PBXFileReference; fileEncoding = 4; lastKnownFileType = sourcecode.swift; path = ServiceProviderAddress.swift; sourceTree = "<group>"; };
		DC0095671D075660000856FC /* VehicleModel+CoreDataProperties.swift */ = {isa = PBXFileReference; fileEncoding = 4; lastKnownFileType = sourcecode.swift; path = "VehicleModel+CoreDataProperties.swift"; sourceTree = "<group>"; };
		DC0095681D075660000856FC /* VehicleModel.swift */ = {isa = PBXFileReference; fileEncoding = 4; lastKnownFileType = sourcecode.swift; path = VehicleModel.swift; sourceTree = "<group>"; };
		DC0095691D075660000856FC /* ServiceProviderServices+CoreDataProperties.swift */ = {isa = PBXFileReference; fileEncoding = 4; lastKnownFileType = sourcecode.swift; path = "ServiceProviderServices+CoreDataProperties.swift"; sourceTree = "<group>"; };
		DC00956A1D075660000856FC /* ServiceProviderServices.swift */ = {isa = PBXFileReference; fileEncoding = 4; lastKnownFileType = sourcecode.swift; path = ServiceProviderServices.swift; sourceTree = "<group>"; };
		DC00956B1D075660000856FC /* Service+CoreDataProperties.swift */ = {isa = PBXFileReference; fileEncoding = 4; lastKnownFileType = sourcecode.swift; path = "Service+CoreDataProperties.swift"; sourceTree = "<group>"; };
		DC00956C1D075660000856FC /* Service.swift */ = {isa = PBXFileReference; fileEncoding = 4; lastKnownFileType = sourcecode.swift; path = Service.swift; sourceTree = "<group>"; };
		DC00956D1D075660000856FC /* Vehicle+CoreDataProperties.swift */ = {isa = PBXFileReference; fileEncoding = 4; lastKnownFileType = sourcecode.swift; path = "Vehicle+CoreDataProperties.swift"; sourceTree = "<group>"; };
		DC00956E1D075660000856FC /* Vehicle.swift */ = {isa = PBXFileReference; fileEncoding = 4; lastKnownFileType = sourcecode.swift; path = Vehicle.swift; sourceTree = "<group>"; };
		DC00956F1D075660000856FC /* ModelFeatureValue+CoreDataProperties.swift */ = {isa = PBXFileReference; fileEncoding = 4; lastKnownFileType = sourcecode.swift; path = "ModelFeatureValue+CoreDataProperties.swift"; sourceTree = "<group>"; };
		DC0095701D075660000856FC /* ModelFeatureValue.swift */ = {isa = PBXFileReference; fileEncoding = 4; lastKnownFileType = sourcecode.swift; path = ModelFeatureValue.swift; sourceTree = "<group>"; };
		DC04DA3B1CFE99D5008E4E64 /* WebServiceConnection.swift */ = {isa = PBXFileReference; fileEncoding = 4; lastKnownFileType = sourcecode.swift; path = WebServiceConnection.swift; sourceTree = "<group>"; };
		DC0D49141D116AC700F5D9DC /* OilTableViewCell.swift */ = {isa = PBXFileReference; fileEncoding = 4; lastKnownFileType = sourcecode.swift; path = OilTableViewCell.swift; sourceTree = "<group>"; };
		DC562BB51D1036680066B8A8 /* OilDetailsViewController.swift */ = {isa = PBXFileReference; fileEncoding = 4; lastKnownFileType = sourcecode.swift; path = OilDetailsViewController.swift; sourceTree = "<group>"; };
		DC562BB71D103E540066B8A8 /* FuelDetailViewController.swift */ = {isa = PBXFileReference; fileEncoding = 4; lastKnownFileType = sourcecode.swift; path = FuelDetailViewController.swift; sourceTree = "<group>"; };
		DC778F261D0D6FB600F43AE8 /* HomeStoryBoard.storyboard */ = {isa = PBXFileReference; fileEncoding = 4; lastKnownFileType = file.storyboard; path = HomeStoryBoard.storyboard; sourceTree = "<group>"; };
		DC778F281D0D708600F43AE8 /* Fuel.storyboard */ = {isa = PBXFileReference; fileEncoding = 4; lastKnownFileType = file.storyboard; name = Fuel.storyboard; path = ../Fuel.storyboard; sourceTree = "<group>"; };
		DC778F2A1D0D7B3600F43AE8 /* oil.storyboard */ = {isa = PBXFileReference; fileEncoding = 4; lastKnownFileType = file.storyboard; path = oil.storyboard; sourceTree = "<group>"; };
		DC9A805E1D1166B30081C832 /* FuelTableViewCell.swift */ = {isa = PBXFileReference; fileEncoding = 4; lastKnownFileType = sourcecode.swift; path = FuelTableViewCell.swift; sourceTree = "<group>"; };
		DCB398101D0D538900845B19 /* FuelTableViewController.swift */ = {isa = PBXFileReference; fileEncoding = 4; lastKnownFileType = sourcecode.swift; path = FuelTableViewController.swift; sourceTree = "<group>"; };
		DCC01D0E1D0C4FE0009E66C3 /* AllOilTableViewController.swift */ = {isa = PBXFileReference; fileEncoding = 4; lastKnownFileType = sourcecode.swift; path = AllOilTableViewController.swift; sourceTree = "<group>"; };
		DCE6DC401CFC33A400637977 /* DataValidations.swift */ = {isa = PBXFileReference; fileEncoding = 4; lastKnownFileType = sourcecode.swift; path = DataValidations.swift; sourceTree = "<group>"; };
		DCE6DC421CFC635D00637977 /* UIViewControllerExtension.swift */ = {isa = PBXFileReference; fileEncoding = 4; lastKnownFileType = sourcecode.swift; path = UIViewControllerExtension.swift; sourceTree = "<group>"; };
/* End PBXFileReference section */

/* Begin PBXFrameworksBuildPhase section */
		827827501CF837D600684CE5 /* Frameworks */ = {
			isa = PBXFrameworksBuildPhase;
			buildActionMask = 2147483647;
			files = (
				82F8B8CA1CF8B52A00E46B05 /* FBSDKShareKit.framework in Frameworks */,
				39A2F33710BE64FC9853582A /* Pods_ZOBA.framework in Frameworks */,
				82F8B8C81CF8B52A00E46B05 /* FBSDKCoreKit.framework in Frameworks */,
				82F8B8C91CF8B52A00E46B05 /* FBSDKLoginKit.framework in Frameworks */,
			);
			runOnlyForDeploymentPostprocessing = 0;
		};
		827827671CF837D600684CE5 /* Frameworks */ = {
			isa = PBXFrameworksBuildPhase;
			buildActionMask = 2147483647;
			files = (
				D7E3809149A0ABDF4F894412 /* Pods_ZOBATests.framework in Frameworks */,
			);
			runOnlyForDeploymentPostprocessing = 0;
		};
		827827721CF837D600684CE5 /* Frameworks */ = {
			isa = PBXFrameworksBuildPhase;
			buildActionMask = 2147483647;
			files = (
				72BCD1798DE0A8E58F71CC74 /* Pods_ZOBAUITests.framework in Frameworks */,
			);
			runOnlyForDeploymentPostprocessing = 0;
		};
		82EF3BDB1D056E3F00AC103C /* Frameworks */ = {
			isa = PBXFrameworksBuildPhase;
			buildActionMask = 2147483647;
			files = (
				82EF3BE01D056E3F00AC103C /* NotificationCenter.framework in Frameworks */,
			);
			runOnlyForDeploymentPostprocessing = 0;
		};
/* End PBXFrameworksBuildPhase section */

/* Begin PBXGroup section */
		6037E86AF3BD9C2CD7E578F4 /* Frameworks */ = {
			isa = PBXGroup;
			children = (
				82F8B8C51CF8B52A00E46B05 /* FBSDKCoreKit.framework */,
				82F8B8C61CF8B52A00E46B05 /* FBSDKLoginKit.framework */,
				82F8B8C71CF8B52A00E46B05 /* FBSDKShareKit.framework */,
				D330313799DC0A970BE8E5C7 /* Pods_ZOBA.framework */,
				15F22B55CA5A4F6D9EB169C8 /* Pods_ZOBATests.framework */,
				3F8E380008BDADDDD9B21C92 /* Pods_ZOBAUITests.framework */,
				82EF3BDF1D056E3F00AC103C /* NotificationCenter.framework */,
			);
			name = Frameworks;
			sourceTree = "<group>";
		};
		6DCF5273F16362EE7F67C66D /* Pods */ = {
			isa = PBXGroup;
			children = (
				BD7787F9DCD77BFD9E47D307 /* Pods-ZOBA.debug.xcconfig */,
				3C4DC4794BB8782CEF3EBF4B /* Pods-ZOBA.release.xcconfig */,
				C8594A3E0A7DBD3B1374B0E8 /* Pods-ZOBATests.debug.xcconfig */,
				05E06D0C7F575767E06BD287 /* Pods-ZOBATests.release.xcconfig */,
				B7974B3E65B33BEAC6D00F69 /* Pods-ZOBAUITests.debug.xcconfig */,
				116AC9BAA293836FEAA57FDB /* Pods-ZOBAUITests.release.xcconfig */,
			);
			name = Pods;
			sourceTree = "<group>";
		};
		82057F721D048BF200BC80DD /* User Vehicles */ = {
			isa = PBXGroup;
			children = (
				82057F731D048C1700BC80DD /* AddVehicleViewController.swift */,
			);
			name = "User Vehicles";
			sourceTree = "<group>";
		};
		82057F751D048E5900BC80DD /* Fuel Tracking */ = {
			isa = PBXGroup;
			children = (
				82057F7A1D04906C00BC80DD /* AddFuelViewController.swift */,
				DCB398101D0D538900845B19 /* FuelTableViewController.swift */,
				DC562BB71D103E540066B8A8 /* FuelDetailViewController.swift */,
				DC9A805E1D1166B30081C832 /* FuelTableViewCell.swift */,
			);
			name = "Fuel Tracking";
			sourceTree = "<group>";
		};
		82057F761D048E6200BC80DD /* Trip Tracking */ = {
			isa = PBXGroup;
			children = (
				82057F7F1D0490E400BC80DD /* AddTripViewController.swift */,
			);
			name = "Trip Tracking";
			sourceTree = "<group>";
		};
		82057F771D048E6B00BC80DD /* Oil Tracking */ = {
			isa = PBXGroup;
			children = (
				82057F781D048FDA00BC80DD /* AddOilViewController.swift */,
				DCC01D0E1D0C4FE0009E66C3 /* AllOilTableViewController.swift */,
				DC562BB51D1036680066B8A8 /* OilDetailsViewController.swift */,
				DC0D49141D116AC700F5D9DC /* OilTableViewCell.swift */,
			);
			name = "Oil Tracking";
			sourceTree = "<group>";
		};
		82057F7C1D0490C700BC80DD /* Timeline */ = {
			isa = PBXGroup;
			children = (
				82057F7D1D0490D600BC80DD /* TimelineViewController.swift */,
				8301381B1D060D0B00A1EE21 /* DaySummaryCell.swift */,
				831B12CC1D0641CF00D10CBA /* FuelCell.swift */,
				831B12CE1D0643A200D10CBA /* OilCell.swift */,
				831B12D01D06448200D10CBA /* TripCell.swift */,
			);
			name = Timeline;
			sourceTree = "<group>";
		};
		8278274A1CF837D600684CE5 = {
			isa = PBXGroup;
			children = (
				DCFC30E11CFDDF250018BBD3 /* DAO */,
				DCFC30DA1CFDDE740018BBD3 /* poco */,
				827827551CF837D600684CE5 /* ZOBA */,
				8278276D1CF837D600684CE5 /* ZOBATests */,
				827827781CF837D600684CE5 /* ZOBAUITests */,
				82EF3BE11D056E3F00AC103C /* ZOBA Quick Access */,
				827827541CF837D600684CE5 /* Products */,
				6DCF5273F16362EE7F67C66D /* Pods */,
				82F8B8B61CF8905B00E46B05 /* fonts */,
				82F8B8891CF87C3500E46B05 /* media */,
				6037E86AF3BD9C2CD7E578F4 /* Frameworks */,
			);
			sourceTree = "<group>";
		};
		827827541CF837D600684CE5 /* Products */ = {
			isa = PBXGroup;
			children = (
				827827531CF837D600684CE5 /* ZOBA.app */,
				8278276A1CF837D600684CE5 /* ZOBATests.xctest */,
				827827751CF837D600684CE5 /* ZOBAUITests.xctest */,
				82EF3BDE1D056E3F00AC103C /* ZOBA Quick Access.appex */,
			);
			name = Products;
			sourceTree = "<group>";
		};
		827827551CF837D600684CE5 /* ZOBA */ = {
			isa = PBXGroup;
			children = (
				82057F7C1D0490C700BC80DD /* Timeline */,
				82057F771D048E6B00BC80DD /* Oil Tracking */,
				82057F761D048E6200BC80DD /* Trip Tracking */,
				82057F751D048E5900BC80DD /* Fuel Tracking */,
				82057F721D048BF200BC80DD /* User Vehicles */,
				82EF3BF61D05745B00AC103C /* Application Files */,
				82EF3BF11D0573DC00AC103C /* Login and Register */,
				82EF3BF01D0573B100AC103C /* Storyboards */,
				82EF3BF51D05743C00AC103C /* Assets */,
				82EF3BF41D05742C00AC103C /* Validation */,
				82EF3BEF1D0572CA00AC103C /* ZOBA Quick Access Extension */,
				82EF3BF31D05741600AC103C /* Folding TabBar Controller */,
				82EF3BF21D0573FB00AC103C /* Webservice Communication */,
			);
			path = ZOBA;
			sourceTree = "<group>";
		};
		8278276D1CF837D600684CE5 /* ZOBATests */ = {
			isa = PBXGroup;
			children = (
				8278276E1CF837D600684CE5 /* ZOBATests.swift */,
				827827701CF837D600684CE5 /* Info.plist */,
			);
			path = ZOBATests;
			sourceTree = "<group>";
		};
		827827781CF837D600684CE5 /* ZOBAUITests */ = {
			isa = PBXGroup;
			children = (
				827827791CF837D600684CE5 /* ZOBAUITests.swift */,
				8278277B1CF837D600684CE5 /* Info.plist */,
			);
			path = ZOBAUITests;
			sourceTree = "<group>";
		};
		82EF3BE11D056E3F00AC103C /* ZOBA Quick Access */ = {
			isa = PBXGroup;
			children = (
				82EF3BE21D056E3F00AC103C /* TodayViewController.swift */,
				82EF3BE41D056E3F00AC103C /* MainInterface.storyboard */,
				82EF3BE71D056E3F00AC103C /* Info.plist */,
			);
			path = "ZOBA Quick Access";
			sourceTree = "<group>";
		};
		82EF3BEF1D0572CA00AC103C /* ZOBA Quick Access Extension */ = {
			isa = PBXGroup;
			children = (
				DCE6DC421CFC635D00637977 /* UIViewControllerExtension.swift */,
			);
			name = "ZOBA Quick Access Extension";
			sourceTree = "<group>";
		};
		82EF3BF01D0573B100AC103C /* Storyboards */ = {
			isa = PBXGroup;
			children = (
				827827621CF837D600684CE5 /* LaunchScreen.storyboard */,
				DC778F281D0D708600F43AE8 /* Fuel.storyboard */,
				DC778F261D0D6FB600F43AE8 /* HomeStoryBoard.storyboard */,
				8278275A1CF837D600684CE5 /* Main.storyboard */,
				DC778F2A1D0D7B3600F43AE8 /* oil.storyboard */,
			);
			name = Storyboards;
			sourceTree = "<group>";
		};
		82EF3BF11D0573DC00AC103C /* Login and Register */ = {
			isa = PBXGroup;
			children = (
				827827581CF837D600684CE5 /* ViewController.swift */,
				829C43791CFBAC9500869E59 /* RegisterViewController.swift */,
			);
			name = "Login and Register";
			sourceTree = "<group>";
		};
		82EF3BF21D0573FB00AC103C /* Webservice Communication */ = {
			isa = PBXGroup;
			children = (
				DC04DA3B1CFE99D5008E4E64 /* WebServiceConnection.swift */,
			);
			name = "Webservice Communication";
			sourceTree = "<group>";
		};
		82EF3BF31D05741600AC103C /* Folding TabBar Controller */ = {
			isa = PBXGroup;
			children = (
				8255E19B1D0426430044C2CB /* HomeViewController.swift */,
			);
			name = "Folding TabBar Controller";
			sourceTree = "<group>";
		};
		82EF3BF41D05742C00AC103C /* Validation */ = {
			isa = PBXGroup;
			children = (
				DCE6DC401CFC33A400637977 /* DataValidations.swift */,
			);
			name = Validation;
			sourceTree = "<group>";
		};
		82EF3BF51D05743C00AC103C /* Assets */ = {
			isa = PBXGroup;
			children = (
				829C437B1CFBBA1E00869E59 /* Media.xcassets */,
				827827601CF837D600684CE5 /* Assets.xcassets */,
			);
			name = Assets;
			sourceTree = "<group>";
		};
		82EF3BF61D05745B00AC103C /* Application Files */ = {
			isa = PBXGroup;
			children = (
				827827561CF837D600684CE5 /* AppDelegate.swift */,
				827827651CF837D600684CE5 /* Info.plist */,
				8278275D1CF837D600684CE5 /* ZOBA.xcdatamodeld */,
			);
			name = "Application Files";
			sourceTree = "<group>";
		};
		82F8B8891CF87C3500E46B05 /* media */ = {
			isa = PBXGroup;
			children = (
				82F8B8C11CF89A2500E46B05 /* splash-background.png */,
				82F8B8C21CF89A2500E46B05 /* splash-logo.png */,
				82F8B8981CF8807400E46B05 /* logo.png */,
				82F8B8991CF8807400E46B05 /* rescue.png */,
				82F8B89A1CF8807400E46B05 /* service-centers.png */,
				82F8B89B1CF8807400E46B05 /* statistics.png */,
				82F8B89C1CF8807400E46B05 /* street.png */,
				82F8B89D1CF8807400E46B05 /* tips.png */,
				82F8B89E1CF8807400E46B05 /* tracking.png */,
				82501A661D05A9A3008272CB /* add-fuel.png */,
				82501A671D05A9A3008272CB /* add-oil.png */,
				82501A681D05A9A3008272CB /* add-trip.png */,
				82501A691D05A9A3008272CB /* calendar.png */,
				82501A6A1D05A9A3008272CB /* flag.png */,
				82501A6B1D05A9A3008272CB /* gas-level.png */,
				82501A6C1D05A9A3008272CB /* hexa.png */,
				82501A6D1D05A9A3008272CB /* line.png */,
				82501A6E1D05A9A3008272CB /* Odometer.png */,
				82501A6F1D05A9A3008272CB /* oil-level.png */,
				82501A701D05A9A3008272CB /* placeholder.png */,
				82501A711D05A9A3008272CB /* rainbow.png */,
				82501A721D05A9A3008272CB /* route.png */,
				82501A731D05A9A3008272CB /* service-car.png */,
				82501A741D05A9A3008272CB /* timeline-circle.png */,
			);
			path = media;
			sourceTree = "<group>";
		};
		82F8B8B61CF8905B00E46B05 /* fonts */ = {
			isa = PBXGroup;
			children = (
				82F8B8B71CF8905B00E46B05 /* contb.ttf */,
				82F8B8B81CF8905B00E46B05 /* contl.ttf */,
				82F8B8B91CF8905B00E46B05 /* contm.ttf */,
				82F8B8BA1CF8905B00E46B05 /* nasalization rg.ttf */,
				82F8B8BB1CF8905B00E46B05 /* sf-outer-limits.upright.ttf */,
			);
			name = fonts;
			path = media/fonts;
			sourceTree = "<group>";
		};
		DCFC30DA1CFDDE740018BBD3 /* poco */ = {
			isa = PBXGroup;
			children = (
				DC0095471D075660000856FC /* Year+CoreDataProperties.swift */,
				DC0095481D075660000856FC /* Year.swift */,
				DC0095491D075660000856FC /* ServiceProviderPhone+CoreDataProperties.swift */,
				DC00954A1D075660000856FC /* ServiceProviderPhone.swift */,
				DC00954B1D075660000856FC /* ServiceProviderCalender+CoreDataProperties.swift */,
				DC00954C1D075660000856FC /* ServiceProviderCalender.swift */,
				DC00954D1D075660000856FC /* Days+CoreDataProperties.swift */,
				DC00954E1D075660000856FC /* Days.swift */,
				DC00954F1D075660000856FC /* MeasuringUnit+CoreDataProperties.swift */,
				DC0095501D075660000856FC /* MeasuringUnit.swift */,
				DC0095511D075660000856FC /* TripCoordinate+CoreDataProperties.swift */,
				DC0095521D075660000856FC /* TripCoordinate.swift */,
				DC0095531D075660000856FC /* Trim+CoreDataProperties.swift */,
				DC0095541D075660000856FC /* Trim.swift */,
				DC0095551D075660000856FC /* Trip+CoreDataProperties.swift */,
				DC0095561D075660000856FC /* Trip.swift */,
				DC0095571D075660000856FC /* Model+CoreDataProperties.swift */,
				DC0095581D075660000856FC /* Model.swift */,
				DC0095591D075660000856FC /* Make+CoreDataProperties.swift */,
				DC00955A1D075660000856FC /* Make.swift */,
				DC00955B1D075660000856FC /* TrackingType+CoreDataProperties.swift */,
				DC00955C1D075660000856FC /* TrackingType.swift */,
				DC00955D1D075660000856FC /* CarFeature+CoreDataProperties.swift */,
				DC00955E1D075660000856FC /* CarFeature.swift */,
				DC00955F1D075660000856FC /* MyUser+CoreDataProperties.swift */,
				DC0095601D075660000856FC /* MyUser.swift */,
				DC0095611D075660000856FC /* ServiceProvider+CoreDataProperties.swift */,
				DC0095621D075660000856FC /* ServiceProvider.swift */,
				DC0095631D075660000856FC /* TrackingData+CoreDataProperties.swift */,
				DC0095641D075660000856FC /* TrackingData.swift */,
				DC0095651D075660000856FC /* ServiceProviderAddress+CoreDataProperties.swift */,
				DC0095661D075660000856FC /* ServiceProviderAddress.swift */,
				DC0095671D075660000856FC /* VehicleModel+CoreDataProperties.swift */,
				DC0095681D075660000856FC /* VehicleModel.swift */,
				DC0095691D075660000856FC /* ServiceProviderServices+CoreDataProperties.swift */,
				DC00956A1D075660000856FC /* ServiceProviderServices.swift */,
				DC00956B1D075660000856FC /* Service+CoreDataProperties.swift */,
				DC00956C1D075660000856FC /* Service.swift */,
				DC00956D1D075660000856FC /* Vehicle+CoreDataProperties.swift */,
				DC00956E1D075660000856FC /* Vehicle.swift */,
				DC00956F1D075660000856FC /* ModelFeatureValue+CoreDataProperties.swift */,
				DC0095701D075660000856FC /* ModelFeatureValue.swift */,
			);
			name = poco;
			sourceTree = "<group>";
		};
		DCFC30E11CFDDF250018BBD3 /* DAO */ = {
			isa = PBXGroup;
			children = (
				8C9E429E1D03280900DB1E56 /* managedObjectExtension.swift */,
				83BAC89F1D048766006CC257 /* AbstractDao.swift */,
			);
			name = DAO;
			sourceTree = "<group>";
		};
/* End PBXGroup section */

/* Begin PBXNativeTarget section */
		827827521CF837D600684CE5 /* ZOBA */ = {
			isa = PBXNativeTarget;
			buildConfigurationList = 8278277E1CF837D600684CE5 /* Build configuration list for PBXNativeTarget "ZOBA" */;
			buildPhases = (
				EC940CFFF9A48F95D36CAB9B /* 📦 Check Pods Manifest.lock */,
				BC6AB6838CF825B6FCF1C696 /* [CP] Check Pods Manifest.lock */,
				8278274F1CF837D600684CE5 /* Sources */,
				827827501CF837D600684CE5 /* Frameworks */,
				827827511CF837D600684CE5 /* Resources */,
				913C8D0E44712453084AA5C5 /* [CP] Embed Pods Frameworks */,
				D8C70AD28D2074D735BE96A1 /* [CP] Copy Pods Resources */,
				82EF3BEE1D056E3F00AC103C /* Embed App Extensions */,
				3F11320F058050CF06D7EE49 /* 📦 Embed Pods Frameworks */,
				76457B9E1AA14F4582C07085 /* 📦 Copy Pods Resources */,
			);
			buildRules = (
			);
			dependencies = (
				82EF3BE91D056E3F00AC103C /* PBXTargetDependency */,
			);
			name = ZOBA;
			productName = ZOBA;
			productReference = 827827531CF837D600684CE5 /* ZOBA.app */;
			productType = "com.apple.product-type.application";
		};
		827827691CF837D600684CE5 /* ZOBATests */ = {
			isa = PBXNativeTarget;
			buildConfigurationList = 827827811CF837D600684CE5 /* Build configuration list for PBXNativeTarget "ZOBATests" */;
			buildPhases = (
				0B31482077938DEA81894FD4 /* 📦 Check Pods Manifest.lock */,
				3B04073713425CEBC571F285 /* [CP] Check Pods Manifest.lock */,
				827827661CF837D600684CE5 /* Sources */,
				827827671CF837D600684CE5 /* Frameworks */,
				827827681CF837D600684CE5 /* Resources */,
				611E24917CC261420B066CBC /* [CP] Embed Pods Frameworks */,
				5764E96F0AF56FE33D0D0166 /* [CP] Copy Pods Resources */,
				34061AFE91677CFAC76D4DA9 /* 📦 Embed Pods Frameworks */,
				3D4420C93C3820798054AC34 /* 📦 Copy Pods Resources */,
			);
			buildRules = (
			);
			dependencies = (
				8278276C1CF837D600684CE5 /* PBXTargetDependency */,
			);
			name = ZOBATests;
			productName = ZOBATests;
			productReference = 8278276A1CF837D600684CE5 /* ZOBATests.xctest */;
			productType = "com.apple.product-type.bundle.unit-test";
		};
		827827741CF837D600684CE5 /* ZOBAUITests */ = {
			isa = PBXNativeTarget;
			buildConfigurationList = 827827841CF837D600684CE5 /* Build configuration list for PBXNativeTarget "ZOBAUITests" */;
			buildPhases = (
				32EC0646C54416C2BC13C26E /* 📦 Check Pods Manifest.lock */,
				EC708C73D3D50BDE278DB3C8 /* [CP] Check Pods Manifest.lock */,
				827827711CF837D600684CE5 /* Sources */,
				827827721CF837D600684CE5 /* Frameworks */,
				827827731CF837D600684CE5 /* Resources */,
				907F6ED4AB25A244D87C8468 /* [CP] Copy Pods Resources */,
				183B85F138DB002E34EE63AA /* 📦 Copy Pods Resources */,
			);
			buildRules = (
			);
			dependencies = (
				827827771CF837D600684CE5 /* PBXTargetDependency */,
			);
			name = ZOBAUITests;
			productName = ZOBAUITests;
			productReference = 827827751CF837D600684CE5 /* ZOBAUITests.xctest */;
			productType = "com.apple.product-type.bundle.ui-testing";
		};
		82EF3BDD1D056E3F00AC103C /* ZOBA Quick Access */ = {
			isa = PBXNativeTarget;
			buildConfigurationList = 82EF3BED1D056E3F00AC103C /* Build configuration list for PBXNativeTarget "ZOBA Quick Access" */;
			buildPhases = (
				82EF3BDA1D056E3F00AC103C /* Sources */,
				82EF3BDB1D056E3F00AC103C /* Frameworks */,
				82EF3BDC1D056E3F00AC103C /* Resources */,
			);
			buildRules = (
			);
			dependencies = (
			);
			name = "ZOBA Quick Access";
			productName = "ZOBA Quick Access";
			productReference = 82EF3BDE1D056E3F00AC103C /* ZOBA Quick Access.appex */;
			productType = "com.apple.product-type.app-extension";
		};
/* End PBXNativeTarget section */

/* Begin PBXProject section */
		8278274B1CF837D600684CE5 /* Project object */ = {
			isa = PBXProject;
			attributes = {
				LastSwiftUpdateCheck = 0730;
				LastUpgradeCheck = 0730;
				ORGANIZATIONNAME = "RE Pixels";
				TargetAttributes = {
					827827521CF837D600684CE5 = {
						CreatedOnToolsVersion = 7.3;
						DevelopmentTeam = B263Y9M649;
						SystemCapabilities = {
							com.apple.Push = {
								enabled = 1;
							};
						};
					};
					827827691CF837D600684CE5 = {
						CreatedOnToolsVersion = 7.3;
						TestTargetID = 827827521CF837D600684CE5;
					};
					827827741CF837D600684CE5 = {
						CreatedOnToolsVersion = 7.3;
						TestTargetID = 827827521CF837D600684CE5;
					};
					82EF3BDD1D056E3F00AC103C = {
						CreatedOnToolsVersion = 7.3.1;
						DevelopmentTeam = B263Y9M649;
					};
				};
			};
			buildConfigurationList = 8278274E1CF837D600684CE5 /* Build configuration list for PBXProject "ZOBA" */;
			compatibilityVersion = "Xcode 3.2";
			developmentRegion = English;
			hasScannedForEncodings = 0;
			knownRegions = (
				en,
				Base,
			);
			mainGroup = 8278274A1CF837D600684CE5;
			productRefGroup = 827827541CF837D600684CE5 /* Products */;
			projectDirPath = "";
			projectRoot = "";
			targets = (
				827827521CF837D600684CE5 /* ZOBA */,
				827827691CF837D600684CE5 /* ZOBATests */,
				827827741CF837D600684CE5 /* ZOBAUITests */,
				82EF3BDD1D056E3F00AC103C /* ZOBA Quick Access */,
			);
		};
/* End PBXProject section */

/* Begin PBXResourcesBuildPhase section */
		827827511CF837D600684CE5 /* Resources */ = {
			isa = PBXResourcesBuildPhase;
			buildActionMask = 2147483647;
			files = (
				82501A7A1D05A9A3008272CB /* gas-level.png in Resources */,
				82501A7E1D05A9A3008272CB /* oil-level.png in Resources */,
				82501A781D05A9A3008272CB /* calendar.png in Resources */,
				82501A821D05A9A3008272CB /* service-car.png in Resources */,
				82501A7C1D05A9A3008272CB /* line.png in Resources */,
				82F8B8C31CF89A2500E46B05 /* splash-background.png in Resources */,
				82F8B8BE1CF8905B00E46B05 /* contm.ttf in Resources */,
				DC778F291D0D708600F43AE8 /* Fuel.storyboard in Resources */,
				82F8B8BF1CF8905B00E46B05 /* nasalization rg.ttf in Resources */,
				DC778F2B1D0D7B3600F43AE8 /* oil.storyboard in Resources */,
				82F8B8A11CF8807400E46B05 /* service-centers.png in Resources */,
				82501A791D05A9A3008272CB /* flag.png in Resources */,
				82501A801D05A9A3008272CB /* rainbow.png in Resources */,
				82501A771D05A9A3008272CB /* add-trip.png in Resources */,
				82501A811D05A9A3008272CB /* route.png in Resources */,
				82F8B89F1CF8807400E46B05 /* logo.png in Resources */,
				82F8B8A41CF8807400E46B05 /* tips.png in Resources */,
				82501A7F1D05A9A3008272CB /* placeholder.png in Resources */,
				82501A761D05A9A3008272CB /* add-oil.png in Resources */,
				827827641CF837D600684CE5 /* LaunchScreen.storyboard in Resources */,
				82F8B8C41CF89A2500E46B05 /* splash-logo.png in Resources */,
				82501A751D05A9A3008272CB /* add-fuel.png in Resources */,
				827827611CF837D600684CE5 /* Assets.xcassets in Resources */,
				82F8B8C01CF8905B00E46B05 /* sf-outer-limits.upright.ttf in Resources */,
				82F8B8A31CF8807400E46B05 /* street.png in Resources */,
				82F8B8BC1CF8905B00E46B05 /* contb.ttf in Resources */,
				82F8B8A51CF8807400E46B05 /* tracking.png in Resources */,
				82F8B8A21CF8807400E46B05 /* statistics.png in Resources */,
				82501A7D1D05A9A3008272CB /* Odometer.png in Resources */,
				82F8B8BD1CF8905B00E46B05 /* contl.ttf in Resources */,
				DC778F271D0D6FB600F43AE8 /* HomeStoryBoard.storyboard in Resources */,
				8278275C1CF837D600684CE5 /* Main.storyboard in Resources */,
				82501A831D05A9A3008272CB /* timeline-circle.png in Resources */,
				829C437C1CFBBA1F00869E59 /* Media.xcassets in Resources */,
				82F8B8A01CF8807400E46B05 /* rescue.png in Resources */,
				82501A7B1D05A9A3008272CB /* hexa.png in Resources */,
			);
			runOnlyForDeploymentPostprocessing = 0;
		};
		827827681CF837D600684CE5 /* Resources */ = {
			isa = PBXResourcesBuildPhase;
			buildActionMask = 2147483647;
			files = (
			);
			runOnlyForDeploymentPostprocessing = 0;
		};
		827827731CF837D600684CE5 /* Resources */ = {
			isa = PBXResourcesBuildPhase;
			buildActionMask = 2147483647;
			files = (
			);
			runOnlyForDeploymentPostprocessing = 0;
		};
		82EF3BDC1D056E3F00AC103C /* Resources */ = {
			isa = PBXResourcesBuildPhase;
			buildActionMask = 2147483647;
			files = (
				82EF3BE61D056E3F00AC103C /* MainInterface.storyboard in Resources */,
			);
			runOnlyForDeploymentPostprocessing = 0;
		};
/* End PBXResourcesBuildPhase section */

/* Begin PBXShellScriptBuildPhase section */
		0B31482077938DEA81894FD4 /* 📦 Check Pods Manifest.lock */ = {
			isa = PBXShellScriptBuildPhase;
			buildActionMask = 2147483647;
			files = (
			);
			inputPaths = (
			);
			name = "📦 Check Pods Manifest.lock";
			outputPaths = (
			);
			runOnlyForDeploymentPostprocessing = 0;
			shellPath = /bin/sh;
			shellScript = "diff \"${PODS_ROOT}/../Podfile.lock\" \"${PODS_ROOT}/Manifest.lock\" > /dev/null\nif [[ $? != 0 ]] ; then\n    cat << EOM\nerror: The sandbox is not in sync with the Podfile.lock. Run 'pod install' or update your CocoaPods installation.\nEOM\n    exit 1\nfi\n";
			showEnvVarsInLog = 0;
		};
		183B85F138DB002E34EE63AA /* 📦 Copy Pods Resources */ = {
			isa = PBXShellScriptBuildPhase;
			buildActionMask = 2147483647;
			files = (
			);
			inputPaths = (
			);
			name = "📦 Copy Pods Resources";
			outputPaths = (
			);
			runOnlyForDeploymentPostprocessing = 0;
			shellPath = /bin/sh;
			shellScript = "\"${SRCROOT}/Pods/Target Support Files/Pods-ZOBAUITests/Pods-ZOBAUITests-resources.sh\"\n";
			showEnvVarsInLog = 0;
		};
		32EC0646C54416C2BC13C26E /* 📦 Check Pods Manifest.lock */ = {
			isa = PBXShellScriptBuildPhase;
			buildActionMask = 2147483647;
			files = (
			);
			inputPaths = (
			);
			name = "📦 Check Pods Manifest.lock";
			outputPaths = (
			);
			runOnlyForDeploymentPostprocessing = 0;
			shellPath = /bin/sh;
			shellScript = "diff \"${PODS_ROOT}/../Podfile.lock\" \"${PODS_ROOT}/Manifest.lock\" > /dev/null\nif [[ $? != 0 ]] ; then\n    cat << EOM\nerror: The sandbox is not in sync with the Podfile.lock. Run 'pod install' or update your CocoaPods installation.\nEOM\n    exit 1\nfi\n";
			showEnvVarsInLog = 0;
		};
		34061AFE91677CFAC76D4DA9 /* 📦 Embed Pods Frameworks */ = {
			isa = PBXShellScriptBuildPhase;
			buildActionMask = 2147483647;
			files = (
			);
			inputPaths = (
			);
			name = "📦 Embed Pods Frameworks";
			outputPaths = (
			);
			runOnlyForDeploymentPostprocessing = 0;
			shellPath = /bin/sh;
			shellScript = "\"${SRCROOT}/Pods/Target Support Files/Pods-ZOBATests/Pods-ZOBATests-frameworks.sh\"\n";
			showEnvVarsInLog = 0;
		};
		3B04073713425CEBC571F285 /* [CP] Check Pods Manifest.lock */ = {
			isa = PBXShellScriptBuildPhase;
			buildActionMask = 2147483647;
			files = (
			);
			inputPaths = (
			);
			name = "[CP] Check Pods Manifest.lock";
			outputPaths = (
			);
			runOnlyForDeploymentPostprocessing = 0;
			shellPath = /bin/sh;
			shellScript = "diff \"${PODS_ROOT}/../Podfile.lock\" \"${PODS_ROOT}/Manifest.lock\" > /dev/null\nif [[ $? != 0 ]] ; then\n    cat << EOM\nerror: The sandbox is not in sync with the Podfile.lock. Run 'pod install' or update your CocoaPods installation.\nEOM\n    exit 1\nfi\n";
			showEnvVarsInLog = 0;
		};
		3D4420C93C3820798054AC34 /* 📦 Copy Pods Resources */ = {
			isa = PBXShellScriptBuildPhase;
			buildActionMask = 2147483647;
			files = (
			);
			inputPaths = (
			);
			name = "📦 Copy Pods Resources";
			outputPaths = (
			);
			runOnlyForDeploymentPostprocessing = 0;
			shellPath = /bin/sh;
			shellScript = "\"${SRCROOT}/Pods/Target Support Files/Pods-ZOBATests/Pods-ZOBATests-resources.sh\"\n";
			showEnvVarsInLog = 0;
		};
		3F11320F058050CF06D7EE49 /* 📦 Embed Pods Frameworks */ = {
			isa = PBXShellScriptBuildPhase;
			buildActionMask = 2147483647;
			files = (
			);
			inputPaths = (
			);
			name = "📦 Embed Pods Frameworks";
			outputPaths = (
			);
			runOnlyForDeploymentPostprocessing = 0;
			shellPath = /bin/sh;
			shellScript = "\"${SRCROOT}/Pods/Target Support Files/Pods-ZOBA/Pods-ZOBA-frameworks.sh\"\n";
			showEnvVarsInLog = 0;
		};
		5764E96F0AF56FE33D0D0166 /* [CP] Copy Pods Resources */ = {
			isa = PBXShellScriptBuildPhase;
			buildActionMask = 2147483647;
			files = (
			);
			inputPaths = (
			);
			name = "[CP] Copy Pods Resources";
			outputPaths = (
			);
			runOnlyForDeploymentPostprocessing = 0;
			shellPath = /bin/sh;
			shellScript = "\"${SRCROOT}/Pods/Target Support Files/Pods-ZOBATests/Pods-ZOBATests-resources.sh\"\n";
			showEnvVarsInLog = 0;
		};
		611E24917CC261420B066CBC /* [CP] Embed Pods Frameworks */ = {
			isa = PBXShellScriptBuildPhase;
			buildActionMask = 2147483647;
			files = (
			);
			inputPaths = (
			);
			name = "[CP] Embed Pods Frameworks";
			outputPaths = (
			);
			runOnlyForDeploymentPostprocessing = 0;
			shellPath = /bin/sh;
			shellScript = "\"${SRCROOT}/Pods/Target Support Files/Pods-ZOBATests/Pods-ZOBATests-frameworks.sh\"\n";
			showEnvVarsInLog = 0;
		};
		76457B9E1AA14F4582C07085 /* 📦 Copy Pods Resources */ = {
			isa = PBXShellScriptBuildPhase;
			buildActionMask = 2147483647;
			files = (
			);
			inputPaths = (
			);
			name = "📦 Copy Pods Resources";
			outputPaths = (
			);
			runOnlyForDeploymentPostprocessing = 0;
			shellPath = /bin/sh;
			shellScript = "\"${SRCROOT}/Pods/Target Support Files/Pods-ZOBA/Pods-ZOBA-resources.sh\"\n";
			showEnvVarsInLog = 0;
		};
		907F6ED4AB25A244D87C8468 /* [CP] Copy Pods Resources */ = {
			isa = PBXShellScriptBuildPhase;
			buildActionMask = 2147483647;
			files = (
			);
			inputPaths = (
			);
			name = "[CP] Copy Pods Resources";
			outputPaths = (
			);
			runOnlyForDeploymentPostprocessing = 0;
			shellPath = /bin/sh;
			shellScript = "\"${SRCROOT}/Pods/Target Support Files/Pods-ZOBAUITests/Pods-ZOBAUITests-resources.sh\"\n";
			showEnvVarsInLog = 0;
		};
		913C8D0E44712453084AA5C5 /* [CP] Embed Pods Frameworks */ = {
			isa = PBXShellScriptBuildPhase;
			buildActionMask = 2147483647;
			files = (
			);
			inputPaths = (
			);
			name = "[CP] Embed Pods Frameworks";
			outputPaths = (
			);
			runOnlyForDeploymentPostprocessing = 0;
			shellPath = /bin/sh;
			shellScript = "\"${SRCROOT}/Pods/Target Support Files/Pods-ZOBA/Pods-ZOBA-frameworks.sh\"\n";
			showEnvVarsInLog = 0;
		};
		BC6AB6838CF825B6FCF1C696 /* [CP] Check Pods Manifest.lock */ = {
			isa = PBXShellScriptBuildPhase;
			buildActionMask = 2147483647;
			files = (
			);
			inputPaths = (
			);
			name = "[CP] Check Pods Manifest.lock";
			outputPaths = (
			);
			runOnlyForDeploymentPostprocessing = 0;
			shellPath = /bin/sh;
			shellScript = "diff \"${PODS_ROOT}/../Podfile.lock\" \"${PODS_ROOT}/Manifest.lock\" > /dev/null\nif [[ $? != 0 ]] ; then\n    cat << EOM\nerror: The sandbox is not in sync with the Podfile.lock. Run 'pod install' or update your CocoaPods installation.\nEOM\n    exit 1\nfi\n";
			showEnvVarsInLog = 0;
		};
		D8C70AD28D2074D735BE96A1 /* [CP] Copy Pods Resources */ = {
			isa = PBXShellScriptBuildPhase;
			buildActionMask = 2147483647;
			files = (
			);
			inputPaths = (
			);
			name = "[CP] Copy Pods Resources";
			outputPaths = (
			);
			runOnlyForDeploymentPostprocessing = 0;
			shellPath = /bin/sh;
			shellScript = "\"${SRCROOT}/Pods/Target Support Files/Pods-ZOBA/Pods-ZOBA-resources.sh\"\n";
			showEnvVarsInLog = 0;
		};
		EC708C73D3D50BDE278DB3C8 /* [CP] Check Pods Manifest.lock */ = {
			isa = PBXShellScriptBuildPhase;
			buildActionMask = 2147483647;
			files = (
			);
			inputPaths = (
			);
			name = "[CP] Check Pods Manifest.lock";
			outputPaths = (
			);
			runOnlyForDeploymentPostprocessing = 0;
			shellPath = /bin/sh;
			shellScript = "diff \"${PODS_ROOT}/../Podfile.lock\" \"${PODS_ROOT}/Manifest.lock\" > /dev/null\nif [[ $? != 0 ]] ; then\n    cat << EOM\nerror: The sandbox is not in sync with the Podfile.lock. Run 'pod install' or update your CocoaPods installation.\nEOM\n    exit 1\nfi\n";
			showEnvVarsInLog = 0;
		};
		EC940CFFF9A48F95D36CAB9B /* 📦 Check Pods Manifest.lock */ = {
			isa = PBXShellScriptBuildPhase;
			buildActionMask = 2147483647;
			files = (
			);
			inputPaths = (
			);
			name = "📦 Check Pods Manifest.lock";
			outputPaths = (
			);
			runOnlyForDeploymentPostprocessing = 0;
			shellPath = /bin/sh;
			shellScript = "diff \"${PODS_ROOT}/../Podfile.lock\" \"${PODS_ROOT}/Manifest.lock\" > /dev/null\nif [[ $? != 0 ]] ; then\n    cat << EOM\nerror: The sandbox is not in sync with the Podfile.lock. Run 'pod install' or update your CocoaPods installation.\nEOM\n    exit 1\nfi\n";
			showEnvVarsInLog = 0;
		};
/* End PBXShellScriptBuildPhase section */

/* Begin PBXSourcesBuildPhase section */
		8278274F1CF837D600684CE5 /* Sources */ = {
			isa = PBXSourcesBuildPhase;
			buildActionMask = 2147483647;
			files = (
				DC562BB81D103E540066B8A8 /* FuelDetailViewController.swift in Sources */,
				DC0095751D075660000856FC /* ServiceProviderCalender+CoreDataProperties.swift in Sources */,
				8265E7F11D0583780039D0AF /* AppDelegate.swift in Sources */,
				DC0095741D075660000856FC /* ServiceProviderPhone.swift in Sources */,
				8265E7F01D0583560039D0AF /* RegisterViewController.swift in Sources */,
				DC0095901D075660000856FC /* ServiceProviderAddress.swift in Sources */,
				831B12CD1D0641D000D10CBA /* FuelCell.swift in Sources */,
				DC0095991D075660000856FC /* ModelFeatureValue+CoreDataProperties.swift in Sources */,
				DC0095801D075660000856FC /* Trip.swift in Sources */,
				DC0095861D075660000856FC /* TrackingType.swift in Sources */,
				DC0095931D075660000856FC /* ServiceProviderServices+CoreDataProperties.swift in Sources */,
				DC00958A1D075660000856FC /* MyUser.swift in Sources */,
				DC00958D1D075660000856FC /* TrackingData+CoreDataProperties.swift in Sources */,
				831B12D11D06448200D10CBA /* TripCell.swift in Sources */,
				DC5D919E1D046CA400A382C8 /* WebServiceConnection.swift in Sources */,
				DC0095851D075660000856FC /* TrackingType+CoreDataProperties.swift in Sources */,
				DC0095951D075660000856FC /* Service+CoreDataProperties.swift in Sources */,
				8301381C1D060D0B00A1EE21 /* DaySummaryCell.swift in Sources */,
				DC00959A1D075660000856FC /* ModelFeatureValue.swift in Sources */,
				DC0095841D075660000856FC /* Make.swift in Sources */,
				DC0D49151D116AC700F5D9DC /* OilTableViewCell.swift in Sources */,
				827827591CF837D600684CE5 /* ViewController.swift in Sources */,
				DC0095911D075660000856FC /* VehicleModel+CoreDataProperties.swift in Sources */,
				8278275F1CF837D600684CE5 /* ZOBA.xcdatamodeld in Sources */,
				DCC01D0F1D0C4FE0009E66C3 /* AllOilTableViewController.swift in Sources */,
				DCB398111D0D538900845B19 /* FuelTableViewController.swift in Sources */,
				DC0095891D075660000856FC /* MyUser+CoreDataProperties.swift in Sources */,
				DC00958F1D075660000856FC /* ServiceProviderAddress+CoreDataProperties.swift in Sources */,
				DC0095821D075660000856FC /* Model.swift in Sources */,
				DC00957C1D075660000856FC /* TripCoordinate.swift in Sources */,
				DC0095771D075660000856FC /* Days+CoreDataProperties.swift in Sources */,
				DC0095941D075660000856FC /* ServiceProviderServices.swift in Sources */,
				82057F7B1D04906C00BC80DD /* AddFuelViewController.swift in Sources */,
				DC00958E1D075660000856FC /* TrackingData.swift in Sources */,
				DCE6DC431CFC635D00637977 /* UIViewControllerExtension.swift in Sources */,
				DC0095961D075660000856FC /* Service.swift in Sources */,
				DC9A805F1D1166B30081C832 /* FuelTableViewCell.swift in Sources */,
				DC562BB61D1036680066B8A8 /* OilDetailsViewController.swift in Sources */,
				DCE6DC411CFC33A400637977 /* DataValidations.swift in Sources */,
				DC00957D1D075660000856FC /* Trim+CoreDataProperties.swift in Sources */,
				8C9E429F1D03280900DB1E56 /* managedObjectExtension.swift in Sources */,
				DC0095761D075660000856FC /* ServiceProviderCalender.swift in Sources */,
				DC0095711D075660000856FC /* Year+CoreDataProperties.swift in Sources */,
				DC0095921D075660000856FC /* VehicleModel.swift in Sources */,
				DC0095981D075660000856FC /* Vehicle.swift in Sources */,
				DC0095721D075660000856FC /* Year.swift in Sources */,
				831B12CF1D0643A200D10CBA /* OilCell.swift in Sources */,
				DC00958B1D075660000856FC /* ServiceProvider+CoreDataProperties.swift in Sources */,
				DC00957A1D075660000856FC /* MeasuringUnit.swift in Sources */,
				DC00958C1D075660000856FC /* ServiceProvider.swift in Sources */,
				DC0095871D075660000856FC /* CarFeature+CoreDataProperties.swift in Sources */,
				8255E19C1D0426430044C2CB /* HomeViewController.swift in Sources */,
				82057F791D048FDA00BC80DD /* AddOilViewController.swift in Sources */,
				82057F741D048C1700BC80DD /* AddVehicleViewController.swift in Sources */,
				82057F801D0490E400BC80DD /* AddTripViewController.swift in Sources */,
				DC00957B1D075660000856FC /* TripCoordinate+CoreDataProperties.swift in Sources */,
				DC0095791D075660000856FC /* MeasuringUnit+CoreDataProperties.swift in Sources */,
				DC0095811D075660000856FC /* Model+CoreDataProperties.swift in Sources */,
				DC0095731D075660000856FC /* ServiceProviderPhone+CoreDataProperties.swift in Sources */,
				DC0095971D075660000856FC /* Vehicle+CoreDataProperties.swift in Sources */,
				82057F7E1D0490D600BC80DD /* TimelineViewController.swift in Sources */,
				DC00957E1D075660000856FC /* Trim.swift in Sources */,
				DC0095781D075660000856FC /* Days.swift in Sources */,
				DC0095881D075660000856FC /* CarFeature.swift in Sources */,
				DC0095831D075660000856FC /* Make+CoreDataProperties.swift in Sources */,
				DC00957F1D075660000856FC /* Trip+CoreDataProperties.swift in Sources */,
				83BAC8A01D048766006CC257 /* AbstractDao.swift in Sources */,
			);
			runOnlyForDeploymentPostprocessing = 0;
		};
		827827661CF837D600684CE5 /* Sources */ = {
			isa = PBXSourcesBuildPhase;
			buildActionMask = 2147483647;
			files = (
				8278276F1CF837D600684CE5 /* ZOBATests.swift in Sources */,
			);
			runOnlyForDeploymentPostprocessing = 0;
		};
		827827711CF837D600684CE5 /* Sources */ = {
			isa = PBXSourcesBuildPhase;
			buildActionMask = 2147483647;
			files = (
				8278277A1CF837D600684CE5 /* ZOBAUITests.swift in Sources */,
			);
			runOnlyForDeploymentPostprocessing = 0;
		};
		82EF3BDA1D056E3F00AC103C /* Sources */ = {
			isa = PBXSourcesBuildPhase;
			buildActionMask = 2147483647;
			files = (
				82EF3BE31D056E3F00AC103C /* TodayViewController.swift in Sources */,
			);
			runOnlyForDeploymentPostprocessing = 0;
		};
/* End PBXSourcesBuildPhase section */

/* Begin PBXTargetDependency section */
		8278276C1CF837D600684CE5 /* PBXTargetDependency */ = {
			isa = PBXTargetDependency;
			target = 827827521CF837D600684CE5 /* ZOBA */;
			targetProxy = 8278276B1CF837D600684CE5 /* PBXContainerItemProxy */;
		};
		827827771CF837D600684CE5 /* PBXTargetDependency */ = {
			isa = PBXTargetDependency;
			target = 827827521CF837D600684CE5 /* ZOBA */;
			targetProxy = 827827761CF837D600684CE5 /* PBXContainerItemProxy */;
		};
		82EF3BE91D056E3F00AC103C /* PBXTargetDependency */ = {
			isa = PBXTargetDependency;
			target = 82EF3BDD1D056E3F00AC103C /* ZOBA Quick Access */;
			targetProxy = 82EF3BE81D056E3F00AC103C /* PBXContainerItemProxy */;
		};
/* End PBXTargetDependency section */

/* Begin PBXVariantGroup section */
		8278275A1CF837D600684CE5 /* Main.storyboard */ = {
			isa = PBXVariantGroup;
			children = (
				8278275B1CF837D600684CE5 /* Base */,
			);
			name = Main.storyboard;
			sourceTree = "<group>";
		};
		827827621CF837D600684CE5 /* LaunchScreen.storyboard */ = {
			isa = PBXVariantGroup;
			children = (
				827827631CF837D600684CE5 /* Base */,
			);
			name = LaunchScreen.storyboard;
			sourceTree = "<group>";
		};
		82EF3BE41D056E3F00AC103C /* MainInterface.storyboard */ = {
			isa = PBXVariantGroup;
			children = (
				82EF3BE51D056E3F00AC103C /* Base */,
			);
			name = MainInterface.storyboard;
			sourceTree = "<group>";
		};
/* End PBXVariantGroup section */

/* Begin XCBuildConfiguration section */
		8278277C1CF837D600684CE5 /* Debug */ = {
			isa = XCBuildConfiguration;
			buildSettings = {
				ALWAYS_SEARCH_USER_PATHS = NO;
				CLANG_ANALYZER_NONNULL = YES;
				CLANG_CXX_LANGUAGE_STANDARD = "gnu++0x";
				CLANG_CXX_LIBRARY = "libc++";
				CLANG_ENABLE_MODULES = YES;
				CLANG_ENABLE_OBJC_ARC = YES;
				CLANG_WARN_BOOL_CONVERSION = YES;
				CLANG_WARN_CONSTANT_CONVERSION = YES;
				CLANG_WARN_DIRECT_OBJC_ISA_USAGE = YES_ERROR;
				CLANG_WARN_EMPTY_BODY = YES;
				CLANG_WARN_ENUM_CONVERSION = YES;
				CLANG_WARN_INT_CONVERSION = YES;
				CLANG_WARN_OBJC_ROOT_CLASS = YES_ERROR;
				CLANG_WARN_UNREACHABLE_CODE = YES;
				CLANG_WARN__DUPLICATE_METHOD_MATCH = YES;
				"CODE_SIGN_IDENTITY[sdk=iphoneos*]" = "iPhone Developer";
				COPY_PHASE_STRIP = NO;
				DEBUG_INFORMATION_FORMAT = dwarf;
				ENABLE_STRICT_OBJC_MSGSEND = YES;
				ENABLE_TESTABILITY = YES;
				GCC_C_LANGUAGE_STANDARD = gnu99;
				GCC_DYNAMIC_NO_PIC = NO;
				GCC_NO_COMMON_BLOCKS = YES;
				GCC_OPTIMIZATION_LEVEL = 0;
				GCC_PREPROCESSOR_DEFINITIONS = (
					"DEBUG=1",
					"$(inherited)",
				);
				GCC_WARN_64_TO_32_BIT_CONVERSION = YES;
				GCC_WARN_ABOUT_RETURN_TYPE = YES_ERROR;
				GCC_WARN_UNDECLARED_SELECTOR = YES;
				GCC_WARN_UNINITIALIZED_AUTOS = YES_AGGRESSIVE;
				GCC_WARN_UNUSED_FUNCTION = YES;
				GCC_WARN_UNUSED_VARIABLE = YES;
				IPHONEOS_DEPLOYMENT_TARGET = 9.3;
				MTL_ENABLE_DEBUG_INFO = YES;
				ONLY_ACTIVE_ARCH = YES;
				SDKROOT = iphoneos;
				SWIFT_OPTIMIZATION_LEVEL = "-Onone";
			};
			name = Debug;
		};
		8278277D1CF837D600684CE5 /* Release */ = {
			isa = XCBuildConfiguration;
			buildSettings = {
				ALWAYS_SEARCH_USER_PATHS = NO;
				CLANG_ANALYZER_NONNULL = YES;
				CLANG_CXX_LANGUAGE_STANDARD = "gnu++0x";
				CLANG_CXX_LIBRARY = "libc++";
				CLANG_ENABLE_MODULES = YES;
				CLANG_ENABLE_OBJC_ARC = YES;
				CLANG_WARN_BOOL_CONVERSION = YES;
				CLANG_WARN_CONSTANT_CONVERSION = YES;
				CLANG_WARN_DIRECT_OBJC_ISA_USAGE = YES_ERROR;
				CLANG_WARN_EMPTY_BODY = YES;
				CLANG_WARN_ENUM_CONVERSION = YES;
				CLANG_WARN_INT_CONVERSION = YES;
				CLANG_WARN_OBJC_ROOT_CLASS = YES_ERROR;
				CLANG_WARN_UNREACHABLE_CODE = YES;
				CLANG_WARN__DUPLICATE_METHOD_MATCH = YES;
				"CODE_SIGN_IDENTITY[sdk=iphoneos*]" = "iPhone Developer";
				COPY_PHASE_STRIP = NO;
				DEBUG_INFORMATION_FORMAT = "dwarf-with-dsym";
				ENABLE_NS_ASSERTIONS = NO;
				ENABLE_STRICT_OBJC_MSGSEND = YES;
				GCC_C_LANGUAGE_STANDARD = gnu99;
				GCC_NO_COMMON_BLOCKS = YES;
				GCC_WARN_64_TO_32_BIT_CONVERSION = YES;
				GCC_WARN_ABOUT_RETURN_TYPE = YES_ERROR;
				GCC_WARN_UNDECLARED_SELECTOR = YES;
				GCC_WARN_UNINITIALIZED_AUTOS = YES_AGGRESSIVE;
				GCC_WARN_UNUSED_FUNCTION = YES;
				GCC_WARN_UNUSED_VARIABLE = YES;
				IPHONEOS_DEPLOYMENT_TARGET = 9.3;
				MTL_ENABLE_DEBUG_INFO = NO;
				SDKROOT = iphoneos;
				VALIDATE_PRODUCT = YES;
			};
			name = Release;
		};
		8278277F1CF837D600684CE5 /* Debug */ = {
			isa = XCBuildConfiguration;
			baseConfigurationReference = BD7787F9DCD77BFD9E47D307 /* Pods-ZOBA.debug.xcconfig */;
			buildSettings = {
				ASSETCATALOG_COMPILER_APPICON_NAME = AppIcon;
				CODE_SIGN_IDENTITY = "iPhone Developer";
				"CODE_SIGN_IDENTITY[sdk=iphoneos*]" = "iPhone Developer";
				EMBEDDED_CONTENT_CONTAINS_SWIFT = YES;
				FRAMEWORK_SEARCH_PATHS = (
					"$(inherited)",
					"$(PROJECT_DIR)",
				);
				INFOPLIST_FILE = ZOBA/Info.plist;
				IPHONEOS_DEPLOYMENT_TARGET = 9.3;
				LD_RUNPATH_SEARCH_PATHS = "$(inherited) @executable_path/Frameworks";
				PRODUCT_BUNDLE_IDENTIFIER = RE.ZOBA;
				PRODUCT_NAME = "$(TARGET_NAME)";
				PROVISIONING_PROFILE = "";
			};
			name = Debug;
		};
		827827801CF837D600684CE5 /* Release */ = {
			isa = XCBuildConfiguration;
			baseConfigurationReference = 3C4DC4794BB8782CEF3EBF4B /* Pods-ZOBA.release.xcconfig */;
			buildSettings = {
				ASSETCATALOG_COMPILER_APPICON_NAME = AppIcon;
				CODE_SIGN_IDENTITY = "iPhone Developer";
				"CODE_SIGN_IDENTITY[sdk=iphoneos*]" = "iPhone Developer";
				EMBEDDED_CONTENT_CONTAINS_SWIFT = YES;
				FRAMEWORK_SEARCH_PATHS = (
					"$(inherited)",
					"$(PROJECT_DIR)",
				);
				INFOPLIST_FILE = ZOBA/Info.plist;
				IPHONEOS_DEPLOYMENT_TARGET = 9.3;
				LD_RUNPATH_SEARCH_PATHS = "$(inherited) @executable_path/Frameworks";
				PRODUCT_BUNDLE_IDENTIFIER = RE.ZOBA;
				PRODUCT_NAME = "$(TARGET_NAME)";
				PROVISIONING_PROFILE = "";
			};
			name = Release;
		};
		827827821CF837D600684CE5 /* Debug */ = {
			isa = XCBuildConfiguration;
			baseConfigurationReference = C8594A3E0A7DBD3B1374B0E8 /* Pods-ZOBATests.debug.xcconfig */;
			buildSettings = {
				BUNDLE_LOADER = "$(TEST_HOST)";
				INFOPLIST_FILE = ZOBATests/Info.plist;
				LD_RUNPATH_SEARCH_PATHS = "$(inherited) @executable_path/Frameworks @loader_path/Frameworks";
				PRODUCT_BUNDLE_IDENTIFIER = RE.ZOBATests;
				PRODUCT_NAME = "$(TARGET_NAME)";
				TEST_HOST = "$(BUILT_PRODUCTS_DIR)/ZOBA.app/ZOBA";
			};
			name = Debug;
		};
		827827831CF837D600684CE5 /* Release */ = {
			isa = XCBuildConfiguration;
			baseConfigurationReference = 05E06D0C7F575767E06BD287 /* Pods-ZOBATests.release.xcconfig */;
			buildSettings = {
				BUNDLE_LOADER = "$(TEST_HOST)";
				INFOPLIST_FILE = ZOBATests/Info.plist;
				LD_RUNPATH_SEARCH_PATHS = "$(inherited) @executable_path/Frameworks @loader_path/Frameworks";
				PRODUCT_BUNDLE_IDENTIFIER = RE.ZOBATests;
				PRODUCT_NAME = "$(TARGET_NAME)";
				TEST_HOST = "$(BUILT_PRODUCTS_DIR)/ZOBA.app/ZOBA";
			};
			name = Release;
		};
		827827851CF837D600684CE5 /* Debug */ = {
			isa = XCBuildConfiguration;
			baseConfigurationReference = B7974B3E65B33BEAC6D00F69 /* Pods-ZOBAUITests.debug.xcconfig */;
			buildSettings = {
				INFOPLIST_FILE = ZOBAUITests/Info.plist;
				LD_RUNPATH_SEARCH_PATHS = "$(inherited) @executable_path/Frameworks @loader_path/Frameworks";
				PRODUCT_BUNDLE_IDENTIFIER = RE.ZOBAUITests;
				PRODUCT_NAME = "$(TARGET_NAME)";
				TEST_TARGET_NAME = ZOBA;
			};
			name = Debug;
		};
		827827861CF837D600684CE5 /* Release */ = {
			isa = XCBuildConfiguration;
			baseConfigurationReference = 116AC9BAA293836FEAA57FDB /* Pods-ZOBAUITests.release.xcconfig */;
			buildSettings = {
				INFOPLIST_FILE = ZOBAUITests/Info.plist;
				LD_RUNPATH_SEARCH_PATHS = "$(inherited) @executable_path/Frameworks @loader_path/Frameworks";
				PRODUCT_BUNDLE_IDENTIFIER = RE.ZOBAUITests;
				PRODUCT_NAME = "$(TARGET_NAME)";
				TEST_TARGET_NAME = ZOBA;
			};
			name = Release;
		};
		82EF3BEB1D056E3F00AC103C /* Debug */ = {
			isa = XCBuildConfiguration;
			buildSettings = {
				CODE_SIGN_IDENTITY = "iPhone Developer";
				"CODE_SIGN_IDENTITY[sdk=iphoneos*]" = "iPhone Developer";
				INFOPLIST_FILE = "ZOBA Quick Access/Info.plist";
				LD_RUNPATH_SEARCH_PATHS = "$(inherited) @executable_path/Frameworks @executable_path/../../Frameworks";
				PRODUCT_BUNDLE_IDENTIFIER = "RE.ZOBA.ZOBA-Quick-Access";
				PRODUCT_NAME = "$(TARGET_NAME)";
				SKIP_INSTALL = YES;
			};
			name = Debug;
		};
		82EF3BEC1D056E3F00AC103C /* Release */ = {
			isa = XCBuildConfiguration;
			buildSettings = {
				CODE_SIGN_IDENTITY = "iPhone Developer";
				"CODE_SIGN_IDENTITY[sdk=iphoneos*]" = "iPhone Developer";
				INFOPLIST_FILE = "ZOBA Quick Access/Info.plist";
				LD_RUNPATH_SEARCH_PATHS = "$(inherited) @executable_path/Frameworks @executable_path/../../Frameworks";
				PRODUCT_BUNDLE_IDENTIFIER = "RE.ZOBA.ZOBA-Quick-Access";
				PRODUCT_NAME = "$(TARGET_NAME)";
				SKIP_INSTALL = YES;
			};
			name = Release;
		};
/* End XCBuildConfiguration section */

/* Begin XCConfigurationList section */
		8278274E1CF837D600684CE5 /* Build configuration list for PBXProject "ZOBA" */ = {
			isa = XCConfigurationList;
			buildConfigurations = (
				8278277C1CF837D600684CE5 /* Debug */,
				8278277D1CF837D600684CE5 /* Release */,
			);
			defaultConfigurationIsVisible = 0;
			defaultConfigurationName = Release;
		};
		8278277E1CF837D600684CE5 /* Build configuration list for PBXNativeTarget "ZOBA" */ = {
			isa = XCConfigurationList;
			buildConfigurations = (
				8278277F1CF837D600684CE5 /* Debug */,
				827827801CF837D600684CE5 /* Release */,
			);
			defaultConfigurationIsVisible = 0;
			defaultConfigurationName = Release;
		};
		827827811CF837D600684CE5 /* Build configuration list for PBXNativeTarget "ZOBATests" */ = {
			isa = XCConfigurationList;
			buildConfigurations = (
				827827821CF837D600684CE5 /* Debug */,
				827827831CF837D600684CE5 /* Release */,
			);
			defaultConfigurationIsVisible = 0;
			defaultConfigurationName = Release;
		};
		827827841CF837D600684CE5 /* Build configuration list for PBXNativeTarget "ZOBAUITests" */ = {
			isa = XCConfigurationList;
			buildConfigurations = (
				827827851CF837D600684CE5 /* Debug */,
				827827861CF837D600684CE5 /* Release */,
			);
			defaultConfigurationIsVisible = 0;
			defaultConfigurationName = Release;
		};
		82EF3BED1D056E3F00AC103C /* Build configuration list for PBXNativeTarget "ZOBA Quick Access" */ = {
			isa = XCConfigurationList;
			buildConfigurations = (
				82EF3BEB1D056E3F00AC103C /* Debug */,
				82EF3BEC1D056E3F00AC103C /* Release */,
			);
			defaultConfigurationIsVisible = 0;
			defaultConfigurationName = Release;
		};
/* End XCConfigurationList section */

/* Begin XCVersionGroup section */
		8278275D1CF837D600684CE5 /* ZOBA.xcdatamodeld */ = {
			isa = XCVersionGroup;
			children = (
				8278275E1CF837D600684CE5 /* ZOBA.xcdatamodel */,
			);
			currentVersion = 8278275E1CF837D600684CE5 /* ZOBA.xcdatamodel */;
			path = ZOBA.xcdatamodeld;
			sourceTree = "<group>";
			versionGroupType = wrapper.xcdatamodel;
		};
/* End XCVersionGroup section */
	};
	rootObject = 8278274B1CF837D600684CE5 /* Project object */;
}
